// !$*UTF8*$!
{
	archiveVersion = 1;
	classes = {
	};
	objectVersion = 56;
	objects = {

/* Begin PBXBuildFile section */
		93159C412B7C55C400851AA2 /* XCTestCase+MemoryLeakTracking.swift in Sources */ = {isa = PBXBuildFile; fileRef = 93159C402B7C55C400851AA2 /* XCTestCase+MemoryLeakTracking.swift */; };
		93159C432B7C67E300851AA2 /* URLSessionHTTPClient.swift in Sources */ = {isa = PBXBuildFile; fileRef = 93159C422B7C67E300851AA2 /* URLSessionHTTPClient.swift */; };
		93159C4C2B80F06200851AA2 /* EssentialFeedAPIEndToEndTests.swift in Sources */ = {isa = PBXBuildFile; fileRef = 93159C4B2B80F06200851AA2 /* EssentialFeedAPIEndToEndTests.swift */; };
		93159C4D2B80F06200851AA2 /* EssentialFeed.framework in Frameworks */ = {isa = PBXBuildFile; fileRef = 9359F64A2B6EEBE50019DE0B /* EssentialFeed.framework */; };
		93159C532B80FA3B00851AA2 /* XCTestCase+MemoryLeakTracking.swift in Sources */ = {isa = PBXBuildFile; fileRef = 93159C402B7C55C400851AA2 /* XCTestCase+MemoryLeakTracking.swift */; };
		9359F64F2B6EEBE50019DE0B /* EssentialFeed.docc in Sources */ = {isa = PBXBuildFile; fileRef = 9359F64E2B6EEBE50019DE0B /* EssentialFeed.docc */; };
		9359F6552B6EEBE60019DE0B /* EssentialFeed.framework in Frameworks */ = {isa = PBXBuildFile; fileRef = 9359F64A2B6EEBE50019DE0B /* EssentialFeed.framework */; };
		9359F65A2B6EEBE60019DE0B /* EssentialFeedTests.swift in Sources */ = {isa = PBXBuildFile; fileRef = 9359F6592B6EEBE60019DE0B /* EssentialFeedTests.swift */; };
		9359F6652B6EEBF80019DE0B /* FeedImage.swift in Sources */ = {isa = PBXBuildFile; fileRef = 9359F6642B6EEBF80019DE0B /* FeedImage.swift */; };
		9359F6672B6EEC7E0019DE0B /* FeedLoader.swift in Sources */ = {isa = PBXBuildFile; fileRef = 9359F6662B6EEC7E0019DE0B /* FeedLoader.swift */; };
		9359F66B2B6F0FB40019DE0B /* LoadFeedFromRemoteUseCaseTests.swift in Sources */ = {isa = PBXBuildFile; fileRef = 9359F66A2B6F0FB40019DE0B /* LoadFeedFromRemoteUseCaseTests.swift */; };
		9359F66E2B6FDE6F0019DE0B /* RemoteFeedLoader.swift in Sources */ = {isa = PBXBuildFile; fileRef = 9359F66D2B6FDE6F0019DE0B /* RemoteFeedLoader.swift */; };
		9359F6702B7821A50019DE0B /* HTTPClient.swift in Sources */ = {isa = PBXBuildFile; fileRef = 9359F66F2B7821A50019DE0B /* HTTPClient.swift */; };
		9359F6722B78221B0019DE0B /* FeedItemsMapper.swift in Sources */ = {isa = PBXBuildFile; fileRef = 9359F6712B78221B0019DE0B /* FeedItemsMapper.swift */; };
		9359F6752B7990320019DE0B /* URLSessionHTTPClientTests.swift in Sources */ = {isa = PBXBuildFile; fileRef = 9359F6742B7990320019DE0B /* URLSessionHTTPClientTests.swift */; };
		938F60D32B897F4B005471FF /* CacheFeedUseCaseTests.swift in Sources */ = {isa = PBXBuildFile; fileRef = 938F60D22B897F4B005471FF /* CacheFeedUseCaseTests.swift */; };
		938F60D62B8B8ADF005471FF /* LocalFeedLoader.swift in Sources */ = {isa = PBXBuildFile; fileRef = 938F60D52B8B8ADF005471FF /* LocalFeedLoader.swift */; };
		938F60D82B8B8B66005471FF /* FeedStore.swift in Sources */ = {isa = PBXBuildFile; fileRef = 938F60D72B8B8B66005471FF /* FeedStore.swift */; };
		938F60DA2B8B9EB7005471FF /* RemoteFeedItem.swift in Sources */ = {isa = PBXBuildFile; fileRef = 938F60D92B8B9EB7005471FF /* RemoteFeedItem.swift */; };
		938F60DC2B8B9EF7005471FF /* LocalFeedImage.swift in Sources */ = {isa = PBXBuildFile; fileRef = 938F60DB2B8B9EF6005471FF /* LocalFeedImage.swift */; };
		938F60DE2B8D6AC4005471FF /* LoadFeedFromCacheUseCaseTests.swift in Sources */ = {isa = PBXBuildFile; fileRef = 938F60DD2B8D6AC4005471FF /* LoadFeedFromCacheUseCaseTests.swift */; };
		938F60E12B8D6BA3005471FF /* FeedStoreSpy.swift in Sources */ = {isa = PBXBuildFile; fileRef = 938F60E02B8D6BA3005471FF /* FeedStoreSpy.swift */; };
		938F60E32B93CFFC005471FF /* ValidateFeedCacheUseCaseTests.swift in Sources */ = {isa = PBXBuildFile; fileRef = 938F60E22B93CFFC005471FF /* ValidateFeedCacheUseCaseTests.swift */; };
		938F60E52B93D324005471FF /* FeedCacheTestHelpers.swift in Sources */ = {isa = PBXBuildFile; fileRef = 938F60E42B93D324005471FF /* FeedCacheTestHelpers.swift */; };
		938F60E72B93D3C6005471FF /* SharedTestHelpers.swift in Sources */ = {isa = PBXBuildFile; fileRef = 938F60E62B93D3C6005471FF /* SharedTestHelpers.swift */; };
		938F60E92B93FE1E005471FF /* FeedCachePolicy.swift in Sources */ = {isa = PBXBuildFile; fileRef = 938F60E82B93FE1E005471FF /* FeedCachePolicy.swift */; };
		938F60EB2B94C964005471FF /* CodableFeedStoreTests.swift in Sources */ = {isa = PBXBuildFile; fileRef = 938F60EA2B94C964005471FF /* CodableFeedStoreTests.swift */; };
		938F60ED2B952F07005471FF /* CodableFeedStore.swift in Sources */ = {isa = PBXBuildFile; fileRef = 938F60EC2B952F07005471FF /* CodableFeedStore.swift */; };
		938F60EF2B9AA164005471FF /* FeedStoreSpecs.swift in Sources */ = {isa = PBXBuildFile; fileRef = 938F60EE2B9AA164005471FF /* FeedStoreSpecs.swift */; };
		938F60F12B9AA220005471FF /* XCTestCase+FeedStoreSpecs.swift in Sources */ = {isa = PBXBuildFile; fileRef = 938F60F02B9AA220005471FF /* XCTestCase+FeedStoreSpecs.swift */; };
		938F60F32B9AA737005471FF /* XCTestCase+FailableRetrieveFeedStoreSpecs.swift in Sources */ = {isa = PBXBuildFile; fileRef = 938F60F22B9AA737005471FF /* XCTestCase+FailableRetrieveFeedStoreSpecs.swift */; };
		938F60F52B9AA813005471FF /* XCTestCase+FailableInsertFeedStoreSpecs.swift in Sources */ = {isa = PBXBuildFile; fileRef = 938F60F42B9AA813005471FF /* XCTestCase+FailableInsertFeedStoreSpecs.swift */; };
		938F60F72B9AA8D5005471FF /* XCTestCase+FailableDeleteFeedStoreSpecs.swift in Sources */ = {isa = PBXBuildFile; fileRef = 938F60F62B9AA8D5005471FF /* XCTestCase+FailableDeleteFeedStoreSpecs.swift */; };
		938F60FA2B9AB1AA005471FF /* CoreDataFeedStoreTests.swift in Sources */ = {isa = PBXBuildFile; fileRef = 938F60F92B9AB1AA005471FF /* CoreDataFeedStoreTests.swift */; };
		938F60FC2B9AB3DA005471FF /* CoreDataFeedStore.swift in Sources */ = {isa = PBXBuildFile; fileRef = 938F60FB2B9AB3DA005471FF /* CoreDataFeedStore.swift */; };
		938F60FF2B9AB4AE005471FF /* FeedStore.xcdatamodeld in Sources */ = {isa = PBXBuildFile; fileRef = 938F60FD2B9AB4AE005471FF /* FeedStore.xcdatamodeld */; };
		938F61072BA50D86005471FF /* CoreDataHelpers.swift in Sources */ = {isa = PBXBuildFile; fileRef = 938F61062BA50D86005471FF /* CoreDataHelpers.swift */; };
		938F61092BA50E5F005471FF /* ManagedCache.swift in Sources */ = {isa = PBXBuildFile; fileRef = 938F61082BA50E5F005471FF /* ManagedCache.swift */; };
		938F610B2BA50E75005471FF /* ManagedFeedImage.swift in Sources */ = {isa = PBXBuildFile; fileRef = 938F610A2BA50E75005471FF /* ManagedFeedImage.swift */; };
/* End PBXBuildFile section */

/* Begin PBXContainerItemProxy section */
		93159C4E2B80F06200851AA2 /* PBXContainerItemProxy */ = {
			isa = PBXContainerItemProxy;
			containerPortal = 9359F6412B6EEBE50019DE0B /* Project object */;
			proxyType = 1;
			remoteGlobalIDString = 9359F6492B6EEBE50019DE0B;
			remoteInfo = EssentialFeed;
		};
		9359F6562B6EEBE60019DE0B /* PBXContainerItemProxy */ = {
			isa = PBXContainerItemProxy;
			containerPortal = 9359F6412B6EEBE50019DE0B /* Project object */;
			proxyType = 1;
			remoteGlobalIDString = 9359F6492B6EEBE50019DE0B;
			remoteInfo = EssentialFeed;
		};
/* End PBXContainerItemProxy section */

/* Begin PBXFileReference section */
		93159C402B7C55C400851AA2 /* XCTestCase+MemoryLeakTracking.swift */ = {isa = PBXFileReference; lastKnownFileType = sourcecode.swift; path = "XCTestCase+MemoryLeakTracking.swift"; sourceTree = "<group>"; };
		93159C422B7C67E300851AA2 /* URLSessionHTTPClient.swift */ = {isa = PBXFileReference; lastKnownFileType = sourcecode.swift; path = URLSessionHTTPClient.swift; sourceTree = "<group>"; };
		93159C442B8054B000851AA2 /* EssentialFeed.xctestplan */ = {isa = PBXFileReference; lastKnownFileType = text; path = EssentialFeed.xctestplan; sourceTree = "<group>"; };
		93159C492B80F06200851AA2 /* EssentialFeedAPIEndToEndTests.xctest */ = {isa = PBXFileReference; explicitFileType = wrapper.cfbundle; includeInIndex = 0; path = EssentialFeedAPIEndToEndTests.xctest; sourceTree = BUILT_PRODUCTS_DIR; };
		93159C4B2B80F06200851AA2 /* EssentialFeedAPIEndToEndTests.swift */ = {isa = PBXFileReference; lastKnownFileType = sourcecode.swift; path = EssentialFeedAPIEndToEndTests.swift; sourceTree = "<group>"; };
		93159C542B80FB3A00851AA2 /* CI.xctestplan */ = {isa = PBXFileReference; lastKnownFileType = text; path = CI.xctestplan; sourceTree = "<group>"; };
		9359F64A2B6EEBE50019DE0B /* EssentialFeed.framework */ = {isa = PBXFileReference; explicitFileType = wrapper.framework; includeInIndex = 0; path = EssentialFeed.framework; sourceTree = BUILT_PRODUCTS_DIR; };
		9359F64E2B6EEBE50019DE0B /* EssentialFeed.docc */ = {isa = PBXFileReference; lastKnownFileType = folder.documentationcatalog; path = EssentialFeed.docc; sourceTree = "<group>"; };
		9359F6542B6EEBE60019DE0B /* EssentialFeedTests.xctest */ = {isa = PBXFileReference; explicitFileType = wrapper.cfbundle; includeInIndex = 0; path = EssentialFeedTests.xctest; sourceTree = BUILT_PRODUCTS_DIR; };
		9359F6592B6EEBE60019DE0B /* EssentialFeedTests.swift */ = {isa = PBXFileReference; lastKnownFileType = sourcecode.swift; path = EssentialFeedTests.swift; sourceTree = "<group>"; };
		9359F6642B6EEBF80019DE0B /* FeedImage.swift */ = {isa = PBXFileReference; lastKnownFileType = sourcecode.swift; path = FeedImage.swift; sourceTree = "<group>"; };
		9359F6662B6EEC7E0019DE0B /* FeedLoader.swift */ = {isa = PBXFileReference; lastKnownFileType = sourcecode.swift; path = FeedLoader.swift; sourceTree = "<group>"; };
		9359F66A2B6F0FB40019DE0B /* LoadFeedFromRemoteUseCaseTests.swift */ = {isa = PBXFileReference; lastKnownFileType = sourcecode.swift; path = LoadFeedFromRemoteUseCaseTests.swift; sourceTree = "<group>"; };
		9359F66D2B6FDE6F0019DE0B /* RemoteFeedLoader.swift */ = {isa = PBXFileReference; lastKnownFileType = sourcecode.swift; path = RemoteFeedLoader.swift; sourceTree = "<group>"; };
		9359F66F2B7821A50019DE0B /* HTTPClient.swift */ = {isa = PBXFileReference; lastKnownFileType = sourcecode.swift; path = HTTPClient.swift; sourceTree = "<group>"; };
		9359F6712B78221B0019DE0B /* FeedItemsMapper.swift */ = {isa = PBXFileReference; lastKnownFileType = sourcecode.swift; path = FeedItemsMapper.swift; sourceTree = "<group>"; };
		9359F6742B7990320019DE0B /* URLSessionHTTPClientTests.swift */ = {isa = PBXFileReference; lastKnownFileType = sourcecode.swift; path = URLSessionHTTPClientTests.swift; sourceTree = "<group>"; };
		938F60D22B897F4B005471FF /* CacheFeedUseCaseTests.swift */ = {isa = PBXFileReference; lastKnownFileType = sourcecode.swift; path = CacheFeedUseCaseTests.swift; sourceTree = "<group>"; };
		938F60D52B8B8ADF005471FF /* LocalFeedLoader.swift */ = {isa = PBXFileReference; lastKnownFileType = sourcecode.swift; path = LocalFeedLoader.swift; sourceTree = "<group>"; };
		938F60D72B8B8B66005471FF /* FeedStore.swift */ = {isa = PBXFileReference; lastKnownFileType = sourcecode.swift; path = FeedStore.swift; sourceTree = "<group>"; };
		938F60D92B8B9EB7005471FF /* RemoteFeedItem.swift */ = {isa = PBXFileReference; lastKnownFileType = sourcecode.swift; path = RemoteFeedItem.swift; sourceTree = "<group>"; };
		938F60DB2B8B9EF6005471FF /* LocalFeedImage.swift */ = {isa = PBXFileReference; lastKnownFileType = sourcecode.swift; path = LocalFeedImage.swift; sourceTree = "<group>"; };
		938F60DD2B8D6AC4005471FF /* LoadFeedFromCacheUseCaseTests.swift */ = {isa = PBXFileReference; lastKnownFileType = sourcecode.swift; path = LoadFeedFromCacheUseCaseTests.swift; sourceTree = "<group>"; };
		938F60E02B8D6BA3005471FF /* FeedStoreSpy.swift */ = {isa = PBXFileReference; lastKnownFileType = sourcecode.swift; path = FeedStoreSpy.swift; sourceTree = "<group>"; };
		938F60E22B93CFFC005471FF /* ValidateFeedCacheUseCaseTests.swift */ = {isa = PBXFileReference; lastKnownFileType = sourcecode.swift; path = ValidateFeedCacheUseCaseTests.swift; sourceTree = "<group>"; };
		938F60E42B93D324005471FF /* FeedCacheTestHelpers.swift */ = {isa = PBXFileReference; lastKnownFileType = sourcecode.swift; path = FeedCacheTestHelpers.swift; sourceTree = "<group>"; };
		938F60E62B93D3C6005471FF /* SharedTestHelpers.swift */ = {isa = PBXFileReference; lastKnownFileType = sourcecode.swift; path = SharedTestHelpers.swift; sourceTree = "<group>"; };
		938F60E82B93FE1E005471FF /* FeedCachePolicy.swift */ = {isa = PBXFileReference; lastKnownFileType = sourcecode.swift; path = FeedCachePolicy.swift; sourceTree = "<group>"; };
		938F60EA2B94C964005471FF /* CodableFeedStoreTests.swift */ = {isa = PBXFileReference; lastKnownFileType = sourcecode.swift; path = CodableFeedStoreTests.swift; sourceTree = "<group>"; };
		938F60EC2B952F07005471FF /* CodableFeedStore.swift */ = {isa = PBXFileReference; lastKnownFileType = sourcecode.swift; path = CodableFeedStore.swift; sourceTree = "<group>"; };
		938F60EE2B9AA164005471FF /* FeedStoreSpecs.swift */ = {isa = PBXFileReference; lastKnownFileType = sourcecode.swift; path = FeedStoreSpecs.swift; sourceTree = "<group>"; };
		938F60F02B9AA220005471FF /* XCTestCase+FeedStoreSpecs.swift */ = {isa = PBXFileReference; lastKnownFileType = sourcecode.swift; path = "XCTestCase+FeedStoreSpecs.swift"; sourceTree = "<group>"; };
		938F60F22B9AA737005471FF /* XCTestCase+FailableRetrieveFeedStoreSpecs.swift */ = {isa = PBXFileReference; lastKnownFileType = sourcecode.swift; path = "XCTestCase+FailableRetrieveFeedStoreSpecs.swift"; sourceTree = "<group>"; };
		938F60F42B9AA813005471FF /* XCTestCase+FailableInsertFeedStoreSpecs.swift */ = {isa = PBXFileReference; lastKnownFileType = sourcecode.swift; path = "XCTestCase+FailableInsertFeedStoreSpecs.swift"; sourceTree = "<group>"; };
		938F60F62B9AA8D5005471FF /* XCTestCase+FailableDeleteFeedStoreSpecs.swift */ = {isa = PBXFileReference; lastKnownFileType = sourcecode.swift; path = "XCTestCase+FailableDeleteFeedStoreSpecs.swift"; sourceTree = "<group>"; };
		938F60F92B9AB1AA005471FF /* CoreDataFeedStoreTests.swift */ = {isa = PBXFileReference; lastKnownFileType = sourcecode.swift; path = CoreDataFeedStoreTests.swift; sourceTree = "<group>"; };
		938F60FB2B9AB3DA005471FF /* CoreDataFeedStore.swift */ = {isa = PBXFileReference; lastKnownFileType = sourcecode.swift; path = CoreDataFeedStore.swift; sourceTree = "<group>"; };
		938F60FE2B9AB4AE005471FF /* FeedStore.xcdatamodel */ = {isa = PBXFileReference; lastKnownFileType = wrapper.xcdatamodel; path = FeedStore.xcdatamodel; sourceTree = "<group>"; };
		938F61062BA50D86005471FF /* CoreDataHelpers.swift */ = {isa = PBXFileReference; lastKnownFileType = sourcecode.swift; path = CoreDataHelpers.swift; sourceTree = "<group>"; };
		938F61082BA50E5F005471FF /* ManagedCache.swift */ = {isa = PBXFileReference; lastKnownFileType = sourcecode.swift; path = ManagedCache.swift; sourceTree = "<group>"; };
		938F610A2BA50E75005471FF /* ManagedFeedImage.swift */ = {isa = PBXFileReference; lastKnownFileType = sourcecode.swift; path = ManagedFeedImage.swift; sourceTree = "<group>"; };
/* End PBXFileReference section */

/* Begin PBXFrameworksBuildPhase section */
		93159C462B80F06200851AA2 /* Frameworks */ = {
			isa = PBXFrameworksBuildPhase;
			buildActionMask = 2147483647;
			files = (
				93159C4D2B80F06200851AA2 /* EssentialFeed.framework in Frameworks */,
			);
			runOnlyForDeploymentPostprocessing = 0;
		};
		9359F6472B6EEBE50019DE0B /* Frameworks */ = {
			isa = PBXFrameworksBuildPhase;
			buildActionMask = 2147483647;
			files = (
			);
			runOnlyForDeploymentPostprocessing = 0;
		};
		9359F6512B6EEBE60019DE0B /* Frameworks */ = {
			isa = PBXFrameworksBuildPhase;
			buildActionMask = 2147483647;
			files = (
				9359F6552B6EEBE60019DE0B /* EssentialFeed.framework in Frameworks */,
			);
			runOnlyForDeploymentPostprocessing = 0;
		};
/* End PBXFrameworksBuildPhase section */

/* Begin PBXGroup section */
		93159C3F2B7C558000851AA2 /* Helpers */ = {
			isa = PBXGroup;
			children = (
				93159C402B7C55C400851AA2 /* XCTestCase+MemoryLeakTracking.swift */,
				938F60E62B93D3C6005471FF /* SharedTestHelpers.swift */,
			);
			path = Helpers;
			sourceTree = "<group>";
		};
		93159C4A2B80F06200851AA2 /* EssentialFeedAPIEndToEndTests */ = {
			isa = PBXGroup;
			children = (
				93159C4B2B80F06200851AA2 /* EssentialFeedAPIEndToEndTests.swift */,
			);
			path = EssentialFeedAPIEndToEndTests;
			sourceTree = "<group>";
		};
		9359F6402B6EEBE50019DE0B = {
			isa = PBXGroup;
			children = (
				93159C542B80FB3A00851AA2 /* CI.xctestplan */,
				93159C442B8054B000851AA2 /* EssentialFeed.xctestplan */,
				9359F64C2B6EEBE50019DE0B /* EssentialFeed */,
				9359F6582B6EEBE60019DE0B /* EssentialFeedTests */,
				93159C4A2B80F06200851AA2 /* EssentialFeedAPIEndToEndTests */,
				9359F64B2B6EEBE50019DE0B /* Products */,
			);
			sourceTree = "<group>";
		};
		9359F64B2B6EEBE50019DE0B /* Products */ = {
			isa = PBXGroup;
			children = (
				9359F64A2B6EEBE50019DE0B /* EssentialFeed.framework */,
				9359F6542B6EEBE60019DE0B /* EssentialFeedTests.xctest */,
				93159C492B80F06200851AA2 /* EssentialFeedAPIEndToEndTests.xctest */,
			);
			name = Products;
			sourceTree = "<group>";
		};
		9359F64C2B6EEBE50019DE0B /* EssentialFeed */ = {
			isa = PBXGroup;
			children = (
				938F60D42B8B8ABE005471FF /* FeedCache */,
				9359F6692B6EEEBE0019DE0B /* FeedFeature */,
				9359F66C2B6FDE530019DE0B /* Feed API */,
				9359F64E2B6EEBE50019DE0B /* EssentialFeed.docc */,
			);
			path = EssentialFeed;
			sourceTree = "<group>";
		};
		9359F6582B6EEBE60019DE0B /* EssentialFeedTests */ = {
			isa = PBXGroup;
			children = (
				93159C3F2B7C558000851AA2 /* Helpers */,
				938F60D12B897F21005471FF /* Feed Cache */,
				9359F6732B782B900019DE0B /* Feed API */,
				9359F6592B6EEBE60019DE0B /* EssentialFeedTests.swift */,
			);
			path = EssentialFeedTests;
			sourceTree = "<group>";
		};
		9359F6692B6EEEBE0019DE0B /* FeedFeature */ = {
			isa = PBXGroup;
			children = (
				9359F6642B6EEBF80019DE0B /* FeedImage.swift */,
				9359F6662B6EEC7E0019DE0B /* FeedLoader.swift */,
			);
			path = FeedFeature;
			sourceTree = "<group>";
		};
		9359F66C2B6FDE530019DE0B /* Feed API */ = {
			isa = PBXGroup;
			children = (
				9359F66D2B6FDE6F0019DE0B /* RemoteFeedLoader.swift */,
				9359F66F2B7821A50019DE0B /* HTTPClient.swift */,
				9359F6712B78221B0019DE0B /* FeedItemsMapper.swift */,
				93159C422B7C67E300851AA2 /* URLSessionHTTPClient.swift */,
				938F60D92B8B9EB7005471FF /* RemoteFeedItem.swift */,
			);
			path = "Feed API";
			sourceTree = "<group>";
		};
		9359F6732B782B900019DE0B /* Feed API */ = {
			isa = PBXGroup;
			children = (
				9359F66A2B6F0FB40019DE0B /* LoadFeedFromRemoteUseCaseTests.swift */,
				9359F6742B7990320019DE0B /* URLSessionHTTPClientTests.swift */,
			);
			path = "Feed API";
			sourceTree = "<group>";
		};
		938F60D12B897F21005471FF /* Feed Cache */ = {
			isa = PBXGroup;
			children = (
				938F60F82B9AA9B2005471FF /* FeedStoreSpecs */,
				938F60DF2B8D6B91005471FF /* Helpers */,
				938F60D22B897F4B005471FF /* CacheFeedUseCaseTests.swift */,
				938F60DD2B8D6AC4005471FF /* LoadFeedFromCacheUseCaseTests.swift */,
				938F60E22B93CFFC005471FF /* ValidateFeedCacheUseCaseTests.swift */,
				938F60EA2B94C964005471FF /* CodableFeedStoreTests.swift */,
				938F60F92B9AB1AA005471FF /* CoreDataFeedStoreTests.swift */,
			);
			path = "Feed Cache";
			sourceTree = "<group>";
		};
		938F60D42B8B8ABE005471FF /* FeedCache */ = {
			isa = PBXGroup;
			children = (
				938F61032BA50C75005471FF /* Infrastructure */,
				938F60D52B8B8ADF005471FF /* LocalFeedLoader.swift */,
				938F60D72B8B8B66005471FF /* FeedStore.swift */,
				938F60DB2B8B9EF6005471FF /* LocalFeedImage.swift */,
				938F60E82B93FE1E005471FF /* FeedCachePolicy.swift */,
			);
			path = FeedCache;
			sourceTree = "<group>";
		};
		938F60DF2B8D6B91005471FF /* Helpers */ = {
			isa = PBXGroup;
			children = (
				938F60E02B8D6BA3005471FF /* FeedStoreSpy.swift */,
				938F60E42B93D324005471FF /* FeedCacheTestHelpers.swift */,
			);
			path = Helpers;
			sourceTree = "<group>";
		};
		938F60F82B9AA9B2005471FF /* FeedStoreSpecs */ = {
			isa = PBXGroup;
			children = (
				938F60EE2B9AA164005471FF /* FeedStoreSpecs.swift */,
				938F60F02B9AA220005471FF /* XCTestCase+FeedStoreSpecs.swift */,
				938F60F22B9AA737005471FF /* XCTestCase+FailableRetrieveFeedStoreSpecs.swift */,
				938F60F42B9AA813005471FF /* XCTestCase+FailableInsertFeedStoreSpecs.swift */,
				938F60F62B9AA8D5005471FF /* XCTestCase+FailableDeleteFeedStoreSpecs.swift */,
			);
			path = FeedStoreSpecs;
			sourceTree = "<group>";
		};
		938F61032BA50C75005471FF /* Infrastructure */ = {
			isa = PBXGroup;
			children = (
				938F61052BA50CFD005471FF /* Codable */,
				938F61042BA50C98005471FF /* CoreData */,
			);
			path = Infrastructure;
			sourceTree = "<group>";
		};
		938F61042BA50C98005471FF /* CoreData */ = {
			isa = PBXGroup;
			children = (
				938F60FD2B9AB4AE005471FF /* FeedStore.xcdatamodeld */,
				938F60FB2B9AB3DA005471FF /* CoreDataFeedStore.swift */,
				938F61062BA50D86005471FF /* CoreDataHelpers.swift */,
				938F61082BA50E5F005471FF /* ManagedCache.swift */,
				938F610A2BA50E75005471FF /* ManagedFeedImage.swift */,
			);
			path = CoreData;
			sourceTree = "<group>";
		};
		938F61052BA50CFD005471FF /* Codable */ = {
			isa = PBXGroup;
			children = (
				938F60EC2B952F07005471FF /* CodableFeedStore.swift */,
			);
			path = Codable;
			sourceTree = "<group>";
		};
/* End PBXGroup section */

/* Begin PBXHeadersBuildPhase section */
		9359F6452B6EEBE50019DE0B /* Headers */ = {
			isa = PBXHeadersBuildPhase;
			buildActionMask = 2147483647;
			files = (
			);
			runOnlyForDeploymentPostprocessing = 0;
		};
/* End PBXHeadersBuildPhase section */

/* Begin PBXNativeTarget section */
		93159C482B80F06200851AA2 /* EssentialFeedAPIEndToEndTests */ = {
			isa = PBXNativeTarget;
			buildConfigurationList = 93159C502B80F06200851AA2 /* Build configuration list for PBXNativeTarget "EssentialFeedAPIEndToEndTests" */;
			buildPhases = (
				93159C452B80F06200851AA2 /* Sources */,
				93159C462B80F06200851AA2 /* Frameworks */,
				93159C472B80F06200851AA2 /* Resources */,
			);
			buildRules = (
			);
			dependencies = (
				93159C4F2B80F06200851AA2 /* PBXTargetDependency */,
			);
			name = EssentialFeedAPIEndToEndTests;
			productName = EssentialFeedAPIEndToEndTests;
			productReference = 93159C492B80F06200851AA2 /* EssentialFeedAPIEndToEndTests.xctest */;
			productType = "com.apple.product-type.bundle.unit-test";
		};
		9359F6492B6EEBE50019DE0B /* EssentialFeed */ = {
			isa = PBXNativeTarget;
			buildConfigurationList = 9359F65E2B6EEBE60019DE0B /* Build configuration list for PBXNativeTarget "EssentialFeed" */;
			buildPhases = (
				9359F6452B6EEBE50019DE0B /* Headers */,
				9359F6462B6EEBE50019DE0B /* Sources */,
				9359F6472B6EEBE50019DE0B /* Frameworks */,
				9359F6482B6EEBE50019DE0B /* Resources */,
			);
			buildRules = (
			);
			dependencies = (
			);
			name = EssentialFeed;
			productName = EssentialFeed;
			productReference = 9359F64A2B6EEBE50019DE0B /* EssentialFeed.framework */;
			productType = "com.apple.product-type.framework";
		};
		9359F6532B6EEBE60019DE0B /* EssentialFeedTests */ = {
			isa = PBXNativeTarget;
			buildConfigurationList = 9359F6612B6EEBE60019DE0B /* Build configuration list for PBXNativeTarget "EssentialFeedTests" */;
			buildPhases = (
				9359F6502B6EEBE60019DE0B /* Sources */,
				9359F6512B6EEBE60019DE0B /* Frameworks */,
				9359F6522B6EEBE60019DE0B /* Resources */,
			);
			buildRules = (
			);
			dependencies = (
				9359F6572B6EEBE60019DE0B /* PBXTargetDependency */,
			);
			name = EssentialFeedTests;
			productName = EssentialFeedTests;
			productReference = 9359F6542B6EEBE60019DE0B /* EssentialFeedTests.xctest */;
			productType = "com.apple.product-type.bundle.unit-test";
		};
/* End PBXNativeTarget section */

/* Begin PBXProject section */
		9359F6412B6EEBE50019DE0B /* Project object */ = {
			isa = PBXProject;
			attributes = {
				BuildIndependentTargetsInParallel = 1;
				LastSwiftUpdateCheck = 1520;
				LastUpgradeCheck = 1520;
				TargetAttributes = {
					93159C482B80F06200851AA2 = {
						CreatedOnToolsVersion = 15.2;
					};
					9359F6492B6EEBE50019DE0B = {
						CreatedOnToolsVersion = 15.1;
					};
					9359F6532B6EEBE60019DE0B = {
						CreatedOnToolsVersion = 15.1;
					};
				};
			};
			buildConfigurationList = 9359F6442B6EEBE50019DE0B /* Build configuration list for PBXProject "EssentialFeed" */;
			compatibilityVersion = "Xcode 14.0";
			developmentRegion = en;
			hasScannedForEncodings = 0;
			knownRegions = (
				en,
				Base,
			);
			mainGroup = 9359F6402B6EEBE50019DE0B;
			productRefGroup = 9359F64B2B6EEBE50019DE0B /* Products */;
			projectDirPath = "";
			projectRoot = "";
			targets = (
				9359F6492B6EEBE50019DE0B /* EssentialFeed */,
				9359F6532B6EEBE60019DE0B /* EssentialFeedTests */,
				93159C482B80F06200851AA2 /* EssentialFeedAPIEndToEndTests */,
			);
		};
/* End PBXProject section */

/* Begin PBXResourcesBuildPhase section */
		93159C472B80F06200851AA2 /* Resources */ = {
			isa = PBXResourcesBuildPhase;
			buildActionMask = 2147483647;
			files = (
			);
			runOnlyForDeploymentPostprocessing = 0;
		};
		9359F6482B6EEBE50019DE0B /* Resources */ = {
			isa = PBXResourcesBuildPhase;
			buildActionMask = 2147483647;
			files = (
			);
			runOnlyForDeploymentPostprocessing = 0;
		};
		9359F6522B6EEBE60019DE0B /* Resources */ = {
			isa = PBXResourcesBuildPhase;
			buildActionMask = 2147483647;
			files = (
			);
			runOnlyForDeploymentPostprocessing = 0;
		};
/* End PBXResourcesBuildPhase section */

/* Begin PBXSourcesBuildPhase section */
		93159C452B80F06200851AA2 /* Sources */ = {
			isa = PBXSourcesBuildPhase;
			buildActionMask = 2147483647;
			files = (
				93159C4C2B80F06200851AA2 /* EssentialFeedAPIEndToEndTests.swift in Sources */,
				93159C532B80FA3B00851AA2 /* XCTestCase+MemoryLeakTracking.swift in Sources */,
			);
			runOnlyForDeploymentPostprocessing = 0;
		};
		9359F6462B6EEBE50019DE0B /* Sources */ = {
			isa = PBXSourcesBuildPhase;
			buildActionMask = 2147483647;
			files = (
				938F60DC2B8B9EF7005471FF /* LocalFeedImage.swift in Sources */,
				938F60FF2B9AB4AE005471FF /* FeedStore.xcdatamodeld in Sources */,
				938F60D82B8B8B66005471FF /* FeedStore.swift in Sources */,
				93159C432B7C67E300851AA2 /* URLSessionHTTPClient.swift in Sources */,
				9359F66E2B6FDE6F0019DE0B /* RemoteFeedLoader.swift in Sources */,
				9359F6702B7821A50019DE0B /* HTTPClient.swift in Sources */,
				938F61072BA50D86005471FF /* CoreDataHelpers.swift in Sources */,
				9359F6672B6EEC7E0019DE0B /* FeedLoader.swift in Sources */,
				938F60FC2B9AB3DA005471FF /* CoreDataFeedStore.swift in Sources */,
				938F61092BA50E5F005471FF /* ManagedCache.swift in Sources */,
				9359F6722B78221B0019DE0B /* FeedItemsMapper.swift in Sources */,
				938F60DA2B8B9EB7005471FF /* RemoteFeedItem.swift in Sources */,
				938F60ED2B952F07005471FF /* CodableFeedStore.swift in Sources */,
				938F60E92B93FE1E005471FF /* FeedCachePolicy.swift in Sources */,
				9359F6652B6EEBF80019DE0B /* FeedImage.swift in Sources */,
				938F610B2BA50E75005471FF /* ManagedFeedImage.swift in Sources */,
				938F60D62B8B8ADF005471FF /* LocalFeedLoader.swift in Sources */,
				9359F64F2B6EEBE50019DE0B /* EssentialFeed.docc in Sources */,
			);
			runOnlyForDeploymentPostprocessing = 0;
		};
		9359F6502B6EEBE60019DE0B /* Sources */ = {
			isa = PBXSourcesBuildPhase;
			buildActionMask = 2147483647;
			files = (
				938F60F12B9AA220005471FF /* XCTestCase+FeedStoreSpecs.swift in Sources */,
				938F60EB2B94C964005471FF /* CodableFeedStoreTests.swift in Sources */,
				9359F66B2B6F0FB40019DE0B /* LoadFeedFromRemoteUseCaseTests.swift in Sources */,
				938F60FA2B9AB1AA005471FF /* CoreDataFeedStoreTests.swift in Sources */,
				938F60F32B9AA737005471FF /* XCTestCase+FailableRetrieveFeedStoreSpecs.swift in Sources */,
				93159C412B7C55C400851AA2 /* XCTestCase+MemoryLeakTracking.swift in Sources */,
				938F60E72B93D3C6005471FF /* SharedTestHelpers.swift in Sources */,
				9359F6752B7990320019DE0B /* URLSessionHTTPClientTests.swift in Sources */,
				938F60D32B897F4B005471FF /* CacheFeedUseCaseTests.swift in Sources */,
				938F60E52B93D324005471FF /* FeedCacheTestHelpers.swift in Sources */,
				938F60E32B93CFFC005471FF /* ValidateFeedCacheUseCaseTests.swift in Sources */,
				938F60E12B8D6BA3005471FF /* FeedStoreSpy.swift in Sources */,
				938F60DE2B8D6AC4005471FF /* LoadFeedFromCacheUseCaseTests.swift in Sources */,
				938F60F72B9AA8D5005471FF /* XCTestCase+FailableDeleteFeedStoreSpecs.swift in Sources */,
				938F60EF2B9AA164005471FF /* FeedStoreSpecs.swift in Sources */,
				9359F65A2B6EEBE60019DE0B /* EssentialFeedTests.swift in Sources */,
				938F60F52B9AA813005471FF /* XCTestCase+FailableInsertFeedStoreSpecs.swift in Sources */,
			);
			runOnlyForDeploymentPostprocessing = 0;
		};
/* End PBXSourcesBuildPhase section */

/* Begin PBXTargetDependency section */
		93159C4F2B80F06200851AA2 /* PBXTargetDependency */ = {
			isa = PBXTargetDependency;
			target = 9359F6492B6EEBE50019DE0B /* EssentialFeed */;
			targetProxy = 93159C4E2B80F06200851AA2 /* PBXContainerItemProxy */;
		};
		9359F6572B6EEBE60019DE0B /* PBXTargetDependency */ = {
			isa = PBXTargetDependency;
			target = 9359F6492B6EEBE50019DE0B /* EssentialFeed */;
			targetProxy = 9359F6562B6EEBE60019DE0B /* PBXContainerItemProxy */;
		};
/* End PBXTargetDependency section */

/* Begin XCBuildConfiguration section */
		93159C512B80F06200851AA2 /* Debug */ = {
			isa = XCBuildConfiguration;
			buildSettings = {
				CODE_SIGN_STYLE = Automatic;
				CURRENT_PROJECT_VERSION = 1;
				DEAD_CODE_STRIPPING = YES;
				DEVELOPMENT_TEAM = PV8C8697QD;
				GENERATE_INFOPLIST_FILE = YES;
				MACOSX_DEPLOYMENT_TARGET = 13.0;
				MARKETING_VERSION = 1.0;
				PRODUCT_BUNDLE_IDENTIFIER = com.iosjess.EssentialFeedAPIEndToEndTests;
				PRODUCT_NAME = "$(TARGET_NAME)";
				SWIFT_EMIT_LOC_STRINGS = NO;
				SWIFT_VERSION = 5.0;
			};
			name = Debug;
		};
		93159C522B80F06200851AA2 /* Release */ = {
			isa = XCBuildConfiguration;
			buildSettings = {
				CODE_SIGN_STYLE = Automatic;
				CURRENT_PROJECT_VERSION = 1;
				DEAD_CODE_STRIPPING = YES;
				DEVELOPMENT_TEAM = PV8C8697QD;
				GENERATE_INFOPLIST_FILE = YES;
				MACOSX_DEPLOYMENT_TARGET = 13.0;
				MARKETING_VERSION = 1.0;
				PRODUCT_BUNDLE_IDENTIFIER = com.iosjess.EssentialFeedAPIEndToEndTests;
				PRODUCT_NAME = "$(TARGET_NAME)";
				SWIFT_EMIT_LOC_STRINGS = NO;
				SWIFT_VERSION = 5.0;
			};
			name = Release;
		};
		9359F65C2B6EEBE60019DE0B /* Debug */ = {
			isa = XCBuildConfiguration;
			buildSettings = {
				ALWAYS_SEARCH_USER_PATHS = NO;
				ASSETCATALOG_COMPILER_GENERATE_SWIFT_ASSET_SYMBOL_EXTENSIONS = YES;
				CLANG_ANALYZER_NONNULL = YES;
				CLANG_ANALYZER_NUMBER_OBJECT_CONVERSION = YES_AGGRESSIVE;
				CLANG_CXX_LANGUAGE_STANDARD = "gnu++20";
				CLANG_ENABLE_MODULES = YES;
				CLANG_ENABLE_OBJC_ARC = YES;
				CLANG_ENABLE_OBJC_WEAK = YES;
				CLANG_WARN_BLOCK_CAPTURE_AUTORELEASING = YES;
				CLANG_WARN_BOOL_CONVERSION = YES;
				CLANG_WARN_COMMA = YES;
				CLANG_WARN_CONSTANT_CONVERSION = YES;
				CLANG_WARN_DEPRECATED_OBJC_IMPLEMENTATIONS = YES;
				CLANG_WARN_DIRECT_OBJC_ISA_USAGE = YES_ERROR;
				CLANG_WARN_DOCUMENTATION_COMMENTS = YES;
				CLANG_WARN_EMPTY_BODY = YES;
				CLANG_WARN_ENUM_CONVERSION = YES;
				CLANG_WARN_INFINITE_RECURSION = YES;
				CLANG_WARN_INT_CONVERSION = YES;
				CLANG_WARN_NON_LITERAL_NULL_CONVERSION = YES;
				CLANG_WARN_OBJC_IMPLICIT_RETAIN_SELF = YES;
				CLANG_WARN_OBJC_LITERAL_CONVERSION = YES;
				CLANG_WARN_OBJC_ROOT_CLASS = YES_ERROR;
				CLANG_WARN_QUOTED_INCLUDE_IN_FRAMEWORK_HEADER = YES;
				CLANG_WARN_RANGE_LOOP_ANALYSIS = YES;
				CLANG_WARN_STRICT_PROTOTYPES = YES;
				CLANG_WARN_SUSPICIOUS_MOVE = YES;
				CLANG_WARN_UNGUARDED_AVAILABILITY = YES_AGGRESSIVE;
				CLANG_WARN_UNREACHABLE_CODE = YES;
				CLANG_WARN__DUPLICATE_METHOD_MATCH = YES;
				COPY_PHASE_STRIP = NO;
				CURRENT_PROJECT_VERSION = 1;
				DEAD_CODE_STRIPPING = YES;
				DEBUG_INFORMATION_FORMAT = dwarf;
				ENABLE_STRICT_OBJC_MSGSEND = YES;
				ENABLE_TESTABILITY = YES;
				ENABLE_USER_SCRIPT_SANDBOXING = YES;
				GCC_C_LANGUAGE_STANDARD = gnu17;
				GCC_DYNAMIC_NO_PIC = NO;
				GCC_NO_COMMON_BLOCKS = YES;
				GCC_OPTIMIZATION_LEVEL = 0;
				GCC_PREPROCESSOR_DEFINITIONS = (
					"DEBUG=1",
					"$(inherited)",
				);
				GCC_WARN_64_TO_32_BIT_CONVERSION = YES;
				GCC_WARN_ABOUT_RETURN_TYPE = YES_ERROR;
				GCC_WARN_UNDECLARED_SELECTOR = YES;
				GCC_WARN_UNINITIALIZED_AUTOS = YES_AGGRESSIVE;
				GCC_WARN_UNUSED_FUNCTION = YES;
				GCC_WARN_UNUSED_VARIABLE = YES;
				LOCALIZATION_PREFERS_STRING_CATALOGS = YES;
				MACOSX_DEPLOYMENT_TARGET = 14.2;
				MTL_ENABLE_DEBUG_INFO = INCLUDE_SOURCE;
				MTL_FAST_MATH = YES;
				ONLY_ACTIVE_ARCH = YES;
				SDKROOT = macosx;
				SWIFT_ACTIVE_COMPILATION_CONDITIONS = "DEBUG $(inherited)";
				SWIFT_OPTIMIZATION_LEVEL = "-Onone";
				VERSIONING_SYSTEM = "apple-generic";
				VERSION_INFO_PREFIX = "";
			};
			name = Debug;
		};
		9359F65D2B6EEBE60019DE0B /* Release */ = {
			isa = XCBuildConfiguration;
			buildSettings = {
				ALWAYS_SEARCH_USER_PATHS = NO;
				ASSETCATALOG_COMPILER_GENERATE_SWIFT_ASSET_SYMBOL_EXTENSIONS = YES;
				CLANG_ANALYZER_NONNULL = YES;
				CLANG_ANALYZER_NUMBER_OBJECT_CONVERSION = YES_AGGRESSIVE;
				CLANG_CXX_LANGUAGE_STANDARD = "gnu++20";
				CLANG_ENABLE_MODULES = YES;
				CLANG_ENABLE_OBJC_ARC = YES;
				CLANG_ENABLE_OBJC_WEAK = YES;
				CLANG_WARN_BLOCK_CAPTURE_AUTORELEASING = YES;
				CLANG_WARN_BOOL_CONVERSION = YES;
				CLANG_WARN_COMMA = YES;
				CLANG_WARN_CONSTANT_CONVERSION = YES;
				CLANG_WARN_DEPRECATED_OBJC_IMPLEMENTATIONS = YES;
				CLANG_WARN_DIRECT_OBJC_ISA_USAGE = YES_ERROR;
				CLANG_WARN_DOCUMENTATION_COMMENTS = YES;
				CLANG_WARN_EMPTY_BODY = YES;
				CLANG_WARN_ENUM_CONVERSION = YES;
				CLANG_WARN_INFINITE_RECURSION = YES;
				CLANG_WARN_INT_CONVERSION = YES;
				CLANG_WARN_NON_LITERAL_NULL_CONVERSION = YES;
				CLANG_WARN_OBJC_IMPLICIT_RETAIN_SELF = YES;
				CLANG_WARN_OBJC_LITERAL_CONVERSION = YES;
				CLANG_WARN_OBJC_ROOT_CLASS = YES_ERROR;
				CLANG_WARN_QUOTED_INCLUDE_IN_FRAMEWORK_HEADER = YES;
				CLANG_WARN_RANGE_LOOP_ANALYSIS = YES;
				CLANG_WARN_STRICT_PROTOTYPES = YES;
				CLANG_WARN_SUSPICIOUS_MOVE = YES;
				CLANG_WARN_UNGUARDED_AVAILABILITY = YES_AGGRESSIVE;
				CLANG_WARN_UNREACHABLE_CODE = YES;
				CLANG_WARN__DUPLICATE_METHOD_MATCH = YES;
				COPY_PHASE_STRIP = NO;
				CURRENT_PROJECT_VERSION = 1;
				DEAD_CODE_STRIPPING = YES;
				DEBUG_INFORMATION_FORMAT = "dwarf-with-dsym";
				ENABLE_NS_ASSERTIONS = NO;
				ENABLE_STRICT_OBJC_MSGSEND = YES;
				ENABLE_USER_SCRIPT_SANDBOXING = YES;
				GCC_C_LANGUAGE_STANDARD = gnu17;
				GCC_NO_COMMON_BLOCKS = YES;
				GCC_WARN_64_TO_32_BIT_CONVERSION = YES;
				GCC_WARN_ABOUT_RETURN_TYPE = YES_ERROR;
				GCC_WARN_UNDECLARED_SELECTOR = YES;
				GCC_WARN_UNINITIALIZED_AUTOS = YES_AGGRESSIVE;
				GCC_WARN_UNUSED_FUNCTION = YES;
				GCC_WARN_UNUSED_VARIABLE = YES;
				LOCALIZATION_PREFERS_STRING_CATALOGS = YES;
				MACOSX_DEPLOYMENT_TARGET = 14.2;
				MTL_ENABLE_DEBUG_INFO = NO;
				MTL_FAST_MATH = YES;
				SDKROOT = macosx;
				SWIFT_COMPILATION_MODE = wholemodule;
				VERSIONING_SYSTEM = "apple-generic";
				VERSION_INFO_PREFIX = "";
			};
			name = Release;
		};
		9359F65F2B6EEBE60019DE0B /* Debug */ = {
			isa = XCBuildConfiguration;
			buildSettings = {
				CODE_SIGN_IDENTITY = "";
				CODE_SIGN_STYLE = Automatic;
				COMBINE_HIDPI_IMAGES = YES;
				CURRENT_PROJECT_VERSION = 1;
				DEAD_CODE_STRIPPING = YES;
				DEFINES_MODULE = YES;
				DEVELOPMENT_TEAM = PV8C8697QD;
				DYLIB_COMPATIBILITY_VERSION = 1;
				DYLIB_CURRENT_VERSION = 1;
				DYLIB_INSTALL_NAME_BASE = "@rpath";
				ENABLE_MODULE_VERIFIER = YES;
				GENERATE_INFOPLIST_FILE = YES;
				INFOPLIST_KEY_NSHumanReadableCopyright = "";
				INSTALL_PATH = "$(LOCAL_LIBRARY_DIR)/Frameworks";
				LD_RUNPATH_SEARCH_PATHS = (
					"$(inherited)",
					"@executable_path/../Frameworks",
					"@loader_path/Frameworks",
				);
				MACOSX_DEPLOYMENT_TARGET = 13.0;
				MARKETING_VERSION = 1.0;
				MODULE_VERIFIER_SUPPORTED_LANGUAGES = "objective-c objective-c++";
				MODULE_VERIFIER_SUPPORTED_LANGUAGE_STANDARDS = "gnu17 gnu++20";
				PRODUCT_BUNDLE_IDENTIFIER = com.iosjess.EssentialFeed;
				PRODUCT_NAME = "$(TARGET_NAME:c99extidentifier)";
				SKIP_INSTALL = YES;
				SWIFT_EMIT_LOC_STRINGS = YES;
				SWIFT_VERSION = 5.0;
			};
			name = Debug;
		};
		9359F6602B6EEBE60019DE0B /* Release */ = {
			isa = XCBuildConfiguration;
			buildSettings = {
				CODE_SIGN_IDENTITY = "";
				CODE_SIGN_STYLE = Automatic;
				COMBINE_HIDPI_IMAGES = YES;
				CURRENT_PROJECT_VERSION = 1;
				DEAD_CODE_STRIPPING = YES;
				DEFINES_MODULE = YES;
				DEVELOPMENT_TEAM = PV8C8697QD;
				DYLIB_COMPATIBILITY_VERSION = 1;
				DYLIB_CURRENT_VERSION = 1;
				DYLIB_INSTALL_NAME_BASE = "@rpath";
				ENABLE_MODULE_VERIFIER = YES;
				GENERATE_INFOPLIST_FILE = YES;
				INFOPLIST_KEY_NSHumanReadableCopyright = "";
				INSTALL_PATH = "$(LOCAL_LIBRARY_DIR)/Frameworks";
				LD_RUNPATH_SEARCH_PATHS = (
					"$(inherited)",
					"@executable_path/../Frameworks",
					"@loader_path/Frameworks",
				);
				MACOSX_DEPLOYMENT_TARGET = 13.0;
				MARKETING_VERSION = 1.0;
				MODULE_VERIFIER_SUPPORTED_LANGUAGES = "objective-c objective-c++";
				MODULE_VERIFIER_SUPPORTED_LANGUAGE_STANDARDS = "gnu17 gnu++20";
				PRODUCT_BUNDLE_IDENTIFIER = com.iosjess.EssentialFeed;
				PRODUCT_NAME = "$(TARGET_NAME:c99extidentifier)";
				SKIP_INSTALL = YES;
				SWIFT_EMIT_LOC_STRINGS = YES;
				SWIFT_VERSION = 5.0;
			};
			name = Release;
		};
		9359F6622B6EEBE60019DE0B /* Debug */ = {
			isa = XCBuildConfiguration;
			buildSettings = {
				ALWAYS_EMBED_SWIFT_STANDARD_LIBRARIES = YES;
				CODE_SIGN_STYLE = Automatic;
				CURRENT_PROJECT_VERSION = 1;
				DEAD_CODE_STRIPPING = YES;
				DEVELOPMENT_TEAM = PV8C8697QD;
				GENERATE_INFOPLIST_FILE = YES;
				MACOSX_DEPLOYMENT_TARGET = 13.0;
				MARKETING_VERSION = 1.0;
				PRODUCT_BUNDLE_IDENTIFIER = com.iosjess.EssentialFeedTests;
				PRODUCT_NAME = "$(TARGET_NAME)";
				SWIFT_EMIT_LOC_STRINGS = NO;
				SWIFT_VERSION = 5.0;
			};
			name = Debug;
		};
		9359F6632B6EEBE60019DE0B /* Release */ = {
			isa = XCBuildConfiguration;
			buildSettings = {
				ALWAYS_EMBED_SWIFT_STANDARD_LIBRARIES = YES;
				CODE_SIGN_STYLE = Automatic;
				CURRENT_PROJECT_VERSION = 1;
				DEAD_CODE_STRIPPING = YES;
				DEVELOPMENT_TEAM = PV8C8697QD;
				GENERATE_INFOPLIST_FILE = YES;
				MACOSX_DEPLOYMENT_TARGET = 13.0;
				MARKETING_VERSION = 1.0;
				PRODUCT_BUNDLE_IDENTIFIER = com.iosjess.EssentialFeedTests;
				PRODUCT_NAME = "$(TARGET_NAME)";
				SWIFT_EMIT_LOC_STRINGS = NO;
				SWIFT_VERSION = 5.0;
			};
			name = Release;
		};
/* End XCBuildConfiguration section */

/* Begin XCConfigurationList section */
		93159C502B80F06200851AA2 /* Build configuration list for PBXNativeTarget "EssentialFeedAPIEndToEndTests" */ = {
			isa = XCConfigurationList;
			buildConfigurations = (
				93159C512B80F06200851AA2 /* Debug */,
				93159C522B80F06200851AA2 /* Release */,
			);
			defaultConfigurationIsVisible = 0;
			defaultConfigurationName = Release;
		};
		9359F6442B6EEBE50019DE0B /* Build configuration list for PBXProject "EssentialFeed" */ = {
			isa = XCConfigurationList;
			buildConfigurations = (
				9359F65C2B6EEBE60019DE0B /* Debug */,
				9359F65D2B6EEBE60019DE0B /* Release */,
			);
			defaultConfigurationIsVisible = 0;
			defaultConfigurationName = Release;
		};
		9359F65E2B6EEBE60019DE0B /* Build configuration list for PBXNativeTarget "EssentialFeed" */ = {
			isa = XCConfigurationList;
			buildConfigurations = (
				9359F65F2B6EEBE60019DE0B /* Debug */,
				9359F6602B6EEBE60019DE0B /* Release */,
			);
			defaultConfigurationIsVisible = 0;
			defaultConfigurationName = Release;
		};
		9359F6612B6EEBE60019DE0B /* Build configuration list for PBXNativeTarget "EssentialFeedTests" */ = {
			isa = XCConfigurationList;
			buildConfigurations = (
				9359F6622B6EEBE60019DE0B /* Debug */,
				9359F6632B6EEBE60019DE0B /* Release */,
			);
			defaultConfigurationIsVisible = 0;
			defaultConfigurationName = Release;
		};
/* End XCConfigurationList section */

/* Begin XCVersionGroup section */
		938F60FD2B9AB4AE005471FF /* FeedStore.xcdatamodeld */ = {
			isa = XCVersionGroup;
			children = (
				938F60FE2B9AB4AE005471FF /* FeedStore.xcdatamodel */,
			);
			currentVersion = 938F60FE2B9AB4AE005471FF /* FeedStore.xcdatamodel */;
			path = FeedStore.xcdatamodeld;
			sourceTree = "<group>";
			versionGroupType = wrapper.xcdatamodel;
		};
/* End XCVersionGroup section */
	};
	rootObject = 9359F6412B6EEBE50019DE0B /* Project object */;
}
