// !$*UTF8*$!
{
	archiveVersion = 1;
	classes = {
	};
	objectVersion = 56;
	objects = {

/* Begin PBXBuildFile section */
		9313B8CC2BECF148000A204F /* HTTPClientSpy.swift in Sources */ = {isa = PBXBuildFile; fileRef = 9313B8CB2BECF148000A204F /* HTTPClientSpy.swift */; };
		9313B8CE2BECF1FC000A204F /* RemoteFeedImageDataLoader.swift in Sources */ = {isa = PBXBuildFile; fileRef = 9313B8CD2BECF1FC000A204F /* RemoteFeedImageDataLoader.swift */; };
		9313B8D32BECFA60000A204F /* HTTPURLResponse+StatusCode.swift in Sources */ = {isa = PBXBuildFile; fileRef = 9313B8D02BECF986000A204F /* HTTPURLResponse+StatusCode.swift */; };
		9313B8D52BECFAE4000A204F /* URLProtocolStub.swift in Sources */ = {isa = PBXBuildFile; fileRef = 9313B8D42BECFAE4000A204F /* URLProtocolStub.swift */; };
		9313B8D72BED9F1F000A204F /* LoadFeedImageDataFromCacheUseCaseTests.swift in Sources */ = {isa = PBXBuildFile; fileRef = 9313B8D62BED9F1F000A204F /* LoadFeedImageDataFromCacheUseCaseTests.swift */; };
		93159C412B7C55C400851AA2 /* XCTestCase+MemoryLeakTracking.swift in Sources */ = {isa = PBXBuildFile; fileRef = 93159C402B7C55C400851AA2 /* XCTestCase+MemoryLeakTracking.swift */; };
		93159C432B7C67E300851AA2 /* URLSessionHTTPClient.swift in Sources */ = {isa = PBXBuildFile; fileRef = 93159C422B7C67E300851AA2 /* URLSessionHTTPClient.swift */; };
		93159C4C2B80F06200851AA2 /* EssentialFeedAPIEndToEndTests.swift in Sources */ = {isa = PBXBuildFile; fileRef = 93159C4B2B80F06200851AA2 /* EssentialFeedAPIEndToEndTests.swift */; };
		93159C4D2B80F06200851AA2 /* EssentialFeed.framework in Frameworks */ = {isa = PBXBuildFile; fileRef = 9359F64A2B6EEBE50019DE0B /* EssentialFeed.framework */; };
		93159C532B80FA3B00851AA2 /* XCTestCase+MemoryLeakTracking.swift in Sources */ = {isa = PBXBuildFile; fileRef = 93159C402B7C55C400851AA2 /* XCTestCase+MemoryLeakTracking.swift */; };
		9320EA042BD925330054F181 /* Feed.storyboard in Resources */ = {isa = PBXBuildFile; fileRef = 9320EA032BD925330054F181 /* Feed.storyboard */; };
		9320EA062BD925C00054F181 /* Feed.xcassets in Resources */ = {isa = PBXBuildFile; fileRef = 9320EA052BD925C00054F181 /* Feed.xcassets */; };
		9320EA082BDB10220054F181 /* UITableView+Dequeueing.swift in Sources */ = {isa = PBXBuildFile; fileRef = 9320EA072BDB10220054F181 /* UITableView+Dequeueing.swift */; };
		9320EA0A2BDB11B40054F181 /* UIImageView+Animations.swift in Sources */ = {isa = PBXBuildFile; fileRef = 9320EA092BDB11B40054F181 /* UIImageView+Animations.swift */; };
		9320EA0E2BDB333E0054F181 /* FeedUIIntegrationTests+Localization.swift in Sources */ = {isa = PBXBuildFile; fileRef = 9320EA0D2BDB333E0054F181 /* FeedUIIntegrationTests+Localization.swift */; };
		9320EA1A2BDD7D310054F181 /* MainQueueDispatchDecorator.swift in Sources */ = {isa = PBXBuildFile; fileRef = 9320EA192BDD7D310054F181 /* MainQueueDispatchDecorator.swift */; };
		9320EA1C2BDD7DB70054F181 /* WeakRefVirtualProxy.swift in Sources */ = {isa = PBXBuildFile; fileRef = 9320EA1B2BDD7DB70054F181 /* WeakRefVirtualProxy.swift */; };
		9320EA1E2BDD7E370054F181 /* FeedImageDataLoaderPresentationAdapter.swift in Sources */ = {isa = PBXBuildFile; fileRef = 9320EA1D2BDD7E370054F181 /* FeedImageDataLoaderPresentationAdapter.swift */; };
		9320EA202BDD7E890054F181 /* FeedLoaderPresenterAdapter.swift in Sources */ = {isa = PBXBuildFile; fileRef = 9320EA1F2BDD7E890054F181 /* FeedLoaderPresenterAdapter.swift */; };
		9320EA222BDD7EDE0054F181 /* FeedViewAdapter.swift in Sources */ = {isa = PBXBuildFile; fileRef = 9320EA212BDD7EDE0054F181 /* FeedViewAdapter.swift */; };
		9339C6402BF0F8A4003E3DCB /* FeedImageDataStore.swift in Sources */ = {isa = PBXBuildFile; fileRef = 9339C63F2BF0F8A4003E3DCB /* FeedImageDataStore.swift */; };
		9339C6422BF0F8D2003E3DCB /* LocalFeedImageDataLoader.swift in Sources */ = {isa = PBXBuildFile; fileRef = 9339C6412BF0F8D2003E3DCB /* LocalFeedImageDataLoader.swift */; };
		9339C6442BF102D2003E3DCB /* FeedImageDataStoreSpy.swift in Sources */ = {isa = PBXBuildFile; fileRef = 9339C6432BF102D2003E3DCB /* FeedImageDataStoreSpy.swift */; };
		9339C6462BF1039E003E3DCB /* CacheFeedImageDataUseCaseTests.swift in Sources */ = {isa = PBXBuildFile; fileRef = 9339C6452BF1039E003E3DCB /* CacheFeedImageDataUseCaseTests.swift */; };
		9339C6482BF109C2003E3DCB /* CoreDataFeedImageDataStoreTests.swift in Sources */ = {isa = PBXBuildFile; fileRef = 9339C6472BF109C2003E3DCB /* CoreDataFeedImageDataStoreTests.swift */; };
		9357E1352BAF5EF2007F974C /* EssentialFeediOS.framework in Frameworks */ = {isa = PBXBuildFile; fileRef = 9357E12D2BAF5EF0007F974C /* EssentialFeediOS.framework */; };
		9357E1442BB07BD6007F974C /* FeedUIIntegrationTests.swift in Sources */ = {isa = PBXBuildFile; fileRef = 9357E1432BB07BD6007F974C /* FeedUIIntegrationTests.swift */; };
		9357E1462BB0B19E007F974C /* EssentialFeed.framework in Frameworks */ = {isa = PBXBuildFile; fileRef = 9359F64A2B6EEBE50019DE0B /* EssentialFeed.framework */; platformFilter = ios; };
		9357E1472BB0B19E007F974C /* EssentialFeed.framework in Embed Frameworks */ = {isa = PBXBuildFile; fileRef = 9359F64A2B6EEBE50019DE0B /* EssentialFeed.framework */; platformFilter = ios; settings = {ATTRIBUTES = (CodeSignOnCopy, RemoveHeadersOnCopy, ); }; };
		9359F64F2B6EEBE50019DE0B /* EssentialFeed.docc in Sources */ = {isa = PBXBuildFile; fileRef = 9359F64E2B6EEBE50019DE0B /* EssentialFeed.docc */; };
		9359F6552B6EEBE60019DE0B /* EssentialFeed.framework in Frameworks */ = {isa = PBXBuildFile; fileRef = 9359F64A2B6EEBE50019DE0B /* EssentialFeed.framework */; };
		9359F6652B6EEBF80019DE0B /* FeedImage.swift in Sources */ = {isa = PBXBuildFile; fileRef = 9359F6642B6EEBF80019DE0B /* FeedImage.swift */; };
		9359F6672B6EEC7E0019DE0B /* FeedLoader.swift in Sources */ = {isa = PBXBuildFile; fileRef = 9359F6662B6EEC7E0019DE0B /* FeedLoader.swift */; };
		9359F66B2B6F0FB40019DE0B /* LoadFeedFromRemoteUseCaseTests.swift in Sources */ = {isa = PBXBuildFile; fileRef = 9359F66A2B6F0FB40019DE0B /* LoadFeedFromRemoteUseCaseTests.swift */; };
		9359F66E2B6FDE6F0019DE0B /* RemoteFeedLoader.swift in Sources */ = {isa = PBXBuildFile; fileRef = 9359F66D2B6FDE6F0019DE0B /* RemoteFeedLoader.swift */; };
		9359F6702B7821A50019DE0B /* HTTPClient.swift in Sources */ = {isa = PBXBuildFile; fileRef = 9359F66F2B7821A50019DE0B /* HTTPClient.swift */; };
		9359F6722B78221B0019DE0B /* FeedItemsMapper.swift in Sources */ = {isa = PBXBuildFile; fileRef = 9359F6712B78221B0019DE0B /* FeedItemsMapper.swift */; };
		9359F6752B7990320019DE0B /* URLSessionHTTPClientTests.swift in Sources */ = {isa = PBXBuildFile; fileRef = 9359F6742B7990320019DE0B /* URLSessionHTTPClientTests.swift */; };
		938B5B692BDE9D58007A3808 /* ErrorView.swift in Sources */ = {isa = PBXBuildFile; fileRef = 938B5B682BDE9D58007A3808 /* ErrorView.swift */; };
		938B5B6E2BDEFD7D007A3808 /* UIRefreshControl+Helpers.swift in Sources */ = {isa = PBXBuildFile; fileRef = 938B5B6D2BDEFD7D007A3808 /* UIRefreshControl+Helpers.swift */; };
		938B5B742BDF02F3007A3808 /* FeedPresenterTests.swift in Sources */ = {isa = PBXBuildFile; fileRef = 938B5B732BDF02F3007A3808 /* FeedPresenterTests.swift */; };
		938B5B7E2BDF0EFC007A3808 /* FeedPresenter.swift in Sources */ = {isa = PBXBuildFile; fileRef = 938B5B7D2BDF0EFC007A3808 /* FeedPresenter.swift */; };
		938B5B7F2BDF0FD3007A3808 /* Feed.strings in Resources */ = {isa = PBXBuildFile; fileRef = 938B5B792BDF0D76007A3808 /* Feed.strings */; };
		938B5B812BDF1032007A3808 /* FeedViewModel.swift in Sources */ = {isa = PBXBuildFile; fileRef = 938B5B802BDF1032007A3808 /* FeedViewModel.swift */; };
		938B5B832BDF105B007A3808 /* FeedErrorViewModel.swift in Sources */ = {isa = PBXBuildFile; fileRef = 938B5B822BDF105B007A3808 /* FeedErrorViewModel.swift */; };
		938B5B852BDF1076007A3808 /* FeedLoadingViewModel.swift in Sources */ = {isa = PBXBuildFile; fileRef = 938B5B842BDF1076007A3808 /* FeedLoadingViewModel.swift */; };
		938B5B872BDF125D007A3808 /* FeedLocalizationTests.swift in Sources */ = {isa = PBXBuildFile; fileRef = 938B5B862BDF125D007A3808 /* FeedLocalizationTests.swift */; };
		938B5B892BDF1345007A3808 /* FeedImagePresenterTests.swift in Sources */ = {isa = PBXBuildFile; fileRef = 938B5B882BDF1345007A3808 /* FeedImagePresenterTests.swift */; };
		938B5B8B2BE32030007A3808 /* FeedImagePresenter.swift in Sources */ = {isa = PBXBuildFile; fileRef = 938B5B8A2BE32030007A3808 /* FeedImagePresenter.swift */; };
		938B5B8D2BE3210A007A3808 /* FeedImageViewModel.swift in Sources */ = {isa = PBXBuildFile; fileRef = 938B5B8C2BE3210A007A3808 /* FeedImageViewModel.swift */; };
		938B69532BE46D0F0046D8AF /* FeedImageDataLoader.swift in Sources */ = {isa = PBXBuildFile; fileRef = 939B0FEE2BCB0B0C00315B48 /* FeedImageDataLoader.swift */; };
		938B69552BE46DEB0046D8AF /* LoadFeedImageDataFromRemoteUseCaseTests.swift in Sources */ = {isa = PBXBuildFile; fileRef = 938B69542BE46DEB0046D8AF /* LoadFeedImageDataFromRemoteUseCaseTests.swift */; };
		938F60D32B897F4B005471FF /* CacheFeedUseCaseTests.swift in Sources */ = {isa = PBXBuildFile; fileRef = 938F60D22B897F4B005471FF /* CacheFeedUseCaseTests.swift */; };
		938F60D62B8B8ADF005471FF /* LocalFeedLoader.swift in Sources */ = {isa = PBXBuildFile; fileRef = 938F60D52B8B8ADF005471FF /* LocalFeedLoader.swift */; };
		938F60D82B8B8B66005471FF /* FeedStore.swift in Sources */ = {isa = PBXBuildFile; fileRef = 938F60D72B8B8B66005471FF /* FeedStore.swift */; };
		938F60DA2B8B9EB7005471FF /* RemoteFeedItem.swift in Sources */ = {isa = PBXBuildFile; fileRef = 938F60D92B8B9EB7005471FF /* RemoteFeedItem.swift */; };
		938F60DC2B8B9EF7005471FF /* LocalFeedImage.swift in Sources */ = {isa = PBXBuildFile; fileRef = 938F60DB2B8B9EF6005471FF /* LocalFeedImage.swift */; };
		938F60DE2B8D6AC4005471FF /* LoadFeedFromCacheUseCaseTests.swift in Sources */ = {isa = PBXBuildFile; fileRef = 938F60DD2B8D6AC4005471FF /* LoadFeedFromCacheUseCaseTests.swift */; };
		938F60E12B8D6BA3005471FF /* FeedStoreSpy.swift in Sources */ = {isa = PBXBuildFile; fileRef = 938F60E02B8D6BA3005471FF /* FeedStoreSpy.swift */; };
		938F60E32B93CFFC005471FF /* ValidateFeedCacheUseCaseTests.swift in Sources */ = {isa = PBXBuildFile; fileRef = 938F60E22B93CFFC005471FF /* ValidateFeedCacheUseCaseTests.swift */; };
		938F60E52B93D324005471FF /* FeedCacheTestHelpers.swift in Sources */ = {isa = PBXBuildFile; fileRef = 938F60E42B93D324005471FF /* FeedCacheTestHelpers.swift */; };
		938F60E72B93D3C6005471FF /* SharedTestHelpers.swift in Sources */ = {isa = PBXBuildFile; fileRef = 938F60E62B93D3C6005471FF /* SharedTestHelpers.swift */; };
		938F60E92B93FE1E005471FF /* FeedCachePolicy.swift in Sources */ = {isa = PBXBuildFile; fileRef = 938F60E82B93FE1E005471FF /* FeedCachePolicy.swift */; };
		938F60EF2B9AA164005471FF /* FeedStoreSpecs.swift in Sources */ = {isa = PBXBuildFile; fileRef = 938F60EE2B9AA164005471FF /* FeedStoreSpecs.swift */; };
		938F60F12B9AA220005471FF /* XCTestCase+FeedStoreSpecs.swift in Sources */ = {isa = PBXBuildFile; fileRef = 938F60F02B9AA220005471FF /* XCTestCase+FeedStoreSpecs.swift */; };
		938F60F32B9AA737005471FF /* XCTestCase+FailableRetrieveFeedStoreSpecs.swift in Sources */ = {isa = PBXBuildFile; fileRef = 938F60F22B9AA737005471FF /* XCTestCase+FailableRetrieveFeedStoreSpecs.swift */; };
		938F60F52B9AA813005471FF /* XCTestCase+FailableInsertFeedStoreSpecs.swift in Sources */ = {isa = PBXBuildFile; fileRef = 938F60F42B9AA813005471FF /* XCTestCase+FailableInsertFeedStoreSpecs.swift */; };
		938F60F72B9AA8D5005471FF /* XCTestCase+FailableDeleteFeedStoreSpecs.swift in Sources */ = {isa = PBXBuildFile; fileRef = 938F60F62B9AA8D5005471FF /* XCTestCase+FailableDeleteFeedStoreSpecs.swift */; };
		938F60FA2B9AB1AA005471FF /* CoreDataFeedStoreTests.swift in Sources */ = {isa = PBXBuildFile; fileRef = 938F60F92B9AB1AA005471FF /* CoreDataFeedStoreTests.swift */; };
		938F60FC2B9AB3DA005471FF /* CoreDataFeedStore.swift in Sources */ = {isa = PBXBuildFile; fileRef = 938F60FB2B9AB3DA005471FF /* CoreDataFeedStore.swift */; };
		938F60FF2B9AB4AE005471FF /* FeedStore.xcdatamodeld in Sources */ = {isa = PBXBuildFile; fileRef = 938F60FD2B9AB4AE005471FF /* FeedStore.xcdatamodeld */; };
		938F61072BA50D86005471FF /* CoreDataHelpers.swift in Sources */ = {isa = PBXBuildFile; fileRef = 938F61062BA50D86005471FF /* CoreDataHelpers.swift */; };
		938F61092BA50E5F005471FF /* ManagedCache.swift in Sources */ = {isa = PBXBuildFile; fileRef = 938F61082BA50E5F005471FF /* ManagedCache.swift */; };
		938F610B2BA50E75005471FF /* ManagedFeedImage.swift in Sources */ = {isa = PBXBuildFile; fileRef = 938F610A2BA50E75005471FF /* ManagedFeedImage.swift */; };
		938F61132BA5316A005471FF /* EssentialFeedCacheIntegrationTests.swift in Sources */ = {isa = PBXBuildFile; fileRef = 938F61122BA5316A005471FF /* EssentialFeedCacheIntegrationTests.swift */; };
		938F61142BA5316A005471FF /* EssentialFeed.framework in Frameworks */ = {isa = PBXBuildFile; fileRef = 9359F64A2B6EEBE50019DE0B /* EssentialFeed.framework */; };
		938F611B2BA535A5005471FF /* XCTestCase+MemoryLeakTracking.swift in Sources */ = {isa = PBXBuildFile; fileRef = 93159C402B7C55C400851AA2 /* XCTestCase+MemoryLeakTracking.swift */; };
		938F611C2BA53813005471FF /* FeedCacheTestHelpers.swift in Sources */ = {isa = PBXBuildFile; fileRef = 938F60E42B93D324005471FF /* FeedCacheTestHelpers.swift */; };
		938F611D2BA5381F005471FF /* SharedTestHelpers.swift in Sources */ = {isa = PBXBuildFile; fileRef = 938F60E62B93D3C6005471FF /* SharedTestHelpers.swift */; };
		939B0FDB2BC8AD1800315B48 /* FeedImageCell.swift in Sources */ = {isa = PBXBuildFile; fileRef = 939B0FDA2BC8AD1800315B48 /* FeedImageCell.swift */; };
		939B0FDD2BCAD7C500315B48 /* UIView+Shimmering.swift in Sources */ = {isa = PBXBuildFile; fileRef = 939B0FDC2BCAD7C500315B48 /* UIView+Shimmering.swift */; };
		939B0FE02BCB07C600315B48 /* UIImage+TestHelpers.swift in Sources */ = {isa = PBXBuildFile; fileRef = 939B0FDF2BCB07C600315B48 /* UIImage+TestHelpers.swift */; };
		939B0FE22BCB082D00315B48 /* UIRefreshControl+TestHelpers.swift in Sources */ = {isa = PBXBuildFile; fileRef = 939B0FE12BCB082D00315B48 /* UIRefreshControl+TestHelpers.swift */; };
		939B0FE42BCB088700315B48 /* UIButton+TestHelpers.swift in Sources */ = {isa = PBXBuildFile; fileRef = 939B0FE32BCB088700315B48 /* UIButton+TestHelpers.swift */; };
		939B0FE62BCB08D700315B48 /* UIControl+TestHelpers.swift in Sources */ = {isa = PBXBuildFile; fileRef = 939B0FE52BCB08D700315B48 /* UIControl+TestHelpers.swift */; };
		939B0FF12BCB0B6600315B48 /* FeedViewControllers+TestHelpers.swift in Sources */ = {isa = PBXBuildFile; fileRef = 939B0FF02BCB0B6600315B48 /* FeedViewControllers+TestHelpers.swift */; };
		939B0FF32BCB0BD700315B48 /* FeedImageCell+TestHelpers.swift in Sources */ = {isa = PBXBuildFile; fileRef = 939B0FF22BCB0BD700315B48 /* FeedImageCell+TestHelpers.swift */; };
		939B0FF72BCB0E2800315B48 /* FeedUIIntegrationTests+LoaderSpy.swift in Sources */ = {isa = PBXBuildFile; fileRef = 939B0FF62BCB0E2800315B48 /* FeedUIIntegrationTests+LoaderSpy.swift */; };
		939B0FF92BCB0E9F00315B48 /* FeedUIIntegrationTests+Assertions.swift in Sources */ = {isa = PBXBuildFile; fileRef = 939B0FF82BCB0E9F00315B48 /* FeedUIIntegrationTests+Assertions.swift */; };
		939B0FFD2BCB1F9E00315B48 /* FeedImageCellController.swift in Sources */ = {isa = PBXBuildFile; fileRef = 939B0FFC2BCB1F9E00315B48 /* FeedImageCellController.swift */; };
		939B10002BCB315F00315B48 /* FeedUIComposer.swift in Sources */ = {isa = PBXBuildFile; fileRef = 939B0FFF2BCB315F00315B48 /* FeedUIComposer.swift */; };
		93AD46352BB6339700311D17 /* XCTestCase+MemoryLeakTracking.swift in Sources */ = {isa = PBXBuildFile; fileRef = 93159C402B7C55C400851AA2 /* XCTestCase+MemoryLeakTracking.swift */; };
		93AD46372BBB9A9D00311D17 /* FeedViewController.swift in Sources */ = {isa = PBXBuildFile; fileRef = 93AD46362BBB9A9D00311D17 /* FeedViewController.swift */; };
/* End PBXBuildFile section */

/* Begin PBXContainerItemProxy section */
		93159C4E2B80F06200851AA2 /* PBXContainerItemProxy */ = {
			isa = PBXContainerItemProxy;
			containerPortal = 9359F6412B6EEBE50019DE0B /* Project object */;
			proxyType = 1;
			remoteGlobalIDString = 9359F6492B6EEBE50019DE0B;
			remoteInfo = EssentialFeed;
		};
		9357E1362BAF5EF2007F974C /* PBXContainerItemProxy */ = {
			isa = PBXContainerItemProxy;
			containerPortal = 9359F6412B6EEBE50019DE0B /* Project object */;
			proxyType = 1;
			remoteGlobalIDString = 9357E12C2BAF5EF0007F974C;
			remoteInfo = EssentialFeediOS;
		};
		9357E1482BB0B19E007F974C /* PBXContainerItemProxy */ = {
			isa = PBXContainerItemProxy;
			containerPortal = 9359F6412B6EEBE50019DE0B /* Project object */;
			proxyType = 1;
			remoteGlobalIDString = 9359F6492B6EEBE50019DE0B;
			remoteInfo = EssentialFeed;
		};
		9359F6562B6EEBE60019DE0B /* PBXContainerItemProxy */ = {
			isa = PBXContainerItemProxy;
			containerPortal = 9359F6412B6EEBE50019DE0B /* Project object */;
			proxyType = 1;
			remoteGlobalIDString = 9359F6492B6EEBE50019DE0B;
			remoteInfo = EssentialFeed;
		};
		938F61152BA5316A005471FF /* PBXContainerItemProxy */ = {
			isa = PBXContainerItemProxy;
			containerPortal = 9359F6412B6EEBE50019DE0B /* Project object */;
			proxyType = 1;
			remoteGlobalIDString = 9359F6492B6EEBE50019DE0B;
			remoteInfo = EssentialFeed;
		};
/* End PBXContainerItemProxy section */

/* Begin PBXCopyFilesBuildPhase section */
		9357E14A2BB0B19E007F974C /* Embed Frameworks */ = {
			isa = PBXCopyFilesBuildPhase;
			buildActionMask = 2147483647;
			dstPath = "";
			dstSubfolderSpec = 10;
			files = (
				9357E1472BB0B19E007F974C /* EssentialFeed.framework in Embed Frameworks */,
			);
			name = "Embed Frameworks";
			runOnlyForDeploymentPostprocessing = 0;
		};
/* End PBXCopyFilesBuildPhase section */

/* Begin PBXFileReference section */
		9313B8CB2BECF148000A204F /* HTTPClientSpy.swift */ = {isa = PBXFileReference; lastKnownFileType = sourcecode.swift; path = HTTPClientSpy.swift; sourceTree = "<group>"; };
		9313B8CD2BECF1FC000A204F /* RemoteFeedImageDataLoader.swift */ = {isa = PBXFileReference; lastKnownFileType = sourcecode.swift; path = RemoteFeedImageDataLoader.swift; sourceTree = "<group>"; };
		9313B8CF2BECF72C000A204F /* EssentialFeedAPIEndToEndTests.xctestplan */ = {isa = PBXFileReference; lastKnownFileType = text; name = EssentialFeedAPIEndToEndTests.xctestplan; path = EssentialFeedAPIEndToEndTests/EssentialFeedAPIEndToEndTests.xctestplan; sourceTree = SOURCE_ROOT; };
		9313B8D02BECF986000A204F /* HTTPURLResponse+StatusCode.swift */ = {isa = PBXFileReference; lastKnownFileType = sourcecode.swift; path = "HTTPURLResponse+StatusCode.swift"; sourceTree = "<group>"; };
		9313B8D42BECFAE4000A204F /* URLProtocolStub.swift */ = {isa = PBXFileReference; lastKnownFileType = sourcecode.swift; path = URLProtocolStub.swift; sourceTree = "<group>"; };
		9313B8D62BED9F1F000A204F /* LoadFeedImageDataFromCacheUseCaseTests.swift */ = {isa = PBXFileReference; lastKnownFileType = sourcecode.swift; path = LoadFeedImageDataFromCacheUseCaseTests.swift; sourceTree = "<group>"; };
		93159C402B7C55C400851AA2 /* XCTestCase+MemoryLeakTracking.swift */ = {isa = PBXFileReference; lastKnownFileType = sourcecode.swift; path = "XCTestCase+MemoryLeakTracking.swift"; sourceTree = "<group>"; };
		93159C422B7C67E300851AA2 /* URLSessionHTTPClient.swift */ = {isa = PBXFileReference; lastKnownFileType = sourcecode.swift; path = URLSessionHTTPClient.swift; sourceTree = "<group>"; };
		93159C442B8054B000851AA2 /* EssentialFeed.xctestplan */ = {isa = PBXFileReference; lastKnownFileType = text; path = EssentialFeed.xctestplan; sourceTree = "<group>"; };
		93159C492B80F06200851AA2 /* EssentialFeedAPIEndToEndTests.xctest */ = {isa = PBXFileReference; explicitFileType = wrapper.cfbundle; includeInIndex = 0; path = EssentialFeedAPIEndToEndTests.xctest; sourceTree = BUILT_PRODUCTS_DIR; };
		93159C4B2B80F06200851AA2 /* EssentialFeedAPIEndToEndTests.swift */ = {isa = PBXFileReference; lastKnownFileType = sourcecode.swift; path = EssentialFeedAPIEndToEndTests.swift; sourceTree = "<group>"; };
		93159C542B80FB3A00851AA2 /* CI_macOS.xctestplan */ = {isa = PBXFileReference; lastKnownFileType = text; path = CI_macOS.xctestplan; sourceTree = "<group>"; };
		9320EA032BD925330054F181 /* Feed.storyboard */ = {isa = PBXFileReference; lastKnownFileType = file.storyboard; path = Feed.storyboard; sourceTree = "<group>"; };
		9320EA052BD925C00054F181 /* Feed.xcassets */ = {isa = PBXFileReference; lastKnownFileType = folder.assetcatalog; path = Feed.xcassets; sourceTree = "<group>"; };
		9320EA072BDB10220054F181 /* UITableView+Dequeueing.swift */ = {isa = PBXFileReference; lastKnownFileType = sourcecode.swift; path = "UITableView+Dequeueing.swift"; sourceTree = "<group>"; };
		9320EA092BDB11B40054F181 /* UIImageView+Animations.swift */ = {isa = PBXFileReference; lastKnownFileType = sourcecode.swift; path = "UIImageView+Animations.swift"; sourceTree = "<group>"; };
		9320EA0D2BDB333E0054F181 /* FeedUIIntegrationTests+Localization.swift */ = {isa = PBXFileReference; lastKnownFileType = sourcecode.swift; path = "FeedUIIntegrationTests+Localization.swift"; sourceTree = "<group>"; };
		9320EA192BDD7D310054F181 /* MainQueueDispatchDecorator.swift */ = {isa = PBXFileReference; lastKnownFileType = sourcecode.swift; path = MainQueueDispatchDecorator.swift; sourceTree = "<group>"; };
		9320EA1B2BDD7DB70054F181 /* WeakRefVirtualProxy.swift */ = {isa = PBXFileReference; lastKnownFileType = sourcecode.swift; path = WeakRefVirtualProxy.swift; sourceTree = "<group>"; };
		9320EA1D2BDD7E370054F181 /* FeedImageDataLoaderPresentationAdapter.swift */ = {isa = PBXFileReference; lastKnownFileType = sourcecode.swift; path = FeedImageDataLoaderPresentationAdapter.swift; sourceTree = "<group>"; };
		9320EA1F2BDD7E890054F181 /* FeedLoaderPresenterAdapter.swift */ = {isa = PBXFileReference; lastKnownFileType = sourcecode.swift; path = FeedLoaderPresenterAdapter.swift; sourceTree = "<group>"; };
		9320EA212BDD7EDE0054F181 /* FeedViewAdapter.swift */ = {isa = PBXFileReference; lastKnownFileType = sourcecode.swift; path = FeedViewAdapter.swift; sourceTree = "<group>"; };
		9339C63F2BF0F8A4003E3DCB /* FeedImageDataStore.swift */ = {isa = PBXFileReference; lastKnownFileType = sourcecode.swift; path = FeedImageDataStore.swift; sourceTree = "<group>"; };
		9339C6412BF0F8D2003E3DCB /* LocalFeedImageDataLoader.swift */ = {isa = PBXFileReference; lastKnownFileType = sourcecode.swift; path = LocalFeedImageDataLoader.swift; sourceTree = "<group>"; };
		9339C6432BF102D2003E3DCB /* FeedImageDataStoreSpy.swift */ = {isa = PBXFileReference; lastKnownFileType = sourcecode.swift; path = FeedImageDataStoreSpy.swift; sourceTree = "<group>"; };
		9339C6452BF1039E003E3DCB /* CacheFeedImageDataUseCaseTests.swift */ = {isa = PBXFileReference; lastKnownFileType = sourcecode.swift; path = CacheFeedImageDataUseCaseTests.swift; sourceTree = "<group>"; };
		9339C6472BF109C2003E3DCB /* CoreDataFeedImageDataStoreTests.swift */ = {isa = PBXFileReference; lastKnownFileType = sourcecode.swift; path = CoreDataFeedImageDataStoreTests.swift; sourceTree = "<group>"; };
		9339C6492BF111BE003E3DCB /* FeedStore2.xcdatamodel */ = {isa = PBXFileReference; lastKnownFileType = wrapper.xcdatamodel; path = FeedStore2.xcdatamodel; sourceTree = "<group>"; };
		9357E12D2BAF5EF0007F974C /* EssentialFeediOS.framework */ = {isa = PBXFileReference; explicitFileType = wrapper.framework; includeInIndex = 0; path = EssentialFeediOS.framework; sourceTree = BUILT_PRODUCTS_DIR; };
		9357E1342BAF5EF1007F974C /* EssentialFeediOSTests.xctest */ = {isa = PBXFileReference; explicitFileType = wrapper.cfbundle; includeInIndex = 0; path = EssentialFeediOSTests.xctest; sourceTree = BUILT_PRODUCTS_DIR; };
		9357E1422BAF5F92007F974C /* EssentialFeediOS.xctestplan */ = {isa = PBXFileReference; lastKnownFileType = text; path = EssentialFeediOS.xctestplan; sourceTree = "<group>"; };
		9357E1432BB07BD6007F974C /* FeedUIIntegrationTests.swift */ = {isa = PBXFileReference; lastKnownFileType = sourcecode.swift; path = FeedUIIntegrationTests.swift; sourceTree = "<group>"; };
		9359F64A2B6EEBE50019DE0B /* EssentialFeed.framework */ = {isa = PBXFileReference; explicitFileType = wrapper.framework; includeInIndex = 0; path = EssentialFeed.framework; sourceTree = BUILT_PRODUCTS_DIR; };
		9359F64E2B6EEBE50019DE0B /* EssentialFeed.docc */ = {isa = PBXFileReference; lastKnownFileType = folder.documentationcatalog; path = EssentialFeed.docc; sourceTree = "<group>"; };
		9359F6542B6EEBE60019DE0B /* EssentialFeedTests.xctest */ = {isa = PBXFileReference; explicitFileType = wrapper.cfbundle; includeInIndex = 0; path = EssentialFeedTests.xctest; sourceTree = BUILT_PRODUCTS_DIR; };
		9359F6642B6EEBF80019DE0B /* FeedImage.swift */ = {isa = PBXFileReference; lastKnownFileType = sourcecode.swift; path = FeedImage.swift; sourceTree = "<group>"; };
		9359F6662B6EEC7E0019DE0B /* FeedLoader.swift */ = {isa = PBXFileReference; lastKnownFileType = sourcecode.swift; path = FeedLoader.swift; sourceTree = "<group>"; };
		9359F66A2B6F0FB40019DE0B /* LoadFeedFromRemoteUseCaseTests.swift */ = {isa = PBXFileReference; lastKnownFileType = sourcecode.swift; path = LoadFeedFromRemoteUseCaseTests.swift; sourceTree = "<group>"; };
		9359F66D2B6FDE6F0019DE0B /* RemoteFeedLoader.swift */ = {isa = PBXFileReference; lastKnownFileType = sourcecode.swift; path = RemoteFeedLoader.swift; sourceTree = "<group>"; };
		9359F66F2B7821A50019DE0B /* HTTPClient.swift */ = {isa = PBXFileReference; lastKnownFileType = sourcecode.swift; path = HTTPClient.swift; sourceTree = "<group>"; };
		9359F6712B78221B0019DE0B /* FeedItemsMapper.swift */ = {isa = PBXFileReference; lastKnownFileType = sourcecode.swift; path = FeedItemsMapper.swift; sourceTree = "<group>"; };
		9359F6742B7990320019DE0B /* URLSessionHTTPClientTests.swift */ = {isa = PBXFileReference; lastKnownFileType = sourcecode.swift; path = URLSessionHTTPClientTests.swift; sourceTree = "<group>"; };
		938B5B672BDE8EC8007A3808 /* CI_iOS.xctestplan */ = {isa = PBXFileReference; lastKnownFileType = text; path = CI_iOS.xctestplan; sourceTree = "<group>"; };
		938B5B682BDE9D58007A3808 /* ErrorView.swift */ = {isa = PBXFileReference; lastKnownFileType = sourcecode.swift; path = ErrorView.swift; sourceTree = "<group>"; };
		938B5B6D2BDEFD7D007A3808 /* UIRefreshControl+Helpers.swift */ = {isa = PBXFileReference; lastKnownFileType = sourcecode.swift; path = "UIRefreshControl+Helpers.swift"; sourceTree = "<group>"; };
		938B5B732BDF02F3007A3808 /* FeedPresenterTests.swift */ = {isa = PBXFileReference; lastKnownFileType = sourcecode.swift; path = FeedPresenterTests.swift; sourceTree = "<group>"; };
		938B5B782BDF0D76007A3808 /* en */ = {isa = PBXFileReference; lastKnownFileType = text.plist.strings; name = en; path = en.lproj/Feed.strings; sourceTree = "<group>"; };
		938B5B7A2BDF0D79007A3808 /* pt-BR */ = {isa = PBXFileReference; lastKnownFileType = text.plist.strings; name = "pt-BR"; path = "pt-BR.lproj/Feed.strings"; sourceTree = "<group>"; };
		938B5B7B2BDF0D79007A3808 /* el */ = {isa = PBXFileReference; lastKnownFileType = text.plist.strings; name = el; path = el.lproj/Feed.strings; sourceTree = "<group>"; };
		938B5B7D2BDF0EFC007A3808 /* FeedPresenter.swift */ = {isa = PBXFileReference; lastKnownFileType = sourcecode.swift; path = FeedPresenter.swift; sourceTree = "<group>"; };
		938B5B802BDF1032007A3808 /* FeedViewModel.swift */ = {isa = PBXFileReference; lastKnownFileType = sourcecode.swift; path = FeedViewModel.swift; sourceTree = "<group>"; };
		938B5B822BDF105B007A3808 /* FeedErrorViewModel.swift */ = {isa = PBXFileReference; lastKnownFileType = sourcecode.swift; path = FeedErrorViewModel.swift; sourceTree = "<group>"; };
		938B5B842BDF1076007A3808 /* FeedLoadingViewModel.swift */ = {isa = PBXFileReference; lastKnownFileType = sourcecode.swift; path = FeedLoadingViewModel.swift; sourceTree = "<group>"; };
		938B5B862BDF125D007A3808 /* FeedLocalizationTests.swift */ = {isa = PBXFileReference; lastKnownFileType = sourcecode.swift; path = FeedLocalizationTests.swift; sourceTree = "<group>"; };
		938B5B882BDF1345007A3808 /* FeedImagePresenterTests.swift */ = {isa = PBXFileReference; lastKnownFileType = sourcecode.swift; path = FeedImagePresenterTests.swift; sourceTree = "<group>"; };
		938B5B8A2BE32030007A3808 /* FeedImagePresenter.swift */ = {isa = PBXFileReference; lastKnownFileType = sourcecode.swift; path = FeedImagePresenter.swift; sourceTree = "<group>"; };
		938B5B8C2BE3210A007A3808 /* FeedImageViewModel.swift */ = {isa = PBXFileReference; lastKnownFileType = sourcecode.swift; path = FeedImageViewModel.swift; sourceTree = "<group>"; };
		938B69542BE46DEB0046D8AF /* LoadFeedImageDataFromRemoteUseCaseTests.swift */ = {isa = PBXFileReference; lastKnownFileType = sourcecode.swift; path = LoadFeedImageDataFromRemoteUseCaseTests.swift; sourceTree = "<group>"; };
		938F60D22B897F4B005471FF /* CacheFeedUseCaseTests.swift */ = {isa = PBXFileReference; lastKnownFileType = sourcecode.swift; path = CacheFeedUseCaseTests.swift; sourceTree = "<group>"; };
		938F60D52B8B8ADF005471FF /* LocalFeedLoader.swift */ = {isa = PBXFileReference; lastKnownFileType = sourcecode.swift; path = LocalFeedLoader.swift; sourceTree = "<group>"; };
		938F60D72B8B8B66005471FF /* FeedStore.swift */ = {isa = PBXFileReference; lastKnownFileType = sourcecode.swift; path = FeedStore.swift; sourceTree = "<group>"; };
		938F60D92B8B9EB7005471FF /* RemoteFeedItem.swift */ = {isa = PBXFileReference; lastKnownFileType = sourcecode.swift; path = RemoteFeedItem.swift; sourceTree = "<group>"; };
		938F60DB2B8B9EF6005471FF /* LocalFeedImage.swift */ = {isa = PBXFileReference; lastKnownFileType = sourcecode.swift; path = LocalFeedImage.swift; sourceTree = "<group>"; };
		938F60DD2B8D6AC4005471FF /* LoadFeedFromCacheUseCaseTests.swift */ = {isa = PBXFileReference; lastKnownFileType = sourcecode.swift; path = LoadFeedFromCacheUseCaseTests.swift; sourceTree = "<group>"; };
		938F60E02B8D6BA3005471FF /* FeedStoreSpy.swift */ = {isa = PBXFileReference; lastKnownFileType = sourcecode.swift; path = FeedStoreSpy.swift; sourceTree = "<group>"; };
		938F60E22B93CFFC005471FF /* ValidateFeedCacheUseCaseTests.swift */ = {isa = PBXFileReference; lastKnownFileType = sourcecode.swift; path = ValidateFeedCacheUseCaseTests.swift; sourceTree = "<group>"; };
		938F60E42B93D324005471FF /* FeedCacheTestHelpers.swift */ = {isa = PBXFileReference; lastKnownFileType = sourcecode.swift; path = FeedCacheTestHelpers.swift; sourceTree = "<group>"; };
		938F60E62B93D3C6005471FF /* SharedTestHelpers.swift */ = {isa = PBXFileReference; lastKnownFileType = sourcecode.swift; path = SharedTestHelpers.swift; sourceTree = "<group>"; };
		938F60E82B93FE1E005471FF /* FeedCachePolicy.swift */ = {isa = PBXFileReference; lastKnownFileType = sourcecode.swift; path = FeedCachePolicy.swift; sourceTree = "<group>"; };
		938F60EE2B9AA164005471FF /* FeedStoreSpecs.swift */ = {isa = PBXFileReference; lastKnownFileType = sourcecode.swift; path = FeedStoreSpecs.swift; sourceTree = "<group>"; };
		938F60F02B9AA220005471FF /* XCTestCase+FeedStoreSpecs.swift */ = {isa = PBXFileReference; lastKnownFileType = sourcecode.swift; path = "XCTestCase+FeedStoreSpecs.swift"; sourceTree = "<group>"; };
		938F60F22B9AA737005471FF /* XCTestCase+FailableRetrieveFeedStoreSpecs.swift */ = {isa = PBXFileReference; lastKnownFileType = sourcecode.swift; path = "XCTestCase+FailableRetrieveFeedStoreSpecs.swift"; sourceTree = "<group>"; };
		938F60F42B9AA813005471FF /* XCTestCase+FailableInsertFeedStoreSpecs.swift */ = {isa = PBXFileReference; lastKnownFileType = sourcecode.swift; path = "XCTestCase+FailableInsertFeedStoreSpecs.swift"; sourceTree = "<group>"; };
		938F60F62B9AA8D5005471FF /* XCTestCase+FailableDeleteFeedStoreSpecs.swift */ = {isa = PBXFileReference; lastKnownFileType = sourcecode.swift; path = "XCTestCase+FailableDeleteFeedStoreSpecs.swift"; sourceTree = "<group>"; };
		938F60F92B9AB1AA005471FF /* CoreDataFeedStoreTests.swift */ = {isa = PBXFileReference; lastKnownFileType = sourcecode.swift; path = CoreDataFeedStoreTests.swift; sourceTree = "<group>"; };
		938F60FB2B9AB3DA005471FF /* CoreDataFeedStore.swift */ = {isa = PBXFileReference; lastKnownFileType = sourcecode.swift; path = CoreDataFeedStore.swift; sourceTree = "<group>"; };
		938F60FE2B9AB4AE005471FF /* FeedStore.xcdatamodel */ = {isa = PBXFileReference; lastKnownFileType = wrapper.xcdatamodel; path = FeedStore.xcdatamodel; sourceTree = "<group>"; };
		938F61062BA50D86005471FF /* CoreDataHelpers.swift */ = {isa = PBXFileReference; lastKnownFileType = sourcecode.swift; path = CoreDataHelpers.swift; sourceTree = "<group>"; };
		938F61082BA50E5F005471FF /* ManagedCache.swift */ = {isa = PBXFileReference; lastKnownFileType = sourcecode.swift; path = ManagedCache.swift; sourceTree = "<group>"; };
		938F610A2BA50E75005471FF /* ManagedFeedImage.swift */ = {isa = PBXFileReference; lastKnownFileType = sourcecode.swift; path = ManagedFeedImage.swift; sourceTree = "<group>"; };
		938F61102BA5316A005471FF /* EssentialFeedCacheIntegrationTests.xctest */ = {isa = PBXFileReference; explicitFileType = wrapper.cfbundle; includeInIndex = 0; path = EssentialFeedCacheIntegrationTests.xctest; sourceTree = BUILT_PRODUCTS_DIR; };
		938F61122BA5316A005471FF /* EssentialFeedCacheIntegrationTests.swift */ = {isa = PBXFileReference; lastKnownFileType = sourcecode.swift; path = EssentialFeedCacheIntegrationTests.swift; sourceTree = "<group>"; };
		938F611A2BA531CC005471FF /* EssentialFeedCacheIntegrationTests.xctestplan */ = {isa = PBXFileReference; lastKnownFileType = text; path = EssentialFeedCacheIntegrationTests.xctestplan; sourceTree = "<group>"; };
		939B0FDA2BC8AD1800315B48 /* FeedImageCell.swift */ = {isa = PBXFileReference; lastKnownFileType = sourcecode.swift; path = FeedImageCell.swift; sourceTree = "<group>"; };
		939B0FDC2BCAD7C500315B48 /* UIView+Shimmering.swift */ = {isa = PBXFileReference; lastKnownFileType = sourcecode.swift; path = "UIView+Shimmering.swift"; sourceTree = "<group>"; };
		939B0FDF2BCB07C600315B48 /* UIImage+TestHelpers.swift */ = {isa = PBXFileReference; lastKnownFileType = sourcecode.swift; path = "UIImage+TestHelpers.swift"; sourceTree = "<group>"; };
		939B0FE12BCB082D00315B48 /* UIRefreshControl+TestHelpers.swift */ = {isa = PBXFileReference; lastKnownFileType = sourcecode.swift; path = "UIRefreshControl+TestHelpers.swift"; sourceTree = "<group>"; };
		939B0FE32BCB088700315B48 /* UIButton+TestHelpers.swift */ = {isa = PBXFileReference; lastKnownFileType = sourcecode.swift; path = "UIButton+TestHelpers.swift"; sourceTree = "<group>"; };
		939B0FE52BCB08D700315B48 /* UIControl+TestHelpers.swift */ = {isa = PBXFileReference; lastKnownFileType = sourcecode.swift; path = "UIControl+TestHelpers.swift"; sourceTree = "<group>"; };
		939B0FEE2BCB0B0C00315B48 /* FeedImageDataLoader.swift */ = {isa = PBXFileReference; lastKnownFileType = sourcecode.swift; path = FeedImageDataLoader.swift; sourceTree = "<group>"; };
		939B0FF02BCB0B6600315B48 /* FeedViewControllers+TestHelpers.swift */ = {isa = PBXFileReference; lastKnownFileType = sourcecode.swift; path = "FeedViewControllers+TestHelpers.swift"; sourceTree = "<group>"; };
		939B0FF22BCB0BD700315B48 /* FeedImageCell+TestHelpers.swift */ = {isa = PBXFileReference; lastKnownFileType = sourcecode.swift; path = "FeedImageCell+TestHelpers.swift"; sourceTree = "<group>"; };
		939B0FF62BCB0E2800315B48 /* FeedUIIntegrationTests+LoaderSpy.swift */ = {isa = PBXFileReference; lastKnownFileType = sourcecode.swift; path = "FeedUIIntegrationTests+LoaderSpy.swift"; sourceTree = "<group>"; };
		939B0FF82BCB0E9F00315B48 /* FeedUIIntegrationTests+Assertions.swift */ = {isa = PBXFileReference; lastKnownFileType = sourcecode.swift; path = "FeedUIIntegrationTests+Assertions.swift"; sourceTree = "<group>"; };
		939B0FFC2BCB1F9E00315B48 /* FeedImageCellController.swift */ = {isa = PBXFileReference; lastKnownFileType = sourcecode.swift; path = FeedImageCellController.swift; sourceTree = "<group>"; };
		939B0FFF2BCB315F00315B48 /* FeedUIComposer.swift */ = {isa = PBXFileReference; lastKnownFileType = sourcecode.swift; path = FeedUIComposer.swift; sourceTree = "<group>"; };
		93AD46362BBB9A9D00311D17 /* FeedViewController.swift */ = {isa = PBXFileReference; lastKnownFileType = sourcecode.swift; path = FeedViewController.swift; sourceTree = "<group>"; };
/* End PBXFileReference section */

/* Begin PBXFrameworksBuildPhase section */
		93159C462B80F06200851AA2 /* Frameworks */ = {
			isa = PBXFrameworksBuildPhase;
			buildActionMask = 2147483647;
			files = (
				93159C4D2B80F06200851AA2 /* EssentialFeed.framework in Frameworks */,
			);
			runOnlyForDeploymentPostprocessing = 0;
		};
		9357E12A2BAF5EF0007F974C /* Frameworks */ = {
			isa = PBXFrameworksBuildPhase;
			buildActionMask = 2147483647;
			files = (
				9357E1462BB0B19E007F974C /* EssentialFeed.framework in Frameworks */,
			);
			runOnlyForDeploymentPostprocessing = 0;
		};
		9357E1312BAF5EF1007F974C /* Frameworks */ = {
			isa = PBXFrameworksBuildPhase;
			buildActionMask = 2147483647;
			files = (
				9357E1352BAF5EF2007F974C /* EssentialFeediOS.framework in Frameworks */,
			);
			runOnlyForDeploymentPostprocessing = 0;
		};
		9359F6472B6EEBE50019DE0B /* Frameworks */ = {
			isa = PBXFrameworksBuildPhase;
			buildActionMask = 2147483647;
			files = (
			);
			runOnlyForDeploymentPostprocessing = 0;
		};
		9359F6512B6EEBE60019DE0B /* Frameworks */ = {
			isa = PBXFrameworksBuildPhase;
			buildActionMask = 2147483647;
			files = (
				9359F6552B6EEBE60019DE0B /* EssentialFeed.framework in Frameworks */,
			);
			runOnlyForDeploymentPostprocessing = 0;
		};
		938F610D2BA5316A005471FF /* Frameworks */ = {
			isa = PBXFrameworksBuildPhase;
			buildActionMask = 2147483647;
			files = (
				938F61142BA5316A005471FF /* EssentialFeed.framework in Frameworks */,
			);
			runOnlyForDeploymentPostprocessing = 0;
		};
/* End PBXFrameworksBuildPhase section */

/* Begin PBXGroup section */
		9313B8CA2BECF130000A204F /* Helpers */ = {
			isa = PBXGroup;
			children = (
				9313B8CB2BECF148000A204F /* HTTPClientSpy.swift */,
				9313B8D42BECFAE4000A204F /* URLProtocolStub.swift */,
			);
			path = Helpers;
			sourceTree = "<group>";
		};
		9313B8D22BECF9C9000A204F /* Helpers */ = {
			isa = PBXGroup;
			children = (
				9313B8D02BECF986000A204F /* HTTPURLResponse+StatusCode.swift */,
			);
			path = Helpers;
			sourceTree = "<group>";
		};
		93159C3F2B7C558000851AA2 /* Helpers */ = {
			isa = PBXGroup;
			children = (
				93159C402B7C55C400851AA2 /* XCTestCase+MemoryLeakTracking.swift */,
				938F60E62B93D3C6005471FF /* SharedTestHelpers.swift */,
			);
			path = Helpers;
			sourceTree = "<group>";
		};
		93159C4A2B80F06200851AA2 /* EssentialFeedAPIEndToEndTests */ = {
			isa = PBXGroup;
			children = (
				9313B8CF2BECF72C000A204F /* EssentialFeedAPIEndToEndTests.xctestplan */,
				93159C4B2B80F06200851AA2 /* EssentialFeedAPIEndToEndTests.swift */,
			);
			path = EssentialFeedAPIEndToEndTests;
			sourceTree = "<group>";
		};
		9357E12E2BAF5EF1007F974C /* EssentialFeediOS */ = {
			isa = PBXGroup;
			children = (
				939B0FE82BCB0A1700315B48 /* Feed UI */,
			);
			path = EssentialFeediOS;
			sourceTree = "<group>";
		};
		9357E1382BAF5EF2007F974C /* EssentialFeediOSTests */ = {
			isa = PBXGroup;
			children = (
				939B0FEB2BCB0A6200315B48 /* Feed UI */,
				9357E1422BAF5F92007F974C /* EssentialFeediOS.xctestplan */,
			);
			path = EssentialFeediOSTests;
			sourceTree = "<group>";
		};
		9357E1452BB0B19E007F974C /* Frameworks */ = {
			isa = PBXGroup;
			children = (
			);
			name = Frameworks;
			sourceTree = "<group>";
		};
		9359F6402B6EEBE50019DE0B = {
			isa = PBXGroup;
			children = (
				93159C542B80FB3A00851AA2 /* CI_macOS.xctestplan */,
				938B5B672BDE8EC8007A3808 /* CI_iOS.xctestplan */,
				9359F64C2B6EEBE50019DE0B /* EssentialFeed */,
				9359F6582B6EEBE60019DE0B /* EssentialFeedTests */,
				93159C4A2B80F06200851AA2 /* EssentialFeedAPIEndToEndTests */,
				938F61112BA5316A005471FF /* EssentialFeedCacheIntegrationTests */,
				9357E12E2BAF5EF1007F974C /* EssentialFeediOS */,
				9357E1382BAF5EF2007F974C /* EssentialFeediOSTests */,
				9359F64B2B6EEBE50019DE0B /* Products */,
				9357E1452BB0B19E007F974C /* Frameworks */,
			);
			sourceTree = "<group>";
		};
		9359F64B2B6EEBE50019DE0B /* Products */ = {
			isa = PBXGroup;
			children = (
				9359F64A2B6EEBE50019DE0B /* EssentialFeed.framework */,
				9359F6542B6EEBE60019DE0B /* EssentialFeedTests.xctest */,
				93159C492B80F06200851AA2 /* EssentialFeedAPIEndToEndTests.xctest */,
				938F61102BA5316A005471FF /* EssentialFeedCacheIntegrationTests.xctest */,
				9357E12D2BAF5EF0007F974C /* EssentialFeediOS.framework */,
				9357E1342BAF5EF1007F974C /* EssentialFeediOSTests.xctest */,
			);
			name = Products;
			sourceTree = "<group>";
		};
		9359F64C2B6EEBE50019DE0B /* EssentialFeed */ = {
			isa = PBXGroup;
			children = (
				938F60D42B8B8ABE005471FF /* FeedCache */,
				9359F6692B6EEEBE0019DE0B /* FeedFeature */,
				9359F66C2B6FDE530019DE0B /* Feed API */,
				938B5B7C2BDF0EE5007A3808 /* Feed Presentation */,
				9359F64E2B6EEBE50019DE0B /* EssentialFeed.docc */,
			);
			path = EssentialFeed;
			sourceTree = "<group>";
		};
		9359F6582B6EEBE60019DE0B /* EssentialFeedTests */ = {
			isa = PBXGroup;
			children = (
				93159C442B8054B000851AA2 /* EssentialFeed.xctestplan */,
				93159C3F2B7C558000851AA2 /* Helpers */,
				938F60D12B897F21005471FF /* Feed Cache */,
				9359F6732B782B900019DE0B /* Feed API */,
				938B5B722BDF02B2007A3808 /* Feed Presentation */,
			);
			path = EssentialFeedTests;
			sourceTree = "<group>";
		};
		9359F6692B6EEEBE0019DE0B /* FeedFeature */ = {
			isa = PBXGroup;
			children = (
				9359F6642B6EEBF80019DE0B /* FeedImage.swift */,
				9359F6662B6EEC7E0019DE0B /* FeedLoader.swift */,
				939B0FEE2BCB0B0C00315B48 /* FeedImageDataLoader.swift */,
			);
			path = FeedFeature;
			sourceTree = "<group>";
		};
		9359F66C2B6FDE530019DE0B /* Feed API */ = {
			isa = PBXGroup;
			children = (
				9313B8D22BECF9C9000A204F /* Helpers */,
				9359F66D2B6FDE6F0019DE0B /* RemoteFeedLoader.swift */,
				9359F66F2B7821A50019DE0B /* HTTPClient.swift */,
				9359F6712B78221B0019DE0B /* FeedItemsMapper.swift */,
				93159C422B7C67E300851AA2 /* URLSessionHTTPClient.swift */,
				938F60D92B8B9EB7005471FF /* RemoteFeedItem.swift */,
				9313B8CD2BECF1FC000A204F /* RemoteFeedImageDataLoader.swift */,
			);
			path = "Feed API";
			sourceTree = "<group>";
		};
		9359F6732B782B900019DE0B /* Feed API */ = {
			isa = PBXGroup;
			children = (
				9313B8CA2BECF130000A204F /* Helpers */,
				9359F66A2B6F0FB40019DE0B /* LoadFeedFromRemoteUseCaseTests.swift */,
				9359F6742B7990320019DE0B /* URLSessionHTTPClientTests.swift */,
				938B69542BE46DEB0046D8AF /* LoadFeedImageDataFromRemoteUseCaseTests.swift */,
			);
			path = "Feed API";
			sourceTree = "<group>";
		};
		938B5B6A2BDEFCC1007A3808 /* Helpers */ = {
			isa = PBXGroup;
			children = (
				939B0FDC2BCAD7C500315B48 /* UIView+Shimmering.swift */,
				9320EA072BDB10220054F181 /* UITableView+Dequeueing.swift */,
				9320EA092BDB11B40054F181 /* UIImageView+Animations.swift */,
				938B5B6D2BDEFD7D007A3808 /* UIRefreshControl+Helpers.swift */,
			);
			path = Helpers;
			sourceTree = "<group>";
		};
		938B5B722BDF02B2007A3808 /* Feed Presentation */ = {
			isa = PBXGroup;
			children = (
				938B5B732BDF02F3007A3808 /* FeedPresenterTests.swift */,
				938B5B862BDF125D007A3808 /* FeedLocalizationTests.swift */,
				938B5B882BDF1345007A3808 /* FeedImagePresenterTests.swift */,
			);
			path = "Feed Presentation";
			sourceTree = "<group>";
		};
		938B5B7C2BDF0EE5007A3808 /* Feed Presentation */ = {
			isa = PBXGroup;
			children = (
				938B5B7D2BDF0EFC007A3808 /* FeedPresenter.swift */,
				938B5B802BDF1032007A3808 /* FeedViewModel.swift */,
				938B5B842BDF1076007A3808 /* FeedLoadingViewModel.swift */,
				938B5B822BDF105B007A3808 /* FeedErrorViewModel.swift */,
				938B5B8A2BE32030007A3808 /* FeedImagePresenter.swift */,
				938B5B8C2BE3210A007A3808 /* FeedImageViewModel.swift */,
				938B5B792BDF0D76007A3808 /* Feed.strings */,
			);
			path = "Feed Presentation";
			sourceTree = "<group>";
		};
		938F60D12B897F21005471FF /* Feed Cache */ = {
			isa = PBXGroup;
			children = (
				938F60F82B9AA9B2005471FF /* FeedStoreSpecs */,
				938F60DF2B8D6B91005471FF /* Helpers */,
				938F60D22B897F4B005471FF /* CacheFeedUseCaseTests.swift */,
				938F60DD2B8D6AC4005471FF /* LoadFeedFromCacheUseCaseTests.swift */,
				938F60E22B93CFFC005471FF /* ValidateFeedCacheUseCaseTests.swift */,
				938F60F92B9AB1AA005471FF /* CoreDataFeedStoreTests.swift */,
				9313B8D62BED9F1F000A204F /* LoadFeedImageDataFromCacheUseCaseTests.swift */,
				9339C6452BF1039E003E3DCB /* CacheFeedImageDataUseCaseTests.swift */,
				9339C6472BF109C2003E3DCB /* CoreDataFeedImageDataStoreTests.swift */,
			);
			path = "Feed Cache";
			sourceTree = "<group>";
		};
		938F60D42B8B8ABE005471FF /* FeedCache */ = {
			isa = PBXGroup;
			children = (
				938F61032BA50C75005471FF /* Infrastructure */,
				938F60D52B8B8ADF005471FF /* LocalFeedLoader.swift */,
				938F60D72B8B8B66005471FF /* FeedStore.swift */,
				938F60DB2B8B9EF6005471FF /* LocalFeedImage.swift */,
				938F60E82B93FE1E005471FF /* FeedCachePolicy.swift */,
				9339C63F2BF0F8A4003E3DCB /* FeedImageDataStore.swift */,
				9339C6412BF0F8D2003E3DCB /* LocalFeedImageDataLoader.swift */,
			);
			path = FeedCache;
			sourceTree = "<group>";
		};
		938F60DF2B8D6B91005471FF /* Helpers */ = {
			isa = PBXGroup;
			children = (
				938F60E02B8D6BA3005471FF /* FeedStoreSpy.swift */,
				938F60E42B93D324005471FF /* FeedCacheTestHelpers.swift */,
				9339C6432BF102D2003E3DCB /* FeedImageDataStoreSpy.swift */,
			);
			path = Helpers;
			sourceTree = "<group>";
		};
		938F60F82B9AA9B2005471FF /* FeedStoreSpecs */ = {
			isa = PBXGroup;
			children = (
				938F60EE2B9AA164005471FF /* FeedStoreSpecs.swift */,
				938F60F02B9AA220005471FF /* XCTestCase+FeedStoreSpecs.swift */,
				938F60F22B9AA737005471FF /* XCTestCase+FailableRetrieveFeedStoreSpecs.swift */,
				938F60F42B9AA813005471FF /* XCTestCase+FailableInsertFeedStoreSpecs.swift */,
				938F60F62B9AA8D5005471FF /* XCTestCase+FailableDeleteFeedStoreSpecs.swift */,
			);
			path = FeedStoreSpecs;
			sourceTree = "<group>";
		};
		938F61032BA50C75005471FF /* Infrastructure */ = {
			isa = PBXGroup;
			children = (
				938F61042BA50C98005471FF /* CoreData */,
			);
			path = Infrastructure;
			sourceTree = "<group>";
		};
		938F61042BA50C98005471FF /* CoreData */ = {
			isa = PBXGroup;
			children = (
				938F60FD2B9AB4AE005471FF /* FeedStore.xcdatamodeld */,
				938F60FB2B9AB3DA005471FF /* CoreDataFeedStore.swift */,
				938F61062BA50D86005471FF /* CoreDataHelpers.swift */,
				938F61082BA50E5F005471FF /* ManagedCache.swift */,
				938F610A2BA50E75005471FF /* ManagedFeedImage.swift */,
			);
			path = CoreData;
			sourceTree = "<group>";
		};
		938F61112BA5316A005471FF /* EssentialFeedCacheIntegrationTests */ = {
			isa = PBXGroup;
			children = (
				938F611A2BA531CC005471FF /* EssentialFeedCacheIntegrationTests.xctestplan */,
				938F61122BA5316A005471FF /* EssentialFeedCacheIntegrationTests.swift */,
			);
			path = EssentialFeedCacheIntegrationTests;
			sourceTree = "<group>";
		};
		939B0FE82BCB0A1700315B48 /* Feed UI */ = {
			isa = PBXGroup;
			children = (
				939B0FFE2BCB314D00315B48 /* Composers */,
				939B0FE92BCB0A2200315B48 /* Controllers */,
				939B0FEA2BCB0A2D00315B48 /* Views */,
			);
			path = "Feed UI";
			sourceTree = "<group>";
		};
		939B0FE92BCB0A2200315B48 /* Controllers */ = {
			isa = PBXGroup;
			children = (
				93AD46362BBB9A9D00311D17 /* FeedViewController.swift */,
				939B0FFC2BCB1F9E00315B48 /* FeedImageCellController.swift */,
			);
			path = Controllers;
			sourceTree = "<group>";
		};
		939B0FEA2BCB0A2D00315B48 /* Views */ = {
			isa = PBXGroup;
			children = (
				938B5B6A2BDEFCC1007A3808 /* Helpers */,
				939B0FDA2BC8AD1800315B48 /* FeedImageCell.swift */,
				938B5B682BDE9D58007A3808 /* ErrorView.swift */,
				9320EA032BD925330054F181 /* Feed.storyboard */,
				9320EA052BD925C00054F181 /* Feed.xcassets */,
			);
			path = Views;
			sourceTree = "<group>";
		};
		939B0FEB2BCB0A6200315B48 /* Feed UI */ = {
			isa = PBXGroup;
			children = (
				939B0FEC2BCB0A6E00315B48 /* Controllers */,
			);
			path = "Feed UI";
			sourceTree = "<group>";
		};
		939B0FEC2BCB0A6E00315B48 /* Controllers */ = {
			isa = PBXGroup;
			children = (
				939B0FED2BCB0A7E00315B48 /* Helpers */,
				9357E1432BB07BD6007F974C /* FeedUIIntegrationTests.swift */,
			);
			path = Controllers;
			sourceTree = "<group>";
		};
		939B0FED2BCB0A7E00315B48 /* Helpers */ = {
			isa = PBXGroup;
			children = (
				939B0FDF2BCB07C600315B48 /* UIImage+TestHelpers.swift */,
				939B0FE12BCB082D00315B48 /* UIRefreshControl+TestHelpers.swift */,
				939B0FE32BCB088700315B48 /* UIButton+TestHelpers.swift */,
				939B0FE52BCB08D700315B48 /* UIControl+TestHelpers.swift */,
				939B0FF02BCB0B6600315B48 /* FeedViewControllers+TestHelpers.swift */,
				939B0FF22BCB0BD700315B48 /* FeedImageCell+TestHelpers.swift */,
				939B0FF62BCB0E2800315B48 /* FeedUIIntegrationTests+LoaderSpy.swift */,
				939B0FF82BCB0E9F00315B48 /* FeedUIIntegrationTests+Assertions.swift */,
				9320EA0D2BDB333E0054F181 /* FeedUIIntegrationTests+Localization.swift */,
			);
			path = Helpers;
			sourceTree = "<group>";
		};
		939B0FFE2BCB314D00315B48 /* Composers */ = {
			isa = PBXGroup;
			children = (
				939B0FFF2BCB315F00315B48 /* FeedUIComposer.swift */,
				9320EA192BDD7D310054F181 /* MainQueueDispatchDecorator.swift */,
				9320EA1B2BDD7DB70054F181 /* WeakRefVirtualProxy.swift */,
				9320EA1D2BDD7E370054F181 /* FeedImageDataLoaderPresentationAdapter.swift */,
				9320EA1F2BDD7E890054F181 /* FeedLoaderPresenterAdapter.swift */,
				9320EA212BDD7EDE0054F181 /* FeedViewAdapter.swift */,
			);
			path = Composers;
			sourceTree = "<group>";
		};
/* End PBXGroup section */

/* Begin PBXHeadersBuildPhase section */
		9357E1282BAF5EF0007F974C /* Headers */ = {
			isa = PBXHeadersBuildPhase;
			buildActionMask = 2147483647;
			files = (
			);
			runOnlyForDeploymentPostprocessing = 0;
		};
		9359F6452B6EEBE50019DE0B /* Headers */ = {
			isa = PBXHeadersBuildPhase;
			buildActionMask = 2147483647;
			files = (
			);
			runOnlyForDeploymentPostprocessing = 0;
		};
/* End PBXHeadersBuildPhase section */

/* Begin PBXNativeTarget section */
		93159C482B80F06200851AA2 /* EssentialFeedAPIEndToEndTests */ = {
			isa = PBXNativeTarget;
			buildConfigurationList = 93159C502B80F06200851AA2 /* Build configuration list for PBXNativeTarget "EssentialFeedAPIEndToEndTests" */;
			buildPhases = (
				93159C452B80F06200851AA2 /* Sources */,
				93159C462B80F06200851AA2 /* Frameworks */,
				93159C472B80F06200851AA2 /* Resources */,
			);
			buildRules = (
			);
			dependencies = (
				93159C4F2B80F06200851AA2 /* PBXTargetDependency */,
			);
			name = EssentialFeedAPIEndToEndTests;
			productName = EssentialFeedAPIEndToEndTests;
			productReference = 93159C492B80F06200851AA2 /* EssentialFeedAPIEndToEndTests.xctest */;
			productType = "com.apple.product-type.bundle.unit-test";
		};
		9357E12C2BAF5EF0007F974C /* EssentialFeediOS */ = {
			isa = PBXNativeTarget;
			buildConfigurationList = 9357E13C2BAF5EF2007F974C /* Build configuration list for PBXNativeTarget "EssentialFeediOS" */;
			buildPhases = (
				9357E1282BAF5EF0007F974C /* Headers */,
				9357E1292BAF5EF0007F974C /* Sources */,
				9357E12A2BAF5EF0007F974C /* Frameworks */,
				9357E12B2BAF5EF0007F974C /* Resources */,
				9357E14A2BB0B19E007F974C /* Embed Frameworks */,
			);
			buildRules = (
			);
			dependencies = (
				9357E1492BB0B19E007F974C /* PBXTargetDependency */,
			);
			name = EssentialFeediOS;
			productName = EssentialFeediOS;
			productReference = 9357E12D2BAF5EF0007F974C /* EssentialFeediOS.framework */;
			productType = "com.apple.product-type.framework";
		};
		9357E1332BAF5EF1007F974C /* EssentialFeediOSTests */ = {
			isa = PBXNativeTarget;
			buildConfigurationList = 9357E13F2BAF5EF2007F974C /* Build configuration list for PBXNativeTarget "EssentialFeediOSTests" */;
			buildPhases = (
				9357E1302BAF5EF1007F974C /* Sources */,
				9357E1312BAF5EF1007F974C /* Frameworks */,
				9357E1322BAF5EF1007F974C /* Resources */,
			);
			buildRules = (
			);
			dependencies = (
				9357E1372BAF5EF2007F974C /* PBXTargetDependency */,
			);
			name = EssentialFeediOSTests;
			productName = EssentialFeediOSTests;
			productReference = 9357E1342BAF5EF1007F974C /* EssentialFeediOSTests.xctest */;
			productType = "com.apple.product-type.bundle.unit-test";
		};
		9359F6492B6EEBE50019DE0B /* EssentialFeed */ = {
			isa = PBXNativeTarget;
			buildConfigurationList = 9359F65E2B6EEBE60019DE0B /* Build configuration list for PBXNativeTarget "EssentialFeed" */;
			buildPhases = (
				9359F6452B6EEBE50019DE0B /* Headers */,
				9359F6462B6EEBE50019DE0B /* Sources */,
				9359F6472B6EEBE50019DE0B /* Frameworks */,
				9359F6482B6EEBE50019DE0B /* Resources */,
			);
			buildRules = (
			);
			dependencies = (
			);
			name = EssentialFeed;
			productName = EssentialFeed;
			productReference = 9359F64A2B6EEBE50019DE0B /* EssentialFeed.framework */;
			productType = "com.apple.product-type.framework";
		};
		9359F6532B6EEBE60019DE0B /* EssentialFeedTests */ = {
			isa = PBXNativeTarget;
			buildConfigurationList = 9359F6612B6EEBE60019DE0B /* Build configuration list for PBXNativeTarget "EssentialFeedTests" */;
			buildPhases = (
				9359F6502B6EEBE60019DE0B /* Sources */,
				9359F6512B6EEBE60019DE0B /* Frameworks */,
				9359F6522B6EEBE60019DE0B /* Resources */,
			);
			buildRules = (
			);
			dependencies = (
				9359F6572B6EEBE60019DE0B /* PBXTargetDependency */,
			);
			name = EssentialFeedTests;
			productName = EssentialFeedTests;
			productReference = 9359F6542B6EEBE60019DE0B /* EssentialFeedTests.xctest */;
			productType = "com.apple.product-type.bundle.unit-test";
		};
		938F610F2BA5316A005471FF /* EssentialFeedCacheIntegrationTests */ = {
			isa = PBXNativeTarget;
			buildConfigurationList = 938F61172BA5316A005471FF /* Build configuration list for PBXNativeTarget "EssentialFeedCacheIntegrationTests" */;
			buildPhases = (
				938F610C2BA5316A005471FF /* Sources */,
				938F610D2BA5316A005471FF /* Frameworks */,
				938F610E2BA5316A005471FF /* Resources */,
			);
			buildRules = (
			);
			dependencies = (
				938F61162BA5316A005471FF /* PBXTargetDependency */,
			);
			name = EssentialFeedCacheIntegrationTests;
			productName = EssentialFeedCacheIntegrationTests;
			productReference = 938F61102BA5316A005471FF /* EssentialFeedCacheIntegrationTests.xctest */;
			productType = "com.apple.product-type.bundle.unit-test";
		};
/* End PBXNativeTarget section */

/* Begin PBXProject section */
		9359F6412B6EEBE50019DE0B /* Project object */ = {
			isa = PBXProject;
			attributes = {
				BuildIndependentTargetsInParallel = 1;
				LastSwiftUpdateCheck = 1520;
				LastUpgradeCheck = 1520;
				TargetAttributes = {
					93159C482B80F06200851AA2 = {
						CreatedOnToolsVersion = 15.2;
					};
					9357E12C2BAF5EF0007F974C = {
						CreatedOnToolsVersion = 15.2;
						LastSwiftMigration = 1520;
					};
					9357E1332BAF5EF1007F974C = {
						CreatedOnToolsVersion = 15.2;
						LastSwiftMigration = 1520;
					};
					9359F6492B6EEBE50019DE0B = {
						CreatedOnToolsVersion = 15.1;
					};
					9359F6532B6EEBE60019DE0B = {
						CreatedOnToolsVersion = 15.1;
					};
					938F610F2BA5316A005471FF = {
						CreatedOnToolsVersion = 15.2;
					};
				};
			};
			buildConfigurationList = 9359F6442B6EEBE50019DE0B /* Build configuration list for PBXProject "EssentialFeed" */;
			compatibilityVersion = "Xcode 14.0";
			developmentRegion = en;
			hasScannedForEncodings = 0;
			knownRegions = (
				en,
				Base,
				"pt-BR",
				el,
			);
			mainGroup = 9359F6402B6EEBE50019DE0B;
			productRefGroup = 9359F64B2B6EEBE50019DE0B /* Products */;
			projectDirPath = "";
			projectRoot = "";
			targets = (
				9359F6492B6EEBE50019DE0B /* EssentialFeed */,
				9359F6532B6EEBE60019DE0B /* EssentialFeedTests */,
				93159C482B80F06200851AA2 /* EssentialFeedAPIEndToEndTests */,
				938F610F2BA5316A005471FF /* EssentialFeedCacheIntegrationTests */,
				9357E12C2BAF5EF0007F974C /* EssentialFeediOS */,
				9357E1332BAF5EF1007F974C /* EssentialFeediOSTests */,
			);
		};
/* End PBXProject section */

/* Begin PBXResourcesBuildPhase section */
		93159C472B80F06200851AA2 /* Resources */ = {
			isa = PBXResourcesBuildPhase;
			buildActionMask = 2147483647;
			files = (
			);
			runOnlyForDeploymentPostprocessing = 0;
		};
		9357E12B2BAF5EF0007F974C /* Resources */ = {
			isa = PBXResourcesBuildPhase;
			buildActionMask = 2147483647;
			files = (
				9320EA042BD925330054F181 /* Feed.storyboard in Resources */,
				9320EA062BD925C00054F181 /* Feed.xcassets in Resources */,
			);
			runOnlyForDeploymentPostprocessing = 0;
		};
		9357E1322BAF5EF1007F974C /* Resources */ = {
			isa = PBXResourcesBuildPhase;
			buildActionMask = 2147483647;
			files = (
			);
			runOnlyForDeploymentPostprocessing = 0;
		};
		9359F6482B6EEBE50019DE0B /* Resources */ = {
			isa = PBXResourcesBuildPhase;
			buildActionMask = 2147483647;
			files = (
				938B5B7F2BDF0FD3007A3808 /* Feed.strings in Resources */,
			);
			runOnlyForDeploymentPostprocessing = 0;
		};
		9359F6522B6EEBE60019DE0B /* Resources */ = {
			isa = PBXResourcesBuildPhase;
			buildActionMask = 2147483647;
			files = (
			);
			runOnlyForDeploymentPostprocessing = 0;
		};
		938F610E2BA5316A005471FF /* Resources */ = {
			isa = PBXResourcesBuildPhase;
			buildActionMask = 2147483647;
			files = (
			);
			runOnlyForDeploymentPostprocessing = 0;
		};
/* End PBXResourcesBuildPhase section */

/* Begin PBXSourcesBuildPhase section */
		93159C452B80F06200851AA2 /* Sources */ = {
			isa = PBXSourcesBuildPhase;
			buildActionMask = 2147483647;
			files = (
				93159C4C2B80F06200851AA2 /* EssentialFeedAPIEndToEndTests.swift in Sources */,
				93159C532B80FA3B00851AA2 /* XCTestCase+MemoryLeakTracking.swift in Sources */,
			);
			runOnlyForDeploymentPostprocessing = 0;
		};
		9357E1292BAF5EF0007F974C /* Sources */ = {
			isa = PBXSourcesBuildPhase;
			buildActionMask = 2147483647;
			files = (
				9320EA202BDD7E890054F181 /* FeedLoaderPresenterAdapter.swift in Sources */,
				938B5B692BDE9D58007A3808 /* ErrorView.swift in Sources */,
				938B5B6E2BDEFD7D007A3808 /* UIRefreshControl+Helpers.swift in Sources */,
				9320EA082BDB10220054F181 /* UITableView+Dequeueing.swift in Sources */,
				939B0FDD2BCAD7C500315B48 /* UIView+Shimmering.swift in Sources */,
				9320EA1C2BDD7DB70054F181 /* WeakRefVirtualProxy.swift in Sources */,
				9320EA0A2BDB11B40054F181 /* UIImageView+Animations.swift in Sources */,
				9320EA1A2BDD7D310054F181 /* MainQueueDispatchDecorator.swift in Sources */,
				93AD46372BBB9A9D00311D17 /* FeedViewController.swift in Sources */,
				939B0FDB2BC8AD1800315B48 /* FeedImageCell.swift in Sources */,
				9320EA1E2BDD7E370054F181 /* FeedImageDataLoaderPresentationAdapter.swift in Sources */,
				939B0FFD2BCB1F9E00315B48 /* FeedImageCellController.swift in Sources */,
				9320EA222BDD7EDE0054F181 /* FeedViewAdapter.swift in Sources */,
				939B10002BCB315F00315B48 /* FeedUIComposer.swift in Sources */,
			);
			runOnlyForDeploymentPostprocessing = 0;
		};
		9357E1302BAF5EF1007F974C /* Sources */ = {
			isa = PBXSourcesBuildPhase;
			buildActionMask = 2147483647;
			files = (
				9357E1442BB07BD6007F974C /* FeedUIIntegrationTests.swift in Sources */,
				939B0FF92BCB0E9F00315B48 /* FeedUIIntegrationTests+Assertions.swift in Sources */,
				939B0FE42BCB088700315B48 /* UIButton+TestHelpers.swift in Sources */,
				939B0FE22BCB082D00315B48 /* UIRefreshControl+TestHelpers.swift in Sources */,
				939B0FE62BCB08D700315B48 /* UIControl+TestHelpers.swift in Sources */,
				939B0FF72BCB0E2800315B48 /* FeedUIIntegrationTests+LoaderSpy.swift in Sources */,
				939B0FF12BCB0B6600315B48 /* FeedViewControllers+TestHelpers.swift in Sources */,
				93AD46352BB6339700311D17 /* XCTestCase+MemoryLeakTracking.swift in Sources */,
				939B0FE02BCB07C600315B48 /* UIImage+TestHelpers.swift in Sources */,
				939B0FF32BCB0BD700315B48 /* FeedImageCell+TestHelpers.swift in Sources */,
				9320EA0E2BDB333E0054F181 /* FeedUIIntegrationTests+Localization.swift in Sources */,
			);
			runOnlyForDeploymentPostprocessing = 0;
		};
		9359F6462B6EEBE50019DE0B /* Sources */ = {
			isa = PBXSourcesBuildPhase;
			buildActionMask = 2147483647;
			files = (
				938B5B812BDF1032007A3808 /* FeedViewModel.swift in Sources */,
				938F60DC2B8B9EF7005471FF /* LocalFeedImage.swift in Sources */,
				938F60FF2B9AB4AE005471FF /* FeedStore.xcdatamodeld in Sources */,
				938F60D82B8B8B66005471FF /* FeedStore.swift in Sources */,
				93159C432B7C67E300851AA2 /* URLSessionHTTPClient.swift in Sources */,
				938B5B7E2BDF0EFC007A3808 /* FeedPresenter.swift in Sources */,
				938B5B8B2BE32030007A3808 /* FeedImagePresenter.swift in Sources */,
				9359F66E2B6FDE6F0019DE0B /* RemoteFeedLoader.swift in Sources */,
				938B5B852BDF1076007A3808 /* FeedLoadingViewModel.swift in Sources */,
				9359F6702B7821A50019DE0B /* HTTPClient.swift in Sources */,
				938F61072BA50D86005471FF /* CoreDataHelpers.swift in Sources */,
				9359F6672B6EEC7E0019DE0B /* FeedLoader.swift in Sources */,
				938B69532BE46D0F0046D8AF /* FeedImageDataLoader.swift in Sources */,
				938F60FC2B9AB3DA005471FF /* CoreDataFeedStore.swift in Sources */,
				938F61092BA50E5F005471FF /* ManagedCache.swift in Sources */,
				9359F6722B78221B0019DE0B /* FeedItemsMapper.swift in Sources */,
				9339C6402BF0F8A4003E3DCB /* FeedImageDataStore.swift in Sources */,
				9313B8D32BECFA60000A204F /* HTTPURLResponse+StatusCode.swift in Sources */,
				938F60DA2B8B9EB7005471FF /* RemoteFeedItem.swift in Sources */,
				938F60E92B93FE1E005471FF /* FeedCachePolicy.swift in Sources */,
				9359F6652B6EEBF80019DE0B /* FeedImage.swift in Sources */,
				938F610B2BA50E75005471FF /* ManagedFeedImage.swift in Sources */,
				938B5B8D2BE3210A007A3808 /* FeedImageViewModel.swift in Sources */,
				9313B8CE2BECF1FC000A204F /* RemoteFeedImageDataLoader.swift in Sources */,
				9339C6422BF0F8D2003E3DCB /* LocalFeedImageDataLoader.swift in Sources */,
				938B5B832BDF105B007A3808 /* FeedErrorViewModel.swift in Sources */,
				938F60D62B8B8ADF005471FF /* LocalFeedLoader.swift in Sources */,
				9359F64F2B6EEBE50019DE0B /* EssentialFeed.docc in Sources */,
			);
			runOnlyForDeploymentPostprocessing = 0;
		};
		9359F6502B6EEBE60019DE0B /* Sources */ = {
			isa = PBXSourcesBuildPhase;
			buildActionMask = 2147483647;
			files = (
				938F60F12B9AA220005471FF /* XCTestCase+FeedStoreSpecs.swift in Sources */,
				9313B8D52BECFAE4000A204F /* URLProtocolStub.swift in Sources */,
				9359F66B2B6F0FB40019DE0B /* LoadFeedFromRemoteUseCaseTests.swift in Sources */,
				938B5B742BDF02F3007A3808 /* FeedPresenterTests.swift in Sources */,
				938B69552BE46DEB0046D8AF /* LoadFeedImageDataFromRemoteUseCaseTests.swift in Sources */,
				938F60FA2B9AB1AA005471FF /* CoreDataFeedStoreTests.swift in Sources */,
				938B5B892BDF1345007A3808 /* FeedImagePresenterTests.swift in Sources */,
				938F60F32B9AA737005471FF /* XCTestCase+FailableRetrieveFeedStoreSpecs.swift in Sources */,
				9339C6462BF1039E003E3DCB /* CacheFeedImageDataUseCaseTests.swift in Sources */,
				938B5B872BDF125D007A3808 /* FeedLocalizationTests.swift in Sources */,
				93159C412B7C55C400851AA2 /* XCTestCase+MemoryLeakTracking.swift in Sources */,
				9313B8D72BED9F1F000A204F /* LoadFeedImageDataFromCacheUseCaseTests.swift in Sources */,
				9313B8CC2BECF148000A204F /* HTTPClientSpy.swift in Sources */,
				938F60E72B93D3C6005471FF /* SharedTestHelpers.swift in Sources */,
				9359F6752B7990320019DE0B /* URLSessionHTTPClientTests.swift in Sources */,
				938F60D32B897F4B005471FF /* CacheFeedUseCaseTests.swift in Sources */,
				9339C6442BF102D2003E3DCB /* FeedImageDataStoreSpy.swift in Sources */,
				9339C6482BF109C2003E3DCB /* CoreDataFeedImageDataStoreTests.swift in Sources */,
				938F60E52B93D324005471FF /* FeedCacheTestHelpers.swift in Sources */,
				938F60E32B93CFFC005471FF /* ValidateFeedCacheUseCaseTests.swift in Sources */,
				938F60E12B8D6BA3005471FF /* FeedStoreSpy.swift in Sources */,
				938F60DE2B8D6AC4005471FF /* LoadFeedFromCacheUseCaseTests.swift in Sources */,
				938F60F72B9AA8D5005471FF /* XCTestCase+FailableDeleteFeedStoreSpecs.swift in Sources */,
				938F60EF2B9AA164005471FF /* FeedStoreSpecs.swift in Sources */,
				938F60F52B9AA813005471FF /* XCTestCase+FailableInsertFeedStoreSpecs.swift in Sources */,
			);
			runOnlyForDeploymentPostprocessing = 0;
		};
		938F610C2BA5316A005471FF /* Sources */ = {
			isa = PBXSourcesBuildPhase;
			buildActionMask = 2147483647;
			files = (
				938F611D2BA5381F005471FF /* SharedTestHelpers.swift in Sources */,
				938F61132BA5316A005471FF /* EssentialFeedCacheIntegrationTests.swift in Sources */,
				938F611C2BA53813005471FF /* FeedCacheTestHelpers.swift in Sources */,
				938F611B2BA535A5005471FF /* XCTestCase+MemoryLeakTracking.swift in Sources */,
			);
			runOnlyForDeploymentPostprocessing = 0;
		};
/* End PBXSourcesBuildPhase section */

/* Begin PBXTargetDependency section */
		93159C4F2B80F06200851AA2 /* PBXTargetDependency */ = {
			isa = PBXTargetDependency;
			target = 9359F6492B6EEBE50019DE0B /* EssentialFeed */;
			targetProxy = 93159C4E2B80F06200851AA2 /* PBXContainerItemProxy */;
		};
		9357E1372BAF5EF2007F974C /* PBXTargetDependency */ = {
			isa = PBXTargetDependency;
			target = 9357E12C2BAF5EF0007F974C /* EssentialFeediOS */;
			targetProxy = 9357E1362BAF5EF2007F974C /* PBXContainerItemProxy */;
		};
		9357E1492BB0B19E007F974C /* PBXTargetDependency */ = {
			isa = PBXTargetDependency;
			platformFilter = ios;
			target = 9359F6492B6EEBE50019DE0B /* EssentialFeed */;
			targetProxy = 9357E1482BB0B19E007F974C /* PBXContainerItemProxy */;
		};
		9359F6572B6EEBE60019DE0B /* PBXTargetDependency */ = {
			isa = PBXTargetDependency;
			target = 9359F6492B6EEBE50019DE0B /* EssentialFeed */;
			targetProxy = 9359F6562B6EEBE60019DE0B /* PBXContainerItemProxy */;
		};
		938F61162BA5316A005471FF /* PBXTargetDependency */ = {
			isa = PBXTargetDependency;
			target = 9359F6492B6EEBE50019DE0B /* EssentialFeed */;
			targetProxy = 938F61152BA5316A005471FF /* PBXContainerItemProxy */;
		};
/* End PBXTargetDependency section */

/* Begin PBXVariantGroup section */
		938B5B792BDF0D76007A3808 /* Feed.strings */ = {
			isa = PBXVariantGroup;
			children = (
				938B5B782BDF0D76007A3808 /* en */,
				938B5B7A2BDF0D79007A3808 /* pt-BR */,
				938B5B7B2BDF0D79007A3808 /* el */,
			);
			name = Feed.strings;
			sourceTree = "<group>";
		};
/* End PBXVariantGroup section */

/* Begin XCBuildConfiguration section */
		93159C512B80F06200851AA2 /* Debug */ = {
			isa = XCBuildConfiguration;
			buildSettings = {
				CODE_SIGN_STYLE = Automatic;
				CURRENT_PROJECT_VERSION = 1;
				DEAD_CODE_STRIPPING = YES;
				DEVELOPMENT_TEAM = PV8C8697QD;
				GENERATE_INFOPLIST_FILE = YES;
				MACOSX_DEPLOYMENT_TARGET = 13.0;
				MARKETING_VERSION = 1.0;
				PRODUCT_BUNDLE_IDENTIFIER = com.iosjess.EssentialFeedAPIEndToEndTests;
				PRODUCT_NAME = "$(TARGET_NAME)";
				SUPPORTED_PLATFORMS = "macosx iphoneos iphonesimulator";
				SWIFT_EMIT_LOC_STRINGS = NO;
				SWIFT_VERSION = 5.0;
			};
			name = Debug;
		};
		93159C522B80F06200851AA2 /* Release */ = {
			isa = XCBuildConfiguration;
			buildSettings = {
				CODE_SIGN_STYLE = Automatic;
				CURRENT_PROJECT_VERSION = 1;
				DEAD_CODE_STRIPPING = YES;
				DEVELOPMENT_TEAM = PV8C8697QD;
				GENERATE_INFOPLIST_FILE = YES;
				MACOSX_DEPLOYMENT_TARGET = 13.0;
				MARKETING_VERSION = 1.0;
				PRODUCT_BUNDLE_IDENTIFIER = com.iosjess.EssentialFeedAPIEndToEndTests;
				PRODUCT_NAME = "$(TARGET_NAME)";
				SUPPORTED_PLATFORMS = "macosx iphoneos iphonesimulator";
				SWIFT_EMIT_LOC_STRINGS = NO;
				SWIFT_VERSION = 5.0;
			};
			name = Release;
		};
		9357E13D2BAF5EF2007F974C /* Debug */ = {
			isa = XCBuildConfiguration;
			buildSettings = {
				CLANG_ENABLE_MODULES = YES;
				CODE_SIGN_STYLE = Automatic;
				CURRENT_PROJECT_VERSION = 1;
				DEFINES_MODULE = YES;
				DEVELOPMENT_TEAM = PV8C8697QD;
				DYLIB_COMPATIBILITY_VERSION = 1;
				DYLIB_CURRENT_VERSION = 1;
				DYLIB_INSTALL_NAME_BASE = "@rpath";
				ENABLE_MODULE_VERIFIER = YES;
				GENERATE_INFOPLIST_FILE = YES;
				INFOPLIST_KEY_NSHumanReadableCopyright = "";
				INSTALL_PATH = "$(LOCAL_LIBRARY_DIR)/Frameworks";
				IPHONEOS_DEPLOYMENT_TARGET = 16.0;
				LD_RUNPATH_SEARCH_PATHS = (
					"$(inherited)",
					"@executable_path/Frameworks",
					"@loader_path/Frameworks",
				);
				MARKETING_VERSION = 1.0;
				MODULE_VERIFIER_SUPPORTED_LANGUAGES = "objective-c objective-c++";
				MODULE_VERIFIER_SUPPORTED_LANGUAGE_STANDARDS = "gnu17 gnu++20";
				PRODUCT_BUNDLE_IDENTIFIER = com.iosjess.EssentialFeediOS;
				PRODUCT_NAME = "$(TARGET_NAME:c99extidentifier)";
				SDKROOT = iphoneos;
				SKIP_INSTALL = YES;
				SUPPORTED_PLATFORMS = "iphoneos iphonesimulator";
				SUPPORTS_MACCATALYST = NO;
				SUPPORTS_MAC_DESIGNED_FOR_IPHONE_IPAD = NO;
				SUPPORTS_XR_DESIGNED_FOR_IPHONE_IPAD = NO;
				SWIFT_EMIT_LOC_STRINGS = YES;
				SWIFT_OPTIMIZATION_LEVEL = "-Onone";
				SWIFT_VERSION = 5.0;
				TARGETED_DEVICE_FAMILY = "1,2";
			};
			name = Debug;
		};
		9357E13E2BAF5EF2007F974C /* Release */ = {
			isa = XCBuildConfiguration;
			buildSettings = {
				CLANG_ENABLE_MODULES = YES;
				CODE_SIGN_STYLE = Automatic;
				CURRENT_PROJECT_VERSION = 1;
				DEFINES_MODULE = YES;
				DEVELOPMENT_TEAM = PV8C8697QD;
				DYLIB_COMPATIBILITY_VERSION = 1;
				DYLIB_CURRENT_VERSION = 1;
				DYLIB_INSTALL_NAME_BASE = "@rpath";
				ENABLE_MODULE_VERIFIER = YES;
				GENERATE_INFOPLIST_FILE = YES;
				INFOPLIST_KEY_NSHumanReadableCopyright = "";
				INSTALL_PATH = "$(LOCAL_LIBRARY_DIR)/Frameworks";
				IPHONEOS_DEPLOYMENT_TARGET = 16.0;
				LD_RUNPATH_SEARCH_PATHS = (
					"$(inherited)",
					"@executable_path/Frameworks",
					"@loader_path/Frameworks",
				);
				MARKETING_VERSION = 1.0;
				MODULE_VERIFIER_SUPPORTED_LANGUAGES = "objective-c objective-c++";
				MODULE_VERIFIER_SUPPORTED_LANGUAGE_STANDARDS = "gnu17 gnu++20";
				PRODUCT_BUNDLE_IDENTIFIER = com.iosjess.EssentialFeediOS;
				PRODUCT_NAME = "$(TARGET_NAME:c99extidentifier)";
				SDKROOT = iphoneos;
				SKIP_INSTALL = YES;
				SUPPORTED_PLATFORMS = "iphoneos iphonesimulator";
				SUPPORTS_MACCATALYST = NO;
				SUPPORTS_MAC_DESIGNED_FOR_IPHONE_IPAD = NO;
				SUPPORTS_XR_DESIGNED_FOR_IPHONE_IPAD = NO;
				SWIFT_EMIT_LOC_STRINGS = YES;
				SWIFT_VERSION = 5.0;
				TARGETED_DEVICE_FAMILY = "1,2";
				VALIDATE_PRODUCT = YES;
			};
			name = Release;
		};
		9357E1402BAF5EF2007F974C /* Debug */ = {
			isa = XCBuildConfiguration;
			buildSettings = {
				ALWAYS_EMBED_SWIFT_STANDARD_LIBRARIES = YES;
				CLANG_ENABLE_MODULES = YES;
				CODE_SIGN_STYLE = Automatic;
				CURRENT_PROJECT_VERSION = 1;
				DEVELOPMENT_TEAM = PV8C8697QD;
				GENERATE_INFOPLIST_FILE = YES;
				IPHONEOS_DEPLOYMENT_TARGET = 16.0;
				MARKETING_VERSION = 1.0;
				PRODUCT_BUNDLE_IDENTIFIER = com.iosjess.EssentialFeediOSTests;
				PRODUCT_NAME = "$(TARGET_NAME)";
				SDKROOT = iphoneos;
				SUPPORTED_PLATFORMS = "iphoneos iphonesimulator";
				SUPPORTS_MACCATALYST = NO;
				SUPPORTS_MAC_DESIGNED_FOR_IPHONE_IPAD = NO;
				SUPPORTS_XR_DESIGNED_FOR_IPHONE_IPAD = NO;
				SWIFT_EMIT_LOC_STRINGS = NO;
				SWIFT_OPTIMIZATION_LEVEL = "-Onone";
				SWIFT_VERSION = 5.0;
				TARGETED_DEVICE_FAMILY = "1,2";
			};
			name = Debug;
		};
		9357E1412BAF5EF2007F974C /* Release */ = {
			isa = XCBuildConfiguration;
			buildSettings = {
				ALWAYS_EMBED_SWIFT_STANDARD_LIBRARIES = YES;
				CLANG_ENABLE_MODULES = YES;
				CODE_SIGN_STYLE = Automatic;
				CURRENT_PROJECT_VERSION = 1;
				DEVELOPMENT_TEAM = PV8C8697QD;
				GENERATE_INFOPLIST_FILE = YES;
				IPHONEOS_DEPLOYMENT_TARGET = 16.0;
				MARKETING_VERSION = 1.0;
				PRODUCT_BUNDLE_IDENTIFIER = com.iosjess.EssentialFeediOSTests;
				PRODUCT_NAME = "$(TARGET_NAME)";
				SDKROOT = iphoneos;
				SUPPORTED_PLATFORMS = "iphoneos iphonesimulator";
				SUPPORTS_MACCATALYST = NO;
				SUPPORTS_MAC_DESIGNED_FOR_IPHONE_IPAD = NO;
				SUPPORTS_XR_DESIGNED_FOR_IPHONE_IPAD = NO;
				SWIFT_EMIT_LOC_STRINGS = NO;
				SWIFT_VERSION = 5.0;
				TARGETED_DEVICE_FAMILY = "1,2";
				VALIDATE_PRODUCT = YES;
			};
			name = Release;
		};
		9359F65C2B6EEBE60019DE0B /* Debug */ = {
			isa = XCBuildConfiguration;
			buildSettings = {
				ALWAYS_SEARCH_USER_PATHS = NO;
				ASSETCATALOG_COMPILER_GENERATE_SWIFT_ASSET_SYMBOL_EXTENSIONS = YES;
				CLANG_ANALYZER_LOCALIZABILITY_NONLOCALIZED = YES;
				CLANG_ANALYZER_NONNULL = YES;
				CLANG_ANALYZER_NUMBER_OBJECT_CONVERSION = YES_AGGRESSIVE;
				CLANG_CXX_LANGUAGE_STANDARD = "gnu++20";
				CLANG_ENABLE_MODULES = YES;
				CLANG_ENABLE_OBJC_ARC = YES;
				CLANG_ENABLE_OBJC_WEAK = YES;
				CLANG_WARN_BLOCK_CAPTURE_AUTORELEASING = YES;
				CLANG_WARN_BOOL_CONVERSION = YES;
				CLANG_WARN_COMMA = YES;
				CLANG_WARN_CONSTANT_CONVERSION = YES;
				CLANG_WARN_DEPRECATED_OBJC_IMPLEMENTATIONS = YES;
				CLANG_WARN_DIRECT_OBJC_ISA_USAGE = YES_ERROR;
				CLANG_WARN_DOCUMENTATION_COMMENTS = YES;
				CLANG_WARN_EMPTY_BODY = YES;
				CLANG_WARN_ENUM_CONVERSION = YES;
				CLANG_WARN_INFINITE_RECURSION = YES;
				CLANG_WARN_INT_CONVERSION = YES;
				CLANG_WARN_NON_LITERAL_NULL_CONVERSION = YES;
				CLANG_WARN_OBJC_IMPLICIT_RETAIN_SELF = YES;
				CLANG_WARN_OBJC_LITERAL_CONVERSION = YES;
				CLANG_WARN_OBJC_ROOT_CLASS = YES_ERROR;
				CLANG_WARN_QUOTED_INCLUDE_IN_FRAMEWORK_HEADER = YES;
				CLANG_WARN_RANGE_LOOP_ANALYSIS = YES;
				CLANG_WARN_STRICT_PROTOTYPES = YES;
				CLANG_WARN_SUSPICIOUS_MOVE = YES;
				CLANG_WARN_UNGUARDED_AVAILABILITY = YES_AGGRESSIVE;
				CLANG_WARN_UNREACHABLE_CODE = YES;
				CLANG_WARN__DUPLICATE_METHOD_MATCH = YES;
				COPY_PHASE_STRIP = NO;
				CURRENT_PROJECT_VERSION = 1;
				DEAD_CODE_STRIPPING = YES;
				DEBUG_INFORMATION_FORMAT = dwarf;
				ENABLE_STRICT_OBJC_MSGSEND = YES;
				ENABLE_TESTABILITY = YES;
				ENABLE_USER_SCRIPT_SANDBOXING = YES;
				GCC_C_LANGUAGE_STANDARD = gnu17;
				GCC_DYNAMIC_NO_PIC = NO;
				GCC_NO_COMMON_BLOCKS = YES;
				GCC_OPTIMIZATION_LEVEL = 0;
				GCC_PREPROCESSOR_DEFINITIONS = (
					"DEBUG=1",
					"$(inherited)",
				);
				GCC_WARN_64_TO_32_BIT_CONVERSION = YES;
				GCC_WARN_ABOUT_RETURN_TYPE = YES_ERROR;
				GCC_WARN_UNDECLARED_SELECTOR = YES;
				GCC_WARN_UNINITIALIZED_AUTOS = YES_AGGRESSIVE;
				GCC_WARN_UNUSED_FUNCTION = YES;
				GCC_WARN_UNUSED_VARIABLE = YES;
				IPHONEOS_DEPLOYMENT_TARGET = 16.0;
				LOCALIZATION_PREFERS_STRING_CATALOGS = YES;
				MACOSX_DEPLOYMENT_TARGET = 13.0;
				MTL_ENABLE_DEBUG_INFO = INCLUDE_SOURCE;
				MTL_FAST_MATH = YES;
				ONLY_ACTIVE_ARCH = YES;
				SDKROOT = macosx;
				SWIFT_ACTIVE_COMPILATION_CONDITIONS = "DEBUG $(inherited)";
				SWIFT_OPTIMIZATION_LEVEL = "-Onone";
				VERSIONING_SYSTEM = "apple-generic";
				VERSION_INFO_PREFIX = "";
			};
			name = Debug;
		};
		9359F65D2B6EEBE60019DE0B /* Release */ = {
			isa = XCBuildConfiguration;
			buildSettings = {
				ALWAYS_SEARCH_USER_PATHS = NO;
				ASSETCATALOG_COMPILER_GENERATE_SWIFT_ASSET_SYMBOL_EXTENSIONS = YES;
				CLANG_ANALYZER_LOCALIZABILITY_NONLOCALIZED = YES;
				CLANG_ANALYZER_NONNULL = YES;
				CLANG_ANALYZER_NUMBER_OBJECT_CONVERSION = YES_AGGRESSIVE;
				CLANG_CXX_LANGUAGE_STANDARD = "gnu++20";
				CLANG_ENABLE_MODULES = YES;
				CLANG_ENABLE_OBJC_ARC = YES;
				CLANG_ENABLE_OBJC_WEAK = YES;
				CLANG_WARN_BLOCK_CAPTURE_AUTORELEASING = YES;
				CLANG_WARN_BOOL_CONVERSION = YES;
				CLANG_WARN_COMMA = YES;
				CLANG_WARN_CONSTANT_CONVERSION = YES;
				CLANG_WARN_DEPRECATED_OBJC_IMPLEMENTATIONS = YES;
				CLANG_WARN_DIRECT_OBJC_ISA_USAGE = YES_ERROR;
				CLANG_WARN_DOCUMENTATION_COMMENTS = YES;
				CLANG_WARN_EMPTY_BODY = YES;
				CLANG_WARN_ENUM_CONVERSION = YES;
				CLANG_WARN_INFINITE_RECURSION = YES;
				CLANG_WARN_INT_CONVERSION = YES;
				CLANG_WARN_NON_LITERAL_NULL_CONVERSION = YES;
				CLANG_WARN_OBJC_IMPLICIT_RETAIN_SELF = YES;
				CLANG_WARN_OBJC_LITERAL_CONVERSION = YES;
				CLANG_WARN_OBJC_ROOT_CLASS = YES_ERROR;
				CLANG_WARN_QUOTED_INCLUDE_IN_FRAMEWORK_HEADER = YES;
				CLANG_WARN_RANGE_LOOP_ANALYSIS = YES;
				CLANG_WARN_STRICT_PROTOTYPES = YES;
				CLANG_WARN_SUSPICIOUS_MOVE = YES;
				CLANG_WARN_UNGUARDED_AVAILABILITY = YES_AGGRESSIVE;
				CLANG_WARN_UNREACHABLE_CODE = YES;
				CLANG_WARN__DUPLICATE_METHOD_MATCH = YES;
				COPY_PHASE_STRIP = NO;
				CURRENT_PROJECT_VERSION = 1;
				DEAD_CODE_STRIPPING = YES;
				DEBUG_INFORMATION_FORMAT = "dwarf-with-dsym";
				ENABLE_NS_ASSERTIONS = NO;
				ENABLE_STRICT_OBJC_MSGSEND = YES;
				ENABLE_USER_SCRIPT_SANDBOXING = YES;
				GCC_C_LANGUAGE_STANDARD = gnu17;
				GCC_NO_COMMON_BLOCKS = YES;
				GCC_WARN_64_TO_32_BIT_CONVERSION = YES;
				GCC_WARN_ABOUT_RETURN_TYPE = YES_ERROR;
				GCC_WARN_UNDECLARED_SELECTOR = YES;
				GCC_WARN_UNINITIALIZED_AUTOS = YES_AGGRESSIVE;
				GCC_WARN_UNUSED_FUNCTION = YES;
				GCC_WARN_UNUSED_VARIABLE = YES;
				IPHONEOS_DEPLOYMENT_TARGET = 16.0;
				LOCALIZATION_PREFERS_STRING_CATALOGS = YES;
				MACOSX_DEPLOYMENT_TARGET = 13.0;
				MTL_ENABLE_DEBUG_INFO = NO;
				MTL_FAST_MATH = YES;
				SDKROOT = macosx;
				SWIFT_COMPILATION_MODE = wholemodule;
				VERSIONING_SYSTEM = "apple-generic";
				VERSION_INFO_PREFIX = "";
			};
			name = Release;
		};
		9359F65F2B6EEBE60019DE0B /* Debug */ = {
			isa = XCBuildConfiguration;
			buildSettings = {
				CODE_SIGN_IDENTITY = "";
				CODE_SIGN_STYLE = Automatic;
				COMBINE_HIDPI_IMAGES = YES;
				CURRENT_PROJECT_VERSION = 1;
				DEAD_CODE_STRIPPING = YES;
				DEFINES_MODULE = YES;
				DEVELOPMENT_TEAM = PV8C8697QD;
				DYLIB_COMPATIBILITY_VERSION = 1;
				DYLIB_CURRENT_VERSION = 1;
				DYLIB_INSTALL_NAME_BASE = "@rpath";
				ENABLE_MODULE_VERIFIER = YES;
				GENERATE_INFOPLIST_FILE = YES;
				INFOPLIST_KEY_NSHumanReadableCopyright = "";
				INSTALL_PATH = "$(LOCAL_LIBRARY_DIR)/Frameworks";
				LD_RUNPATH_SEARCH_PATHS = (
					"$(inherited)",
					"@executable_path/../Frameworks",
					"@loader_path/Frameworks",
				);
				MACOSX_DEPLOYMENT_TARGET = 13.0;
				MARKETING_VERSION = 1.0;
				MODULE_VERIFIER_SUPPORTED_LANGUAGES = "objective-c objective-c++";
				MODULE_VERIFIER_SUPPORTED_LANGUAGE_STANDARDS = "gnu17 gnu++20";
				PRODUCT_BUNDLE_IDENTIFIER = com.iosjess.EssentialFeed;
				PRODUCT_NAME = "$(TARGET_NAME:c99extidentifier)";
				SKIP_INSTALL = YES;
				SUPPORTED_PLATFORMS = "macosx iphoneos iphonesimulator";
				SWIFT_EMIT_LOC_STRINGS = YES;
				SWIFT_VERSION = 5.0;
			};
			name = Debug;
		};
		9359F6602B6EEBE60019DE0B /* Release */ = {
			isa = XCBuildConfiguration;
			buildSettings = {
				CODE_SIGN_IDENTITY = "";
				CODE_SIGN_STYLE = Automatic;
				COMBINE_HIDPI_IMAGES = YES;
				CURRENT_PROJECT_VERSION = 1;
				DEAD_CODE_STRIPPING = YES;
				DEFINES_MODULE = YES;
				DEVELOPMENT_TEAM = PV8C8697QD;
				DYLIB_COMPATIBILITY_VERSION = 1;
				DYLIB_CURRENT_VERSION = 1;
				DYLIB_INSTALL_NAME_BASE = "@rpath";
				ENABLE_MODULE_VERIFIER = YES;
				GENERATE_INFOPLIST_FILE = YES;
				INFOPLIST_KEY_NSHumanReadableCopyright = "";
				INSTALL_PATH = "$(LOCAL_LIBRARY_DIR)/Frameworks";
				LD_RUNPATH_SEARCH_PATHS = (
					"$(inherited)",
					"@executable_path/../Frameworks",
					"@loader_path/Frameworks",
				);
				MACOSX_DEPLOYMENT_TARGET = 13.0;
				MARKETING_VERSION = 1.0;
				MODULE_VERIFIER_SUPPORTED_LANGUAGES = "objective-c objective-c++";
				MODULE_VERIFIER_SUPPORTED_LANGUAGE_STANDARDS = "gnu17 gnu++20";
				PRODUCT_BUNDLE_IDENTIFIER = com.iosjess.EssentialFeed;
				PRODUCT_NAME = "$(TARGET_NAME:c99extidentifier)";
				SKIP_INSTALL = YES;
				SUPPORTED_PLATFORMS = "macosx iphoneos iphonesimulator";
				SWIFT_EMIT_LOC_STRINGS = YES;
				SWIFT_VERSION = 5.0;
			};
			name = Release;
		};
		9359F6622B6EEBE60019DE0B /* Debug */ = {
			isa = XCBuildConfiguration;
			buildSettings = {
				ALWAYS_EMBED_SWIFT_STANDARD_LIBRARIES = YES;
				CODE_SIGN_STYLE = Automatic;
				CURRENT_PROJECT_VERSION = 1;
				DEAD_CODE_STRIPPING = YES;
				DEVELOPMENT_TEAM = PV8C8697QD;
				GENERATE_INFOPLIST_FILE = YES;
				MACOSX_DEPLOYMENT_TARGET = 13.0;
				MARKETING_VERSION = 1.0;
				PRODUCT_BUNDLE_IDENTIFIER = com.iosjess.EssentialFeedTests;
				PRODUCT_NAME = "$(TARGET_NAME)";
				SUPPORTED_PLATFORMS = "macosx iphoneos iphonesimulator";
				SWIFT_EMIT_LOC_STRINGS = NO;
				SWIFT_VERSION = 5.0;
			};
			name = Debug;
		};
		9359F6632B6EEBE60019DE0B /* Release */ = {
			isa = XCBuildConfiguration;
			buildSettings = {
				ALWAYS_EMBED_SWIFT_STANDARD_LIBRARIES = YES;
				CODE_SIGN_STYLE = Automatic;
				CURRENT_PROJECT_VERSION = 1;
				DEAD_CODE_STRIPPING = YES;
				DEVELOPMENT_TEAM = PV8C8697QD;
				GENERATE_INFOPLIST_FILE = YES;
				MACOSX_DEPLOYMENT_TARGET = 13.0;
				MARKETING_VERSION = 1.0;
				PRODUCT_BUNDLE_IDENTIFIER = com.iosjess.EssentialFeedTests;
				PRODUCT_NAME = "$(TARGET_NAME)";
				SUPPORTED_PLATFORMS = "macosx iphoneos iphonesimulator";
				SWIFT_EMIT_LOC_STRINGS = NO;
				SWIFT_VERSION = 5.0;
			};
			name = Release;
		};
		938F61182BA5316A005471FF /* Debug */ = {
			isa = XCBuildConfiguration;
			buildSettings = {
				CODE_SIGN_STYLE = Automatic;
				CURRENT_PROJECT_VERSION = 1;
				DEVELOPMENT_TEAM = PV8C8697QD;
				GENERATE_INFOPLIST_FILE = YES;
				MACOSX_DEPLOYMENT_TARGET = 13.0;
				MARKETING_VERSION = 1.0;
				PRODUCT_BUNDLE_IDENTIFIER = com.iosjess.EssentialFeedCacheIntegrationTests;
				PRODUCT_NAME = "$(TARGET_NAME)";
				SUPPORTED_PLATFORMS = "macosx iphoneos iphonesimulator";
				SWIFT_EMIT_LOC_STRINGS = NO;
				SWIFT_VERSION = 5.0;
			};
			name = Debug;
		};
		938F61192BA5316A005471FF /* Release */ = {
			isa = XCBuildConfiguration;
			buildSettings = {
				CODE_SIGN_STYLE = Automatic;
				CURRENT_PROJECT_VERSION = 1;
				DEVELOPMENT_TEAM = PV8C8697QD;
				GENERATE_INFOPLIST_FILE = YES;
				MACOSX_DEPLOYMENT_TARGET = 13.0;
				MARKETING_VERSION = 1.0;
				PRODUCT_BUNDLE_IDENTIFIER = com.iosjess.EssentialFeedCacheIntegrationTests;
				PRODUCT_NAME = "$(TARGET_NAME)";
				SUPPORTED_PLATFORMS = "macosx iphoneos iphonesimulator";
				SWIFT_EMIT_LOC_STRINGS = NO;
				SWIFT_VERSION = 5.0;
			};
			name = Release;
		};
/* End XCBuildConfiguration section */

/* Begin XCConfigurationList section */
		93159C502B80F06200851AA2 /* Build configuration list for PBXNativeTarget "EssentialFeedAPIEndToEndTests" */ = {
			isa = XCConfigurationList;
			buildConfigurations = (
				93159C512B80F06200851AA2 /* Debug */,
				93159C522B80F06200851AA2 /* Release */,
			);
			defaultConfigurationIsVisible = 0;
			defaultConfigurationName = Release;
		};
		9357E13C2BAF5EF2007F974C /* Build configuration list for PBXNativeTarget "EssentialFeediOS" */ = {
			isa = XCConfigurationList;
			buildConfigurations = (
				9357E13D2BAF5EF2007F974C /* Debug */,
				9357E13E2BAF5EF2007F974C /* Release */,
			);
			defaultConfigurationIsVisible = 0;
			defaultConfigurationName = Release;
		};
		9357E13F2BAF5EF2007F974C /* Build configuration list for PBXNativeTarget "EssentialFeediOSTests" */ = {
			isa = XCConfigurationList;
			buildConfigurations = (
				9357E1402BAF5EF2007F974C /* Debug */,
				9357E1412BAF5EF2007F974C /* Release */,
			);
			defaultConfigurationIsVisible = 0;
			defaultConfigurationName = Release;
		};
		9359F6442B6EEBE50019DE0B /* Build configuration list for PBXProject "EssentialFeed" */ = {
			isa = XCConfigurationList;
			buildConfigurations = (
				9359F65C2B6EEBE60019DE0B /* Debug */,
				9359F65D2B6EEBE60019DE0B /* Release */,
			);
			defaultConfigurationIsVisible = 0;
			defaultConfigurationName = Release;
		};
		9359F65E2B6EEBE60019DE0B /* Build configuration list for PBXNativeTarget "EssentialFeed" */ = {
			isa = XCConfigurationList;
			buildConfigurations = (
				9359F65F2B6EEBE60019DE0B /* Debug */,
				9359F6602B6EEBE60019DE0B /* Release */,
			);
			defaultConfigurationIsVisible = 0;
			defaultConfigurationName = Release;
		};
		9359F6612B6EEBE60019DE0B /* Build configuration list for PBXNativeTarget "EssentialFeedTests" */ = {
			isa = XCConfigurationList;
			buildConfigurations = (
				9359F6622B6EEBE60019DE0B /* Debug */,
				9359F6632B6EEBE60019DE0B /* Release */,
			);
			defaultConfigurationIsVisible = 0;
			defaultConfigurationName = Release;
		};
		938F61172BA5316A005471FF /* Build configuration list for PBXNativeTarget "EssentialFeedCacheIntegrationTests" */ = {
			isa = XCConfigurationList;
			buildConfigurations = (
				938F61182BA5316A005471FF /* Debug */,
				938F61192BA5316A005471FF /* Release */,
			);
			defaultConfigurationIsVisible = 0;
			defaultConfigurationName = Release;
		};
/* End XCConfigurationList section */

/* Begin XCVersionGroup section */
		938F60FD2B9AB4AE005471FF /* FeedStore.xcdatamodeld */ = {
			isa = XCVersionGroup;
			children = (
				9339C6492BF111BE003E3DCB /* FeedStore2.xcdatamodel */,
				938F60FE2B9AB4AE005471FF /* FeedStore.xcdatamodel */,
			);
			currentVersion = 9339C6492BF111BE003E3DCB /* FeedStore2.xcdatamodel */;
			path = FeedStore.xcdatamodeld;
			sourceTree = "<group>";
			versionGroupType = wrapper.xcdatamodel;
		};
/* End XCVersionGroup section */
	};
	rootObject = 9359F6412B6EEBE50019DE0B /* Project object */;
}
