// !$*UTF8*$!
{
	archiveVersion = 1;
	classes = {
	};
	objectVersion = 56;
	objects = {

/* Begin PBXBuildFile section */
		9318AF4A2C4066F000425327 /* SceneDelegateTests.swift in Sources */ = {isa = PBXBuildFile; fileRef = 9318AF492C4066F000425327 /* SceneDelegateTests.swift */; };
		9318AF522C40AA5F00425327 /* WeakRefVirtualProxy.swift in Sources */ = {isa = PBXBuildFile; fileRef = 9318AF4B2C40AA5E00425327 /* WeakRefVirtualProxy.swift */; };
		9318AF532C40AA5F00425327 /* FeedViewAdapter.swift in Sources */ = {isa = PBXBuildFile; fileRef = 9318AF4F2C40AA5E00425327 /* FeedViewAdapter.swift */; };
		9318AF542C40AA5F00425327 /* FeedImageDataLoaderPresentationAdapter.swift in Sources */ = {isa = PBXBuildFile; fileRef = 9318AF502C40AA5E00425327 /* FeedImageDataLoaderPresentationAdapter.swift */; };
		9318AF552C40AA5F00425327 /* FeedUIComposer.swift in Sources */ = {isa = PBXBuildFile; fileRef = 9318AF4C2C40AA5E00425327 /* FeedUIComposer.swift */; };
		9318AF562C40AA5F00425327 /* FeedLoaderPresenterAdapter.swift in Sources */ = {isa = PBXBuildFile; fileRef = 9318AF4E2C40AA5E00425327 /* FeedLoaderPresenterAdapter.swift */; };
		9318AF602C40AAA500425327 /* FeedImageCell+TestHelpers.swift in Sources */ = {isa = PBXBuildFile; fileRef = 9318AF5C2C40AAA400425327 /* FeedImageCell+TestHelpers.swift */; };
		9318AF612C40AAA500425327 /* FeedUIIntegrationTests+Assertions.swift in Sources */ = {isa = PBXBuildFile; fileRef = 9318AF5D2C40AAA500425327 /* FeedUIIntegrationTests+Assertions.swift */; };
		9318AF622C40AAA500425327 /* UIRefreshControl+TestHelpers.swift in Sources */ = {isa = PBXBuildFile; fileRef = 9318AF5E2C40AAA500425327 /* UIRefreshControl+TestHelpers.swift */; };
		9318AF632C40AAA500425327 /* UIButton+TestHelpers.swift in Sources */ = {isa = PBXBuildFile; fileRef = 9318AF5B2C40AAA400425327 /* UIButton+TestHelpers.swift */; };
		9318AF642C40AAA500425327 /* UIControl+TestHelpers.swift in Sources */ = {isa = PBXBuildFile; fileRef = 9318AF572C40AAA400425327 /* UIControl+TestHelpers.swift */; };
		9318AF652C40AAA500425327 /* UIImage+TestHelpers.swift in Sources */ = {isa = PBXBuildFile; fileRef = 9318AF592C40AAA400425327 /* UIImage+TestHelpers.swift */; };
		9318AF662C40AAA500425327 /* FeedViewControllers+TestHelpers.swift in Sources */ = {isa = PBXBuildFile; fileRef = 9318AF5A2C40AAA400425327 /* FeedViewControllers+TestHelpers.swift */; };
		9318AF672C40AAA500425327 /* FeedUIIntegrationTests+Localization.swift in Sources */ = {isa = PBXBuildFile; fileRef = 9318AF582C40AAA400425327 /* FeedUIIntegrationTests+Localization.swift */; };
		9318AF682C40AAA500425327 /* FeedUIIntegrationTests+LoaderSpy.swift in Sources */ = {isa = PBXBuildFile; fileRef = 9318AF5F2C40AAA500425327 /* FeedUIIntegrationTests+LoaderSpy.swift */; };
		9318AF6A2C40AACE00425327 /* FeedUIIntegrationTests.swift in Sources */ = {isa = PBXBuildFile; fileRef = 9318AF692C40AACE00425327 /* FeedUIIntegrationTests.swift */; };
		9318AF6C2C40AE1700425327 /* FeedAcceptanceTests.swift in Sources */ = {isa = PBXBuildFile; fileRef = 9318AF6B2C40AE1700425327 /* FeedAcceptanceTests.swift */; };
		9318AF6E2C40C3B800425327 /* HTTPClientStub.swift in Sources */ = {isa = PBXBuildFile; fileRef = 9318AF6D2C40C3B800425327 /* HTTPClientStub.swift */; };
		9318AF702C40C46600425327 /* InMemoryFeedStore.swift in Sources */ = {isa = PBXBuildFile; fileRef = 9318AF6F2C40C46600425327 /* InMemoryFeedStore.swift */; };
		9339C65B2BF18C43003E3DCB /* AppDelegate.swift in Sources */ = {isa = PBXBuildFile; fileRef = 9339C65A2BF18C43003E3DCB /* AppDelegate.swift */; };
		9339C65D2BF18C43003E3DCB /* SceneDelegate.swift in Sources */ = {isa = PBXBuildFile; fileRef = 9339C65C2BF18C43003E3DCB /* SceneDelegate.swift */; };
		9339C6642BF18C46003E3DCB /* Assets.xcassets in Resources */ = {isa = PBXBuildFile; fileRef = 9339C6632BF18C46003E3DCB /* Assets.xcassets */; };
		9339C6672BF18C46003E3DCB /* LaunchScreen.storyboard in Resources */ = {isa = PBXBuildFile; fileRef = 9339C6652BF18C46003E3DCB /* LaunchScreen.storyboard */; };
		937453682C573B3100ABADCF /* CombineHelpers.swift in Sources */ = {isa = PBXBuildFile; fileRef = 937453672C573B3100ABADCF /* CombineHelpers.swift */; };
		937509502BFEABFD00446F3D /* FeedLoaderStub.swift in Sources */ = {isa = PBXBuildFile; fileRef = 9375094F2BFEABFD00446F3D /* FeedLoaderStub.swift */; };
		937509522BFEACFC00446F3D /* XCTestCase+FeedLoader.swift in Sources */ = {isa = PBXBuildFile; fileRef = 937509512BFEACFC00446F3D /* XCTestCase+FeedLoader.swift */; };
		9375095A2BFEB9B900446F3D /* FeedImageDataLoaderSpy.swift in Sources */ = {isa = PBXBuildFile; fileRef = 937509592BFEB9B900446F3D /* FeedImageDataLoaderSpy.swift */; };
		9375095C2BFEBA5C00446F3D /* XCTestCase+FeedImageDataLoader.swift in Sources */ = {isa = PBXBuildFile; fileRef = 9375095B2BFEBA5C00446F3D /* XCTestCase+FeedImageDataLoader.swift */; };
		93B8E83A2C55680E0082B421 /* UIView+TestHelpers.swift in Sources */ = {isa = PBXBuildFile; fileRef = 93B8E8392C55680E0082B421 /* UIView+TestHelpers.swift */; };
		93B8E83B2C55DCCB0082B421 /* EssentialFeed.framework in Frameworks */ = {isa = PBXBuildFile; fileRef = 930546252BF18EBF0085C713 /* EssentialFeed.framework */; };
		93B8E83E2C55DCCD0082B421 /* EssentialFeediOS.framework in Frameworks */ = {isa = PBXBuildFile; fileRef = 930546262BF18EBF0085C713 /* EssentialFeediOS.framework */; };
		93D765C12BF95A060013A518 /* XCTestCase+MemoryLeakTracking.swift in Sources */ = {isa = PBXBuildFile; fileRef = 93D765C02BF95A060013A518 /* XCTestCase+MemoryLeakTracking.swift */; };
		93D765C32BF95A810013A518 /* SharedTestHelpers.swift in Sources */ = {isa = PBXBuildFile; fileRef = 93D765C22BF95A810013A518 /* SharedTestHelpers.swift */; };
/* End PBXBuildFile section */

/* Begin PBXContainerItemProxy section */
		9339C66E2BF18C46003E3DCB /* PBXContainerItemProxy */ = {
			isa = PBXContainerItemProxy;
			containerPortal = 9339C64F2BF18C43003E3DCB /* Project object */;
			proxyType = 1;
			remoteGlobalIDString = 9339C6562BF18C43003E3DCB;
			remoteInfo = EssentialApp;
		};
/* End PBXContainerItemProxy section */

/* Begin PBXFileReference section */
		930546252BF18EBF0085C713 /* EssentialFeed.framework */ = {isa = PBXFileReference; explicitFileType = wrapper.framework; path = EssentialFeed.framework; sourceTree = BUILT_PRODUCTS_DIR; };
		930546262BF18EBF0085C713 /* EssentialFeediOS.framework */ = {isa = PBXFileReference; explicitFileType = wrapper.framework; path = EssentialFeediOS.framework; sourceTree = BUILT_PRODUCTS_DIR; };
		9318AF492C4066F000425327 /* SceneDelegateTests.swift */ = {isa = PBXFileReference; lastKnownFileType = sourcecode.swift; path = SceneDelegateTests.swift; sourceTree = "<group>"; };
		9318AF4B2C40AA5E00425327 /* WeakRefVirtualProxy.swift */ = {isa = PBXFileReference; lastKnownFileType = sourcecode.swift; path = WeakRefVirtualProxy.swift; sourceTree = "<group>"; };
		9318AF4C2C40AA5E00425327 /* FeedUIComposer.swift */ = {isa = PBXFileReference; lastKnownFileType = sourcecode.swift; path = FeedUIComposer.swift; sourceTree = "<group>"; };
		9318AF4E2C40AA5E00425327 /* FeedLoaderPresenterAdapter.swift */ = {isa = PBXFileReference; lastKnownFileType = sourcecode.swift; path = FeedLoaderPresenterAdapter.swift; sourceTree = "<group>"; };
		9318AF4F2C40AA5E00425327 /* FeedViewAdapter.swift */ = {isa = PBXFileReference; lastKnownFileType = sourcecode.swift; path = FeedViewAdapter.swift; sourceTree = "<group>"; };
		9318AF502C40AA5E00425327 /* FeedImageDataLoaderPresentationAdapter.swift */ = {isa = PBXFileReference; lastKnownFileType = sourcecode.swift; path = FeedImageDataLoaderPresentationAdapter.swift; sourceTree = "<group>"; };
		9318AF572C40AAA400425327 /* UIControl+TestHelpers.swift */ = {isa = PBXFileReference; lastKnownFileType = sourcecode.swift; path = "UIControl+TestHelpers.swift"; sourceTree = "<group>"; };
		9318AF582C40AAA400425327 /* FeedUIIntegrationTests+Localization.swift */ = {isa = PBXFileReference; lastKnownFileType = sourcecode.swift; path = "FeedUIIntegrationTests+Localization.swift"; sourceTree = "<group>"; };
		9318AF592C40AAA400425327 /* UIImage+TestHelpers.swift */ = {isa = PBXFileReference; lastKnownFileType = sourcecode.swift; path = "UIImage+TestHelpers.swift"; sourceTree = "<group>"; };
		9318AF5A2C40AAA400425327 /* FeedViewControllers+TestHelpers.swift */ = {isa = PBXFileReference; lastKnownFileType = sourcecode.swift; path = "FeedViewControllers+TestHelpers.swift"; sourceTree = "<group>"; };
		9318AF5B2C40AAA400425327 /* UIButton+TestHelpers.swift */ = {isa = PBXFileReference; lastKnownFileType = sourcecode.swift; path = "UIButton+TestHelpers.swift"; sourceTree = "<group>"; };
		9318AF5C2C40AAA400425327 /* FeedImageCell+TestHelpers.swift */ = {isa = PBXFileReference; lastKnownFileType = sourcecode.swift; path = "FeedImageCell+TestHelpers.swift"; sourceTree = "<group>"; };
		9318AF5D2C40AAA500425327 /* FeedUIIntegrationTests+Assertions.swift */ = {isa = PBXFileReference; lastKnownFileType = sourcecode.swift; path = "FeedUIIntegrationTests+Assertions.swift"; sourceTree = "<group>"; };
		9318AF5E2C40AAA500425327 /* UIRefreshControl+TestHelpers.swift */ = {isa = PBXFileReference; lastKnownFileType = sourcecode.swift; path = "UIRefreshControl+TestHelpers.swift"; sourceTree = "<group>"; };
		9318AF5F2C40AAA500425327 /* FeedUIIntegrationTests+LoaderSpy.swift */ = {isa = PBXFileReference; lastKnownFileType = sourcecode.swift; path = "FeedUIIntegrationTests+LoaderSpy.swift"; sourceTree = "<group>"; };
		9318AF692C40AACE00425327 /* FeedUIIntegrationTests.swift */ = {isa = PBXFileReference; lastKnownFileType = sourcecode.swift; path = FeedUIIntegrationTests.swift; sourceTree = "<group>"; };
		9318AF6B2C40AE1700425327 /* FeedAcceptanceTests.swift */ = {isa = PBXFileReference; lastKnownFileType = sourcecode.swift; path = FeedAcceptanceTests.swift; sourceTree = "<group>"; };
		9318AF6D2C40C3B800425327 /* HTTPClientStub.swift */ = {isa = PBXFileReference; lastKnownFileType = sourcecode.swift; path = HTTPClientStub.swift; sourceTree = "<group>"; };
		9318AF6F2C40C46600425327 /* InMemoryFeedStore.swift */ = {isa = PBXFileReference; lastKnownFileType = sourcecode.swift; path = InMemoryFeedStore.swift; sourceTree = "<group>"; };
		9339C6572BF18C43003E3DCB /* EssentialApp.app */ = {isa = PBXFileReference; explicitFileType = wrapper.application; includeInIndex = 0; path = EssentialApp.app; sourceTree = BUILT_PRODUCTS_DIR; };
		9339C65A2BF18C43003E3DCB /* AppDelegate.swift */ = {isa = PBXFileReference; lastKnownFileType = sourcecode.swift; path = AppDelegate.swift; sourceTree = "<group>"; };
		9339C65C2BF18C43003E3DCB /* SceneDelegate.swift */ = {isa = PBXFileReference; lastKnownFileType = sourcecode.swift; path = SceneDelegate.swift; sourceTree = "<group>"; };
		9339C6632BF18C46003E3DCB /* Assets.xcassets */ = {isa = PBXFileReference; lastKnownFileType = folder.assetcatalog; path = Assets.xcassets; sourceTree = "<group>"; };
		9339C6662BF18C46003E3DCB /* Base */ = {isa = PBXFileReference; lastKnownFileType = file.storyboard; name = Base; path = Base.lproj/LaunchScreen.storyboard; sourceTree = "<group>"; };
		9339C6682BF18C46003E3DCB /* Info.plist */ = {isa = PBXFileReference; lastKnownFileType = text.plist.xml; path = Info.plist; sourceTree = "<group>"; };
		9339C66D2BF18C46003E3DCB /* EssentialAppTests.xctest */ = {isa = PBXFileReference; explicitFileType = wrapper.cfbundle; includeInIndex = 0; path = EssentialAppTests.xctest; sourceTree = BUILT_PRODUCTS_DIR; };
		937453672C573B3100ABADCF /* CombineHelpers.swift */ = {isa = PBXFileReference; lastKnownFileType = sourcecode.swift; path = CombineHelpers.swift; sourceTree = "<group>"; };
		9375094F2BFEABFD00446F3D /* FeedLoaderStub.swift */ = {isa = PBXFileReference; lastKnownFileType = sourcecode.swift; path = FeedLoaderStub.swift; sourceTree = "<group>"; };
		937509512BFEACFC00446F3D /* XCTestCase+FeedLoader.swift */ = {isa = PBXFileReference; lastKnownFileType = sourcecode.swift; path = "XCTestCase+FeedLoader.swift"; sourceTree = "<group>"; };
		937509592BFEB9B900446F3D /* FeedImageDataLoaderSpy.swift */ = {isa = PBXFileReference; lastKnownFileType = sourcecode.swift; path = FeedImageDataLoaderSpy.swift; sourceTree = "<group>"; };
		9375095B2BFEBA5C00446F3D /* XCTestCase+FeedImageDataLoader.swift */ = {isa = PBXFileReference; lastKnownFileType = sourcecode.swift; path = "XCTestCase+FeedImageDataLoader.swift"; sourceTree = "<group>"; };
		93B8E8392C55680E0082B421 /* UIView+TestHelpers.swift */ = {isa = PBXFileReference; lastKnownFileType = sourcecode.swift; path = "UIView+TestHelpers.swift"; sourceTree = "<group>"; };
		93D765C02BF95A060013A518 /* XCTestCase+MemoryLeakTracking.swift */ = {isa = PBXFileReference; lastKnownFileType = sourcecode.swift; path = "XCTestCase+MemoryLeakTracking.swift"; sourceTree = "<group>"; };
		93D765C22BF95A810013A518 /* SharedTestHelpers.swift */ = {isa = PBXFileReference; lastKnownFileType = sourcecode.swift; path = SharedTestHelpers.swift; sourceTree = "<group>"; };
/* End PBXFileReference section */

/* Begin PBXFrameworksBuildPhase section */
		9339C6542BF18C43003E3DCB /* Frameworks */ = {
			isa = PBXFrameworksBuildPhase;
			buildActionMask = 2147483647;
			files = (
				93B8E83B2C55DCCB0082B421 /* EssentialFeed.framework in Frameworks */,
				93B8E83E2C55DCCD0082B421 /* EssentialFeediOS.framework in Frameworks */,
			);
			runOnlyForDeploymentPostprocessing = 0;
		};
		9339C66A2BF18C46003E3DCB /* Frameworks */ = {
			isa = PBXFrameworksBuildPhase;
			buildActionMask = 2147483647;
			files = (
			);
			runOnlyForDeploymentPostprocessing = 0;
		};
/* End PBXFrameworksBuildPhase section */

/* Begin PBXGroup section */
		930546242BF18EBF0085C713 /* Frameworks */ = {
			isa = PBXGroup;
			children = (
				930546252BF18EBF0085C713 /* EssentialFeed.framework */,
				930546262BF18EBF0085C713 /* EssentialFeediOS.framework */,
			);
			name = Frameworks;
			sourceTree = "<group>";
		};
		9339C64E2BF18C43003E3DCB = {
			isa = PBXGroup;
			children = (
				9339C6592BF18C43003E3DCB /* EssentialApp */,
				9339C6702BF18C46003E3DCB /* EssentialAppTests */,
				9339C6582BF18C43003E3DCB /* Products */,
				930546242BF18EBF0085C713 /* Frameworks */,
			);
			sourceTree = "<group>";
		};
		9339C6582BF18C43003E3DCB /* Products */ = {
			isa = PBXGroup;
			children = (
				9339C6572BF18C43003E3DCB /* EssentialApp.app */,
				9339C66D2BF18C46003E3DCB /* EssentialAppTests.xctest */,
			);
			name = Products;
			sourceTree = "<group>";
		};
		9339C6592BF18C43003E3DCB /* EssentialApp */ = {
			isa = PBXGroup;
			children = (
				9339C65A2BF18C43003E3DCB /* AppDelegate.swift */,
				9339C65C2BF18C43003E3DCB /* SceneDelegate.swift */,
				937453672C573B3100ABADCF /* CombineHelpers.swift */,
				9318AF4C2C40AA5E00425327 /* FeedUIComposer.swift */,
				9318AF4B2C40AA5E00425327 /* WeakRefVirtualProxy.swift */,
				9318AF502C40AA5E00425327 /* FeedImageDataLoaderPresentationAdapter.swift */,
				9318AF4E2C40AA5E00425327 /* FeedLoaderPresenterAdapter.swift */,
				9318AF4F2C40AA5E00425327 /* FeedViewAdapter.swift */,
				9339C6632BF18C46003E3DCB /* Assets.xcassets */,
				9339C6652BF18C46003E3DCB /* LaunchScreen.storyboard */,
				9339C6682BF18C46003E3DCB /* Info.plist */,
			);
			path = EssentialApp;
			sourceTree = "<group>";
		};
		9339C6702BF18C46003E3DCB /* EssentialAppTests */ = {
			isa = PBXGroup;
			children = (
				93D765BF2BF959E20013A518 /* Helpers */,
				9318AF692C40AACE00425327 /* FeedUIIntegrationTests.swift */,
				9318AF492C4066F000425327 /* SceneDelegateTests.swift */,
				9318AF6B2C40AE1700425327 /* FeedAcceptanceTests.swift */,
			);
			path = EssentialAppTests;
			sourceTree = "<group>";
		};
		93D765BF2BF959E20013A518 /* Helpers */ = {
			isa = PBXGroup;
			children = (
				93D765C02BF95A060013A518 /* XCTestCase+MemoryLeakTracking.swift */,
				93D765C22BF95A810013A518 /* SharedTestHelpers.swift */,
				9375094F2BFEABFD00446F3D /* FeedLoaderStub.swift */,
				937509512BFEACFC00446F3D /* XCTestCase+FeedLoader.swift */,
				937509592BFEB9B900446F3D /* FeedImageDataLoaderSpy.swift */,
				9375095B2BFEBA5C00446F3D /* XCTestCase+FeedImageDataLoader.swift */,
				9318AF592C40AAA400425327 /* UIImage+TestHelpers.swift */,
				9318AF5E2C40AAA500425327 /* UIRefreshControl+TestHelpers.swift */,
				9318AF5B2C40AAA400425327 /* UIButton+TestHelpers.swift */,
				9318AF572C40AAA400425327 /* UIControl+TestHelpers.swift */,
				9318AF5A2C40AAA400425327 /* FeedViewControllers+TestHelpers.swift */,
				9318AF5C2C40AAA400425327 /* FeedImageCell+TestHelpers.swift */,
				9318AF5F2C40AAA500425327 /* FeedUIIntegrationTests+LoaderSpy.swift */,
				9318AF5D2C40AAA500425327 /* FeedUIIntegrationTests+Assertions.swift */,
				9318AF582C40AAA400425327 /* FeedUIIntegrationTests+Localization.swift */,
				9318AF6D2C40C3B800425327 /* HTTPClientStub.swift */,
				9318AF6F2C40C46600425327 /* InMemoryFeedStore.swift */,
				93B8E8392C55680E0082B421 /* UIView+TestHelpers.swift */,
			);
			path = Helpers;
			sourceTree = "<group>";
		};
/* End PBXGroup section */

/* Begin PBXNativeTarget section */
		9339C6562BF18C43003E3DCB /* EssentialApp */ = {
			isa = PBXNativeTarget;
			buildConfigurationList = 9339C6812BF18C46003E3DCB /* Build configuration list for PBXNativeTarget "EssentialApp" */;
			buildPhases = (
				9339C6532BF18C43003E3DCB /* Sources */,
				9339C6542BF18C43003E3DCB /* Frameworks */,
				9339C6552BF18C43003E3DCB /* Resources */,
			);
			buildRules = (
			);
			dependencies = (
			);
			name = EssentialApp;
			productName = EssentialApp;
			productReference = 9339C6572BF18C43003E3DCB /* EssentialApp.app */;
			productType = "com.apple.product-type.application";
		};
		9339C66C2BF18C46003E3DCB /* EssentialAppTests */ = {
			isa = PBXNativeTarget;
			buildConfigurationList = 9339C6842BF18C46003E3DCB /* Build configuration list for PBXNativeTarget "EssentialAppTests" */;
			buildPhases = (
				9339C6692BF18C46003E3DCB /* Sources */,
				9339C66A2BF18C46003E3DCB /* Frameworks */,
				9339C66B2BF18C46003E3DCB /* Resources */,
			);
			buildRules = (
			);
			dependencies = (
				9339C66F2BF18C46003E3DCB /* PBXTargetDependency */,
			);
			name = EssentialAppTests;
			productName = EssentialAppTests;
			productReference = 9339C66D2BF18C46003E3DCB /* EssentialAppTests.xctest */;
			productType = "com.apple.product-type.bundle.unit-test";
		};
/* End PBXNativeTarget section */

/* Begin PBXProject section */
		9339C64F2BF18C43003E3DCB /* Project object */ = {
			isa = PBXProject;
			attributes = {
				BuildIndependentTargetsInParallel = 1;
				LastSwiftUpdateCheck = 1520;
				LastUpgradeCheck = 1520;
				TargetAttributes = {
					9339C6562BF18C43003E3DCB = {
						CreatedOnToolsVersion = 15.2;
					};
					9339C66C2BF18C46003E3DCB = {
						CreatedOnToolsVersion = 15.2;
						LastSwiftMigration = 1520;
						TestTargetID = 9339C6562BF18C43003E3DCB;
					};
				};
			};
			buildConfigurationList = 9339C6522BF18C43003E3DCB /* Build configuration list for PBXProject "EssentialApp" */;
			compatibilityVersion = "Xcode 14.0";
			developmentRegion = en;
			hasScannedForEncodings = 0;
			knownRegions = (
				en,
				Base,
			);
			mainGroup = 9339C64E2BF18C43003E3DCB;
			productRefGroup = 9339C6582BF18C43003E3DCB /* Products */;
			projectDirPath = "";
			projectRoot = "";
			targets = (
				9339C6562BF18C43003E3DCB /* EssentialApp */,
				9339C66C2BF18C46003E3DCB /* EssentialAppTests */,
			);
		};
/* End PBXProject section */

/* Begin PBXResourcesBuildPhase section */
		9339C6552BF18C43003E3DCB /* Resources */ = {
			isa = PBXResourcesBuildPhase;
			buildActionMask = 2147483647;
			files = (
				9339C6672BF18C46003E3DCB /* LaunchScreen.storyboard in Resources */,
				9339C6642BF18C46003E3DCB /* Assets.xcassets in Resources */,
			);
			runOnlyForDeploymentPostprocessing = 0;
		};
		9339C66B2BF18C46003E3DCB /* Resources */ = {
			isa = PBXResourcesBuildPhase;
			buildActionMask = 2147483647;
			files = (
			);
			runOnlyForDeploymentPostprocessing = 0;
		};
/* End PBXResourcesBuildPhase section */

/* Begin PBXSourcesBuildPhase section */
		9339C6532BF18C43003E3DCB /* Sources */ = {
			isa = PBXSourcesBuildPhase;
			buildActionMask = 2147483647;
			files = (
				9318AF552C40AA5F00425327 /* FeedUIComposer.swift in Sources */,
				9339C65B2BF18C43003E3DCB /* AppDelegate.swift in Sources */,
				9318AF532C40AA5F00425327 /* FeedViewAdapter.swift in Sources */,
				9318AF562C40AA5F00425327 /* FeedLoaderPresenterAdapter.swift in Sources */,
				9318AF522C40AA5F00425327 /* WeakRefVirtualProxy.swift in Sources */,
				9318AF542C40AA5F00425327 /* FeedImageDataLoaderPresentationAdapter.swift in Sources */,
				9339C65D2BF18C43003E3DCB /* SceneDelegate.swift in Sources */,
				937453682C573B3100ABADCF /* CombineHelpers.swift in Sources */,
			);
			runOnlyForDeploymentPostprocessing = 0;
		};
		9339C6692BF18C46003E3DCB /* Sources */ = {
			isa = PBXSourcesBuildPhase;
			buildActionMask = 2147483647;
			files = (
				9318AF682C40AAA500425327 /* FeedUIIntegrationTests+LoaderSpy.swift in Sources */,
				93D765C32BF95A810013A518 /* SharedTestHelpers.swift in Sources */,
				937509522BFEACFC00446F3D /* XCTestCase+FeedLoader.swift in Sources */,
				9318AF642C40AAA500425327 /* UIControl+TestHelpers.swift in Sources */,
				9375095C2BFEBA5C00446F3D /* XCTestCase+FeedImageDataLoader.swift in Sources */,
				9318AF4A2C4066F000425327 /* SceneDelegateTests.swift in Sources */,
				9318AF612C40AAA500425327 /* FeedUIIntegrationTests+Assertions.swift in Sources */,
				9375095A2BFEB9B900446F3D /* FeedImageDataLoaderSpy.swift in Sources */,
				9318AF652C40AAA500425327 /* UIImage+TestHelpers.swift in Sources */,
				9318AF702C40C46600425327 /* InMemoryFeedStore.swift in Sources */,
				9318AF662C40AAA500425327 /* FeedViewControllers+TestHelpers.swift in Sources */,
				9318AF602C40AAA500425327 /* FeedImageCell+TestHelpers.swift in Sources */,
				9318AF6E2C40C3B800425327 /* HTTPClientStub.swift in Sources */,
				9318AF672C40AAA500425327 /* FeedUIIntegrationTests+Localization.swift in Sources */,
				93B8E83A2C55680E0082B421 /* UIView+TestHelpers.swift in Sources */,
				9318AF632C40AAA500425327 /* UIButton+TestHelpers.swift in Sources */,
				9318AF622C40AAA500425327 /* UIRefreshControl+TestHelpers.swift in Sources */,
				9318AF6C2C40AE1700425327 /* FeedAcceptanceTests.swift in Sources */,
				937509502BFEABFD00446F3D /* FeedLoaderStub.swift in Sources */,
				9318AF6A2C40AACE00425327 /* FeedUIIntegrationTests.swift in Sources */,
				93D765C12BF95A060013A518 /* XCTestCase+MemoryLeakTracking.swift in Sources */,
			);
			runOnlyForDeploymentPostprocessing = 0;
		};
/* End PBXSourcesBuildPhase section */

/* Begin PBXTargetDependency section */
		9339C66F2BF18C46003E3DCB /* PBXTargetDependency */ = {
			isa = PBXTargetDependency;
			target = 9339C6562BF18C43003E3DCB /* EssentialApp */;
			targetProxy = 9339C66E2BF18C46003E3DCB /* PBXContainerItemProxy */;
		};
/* End PBXTargetDependency section */

/* Begin PBXVariantGroup section */
		9339C6652BF18C46003E3DCB /* LaunchScreen.storyboard */ = {
			isa = PBXVariantGroup;
			children = (
				9339C6662BF18C46003E3DCB /* Base */,
			);
			name = LaunchScreen.storyboard;
			sourceTree = "<group>";
		};
/* End PBXVariantGroup section */

/* Begin XCBuildConfiguration section */
		9339C67F2BF18C46003E3DCB /* Debug */ = {
			isa = XCBuildConfiguration;
			buildSettings = {
				ALWAYS_SEARCH_USER_PATHS = NO;
				ASSETCATALOG_COMPILER_GENERATE_SWIFT_ASSET_SYMBOL_EXTENSIONS = YES;
				CLANG_ANALYZER_NONNULL = YES;
				CLANG_ANALYZER_NUMBER_OBJECT_CONVERSION = YES_AGGRESSIVE;
				CLANG_CXX_LANGUAGE_STANDARD = "gnu++20";
				CLANG_ENABLE_MODULES = YES;
				CLANG_ENABLE_OBJC_ARC = YES;
				CLANG_ENABLE_OBJC_WEAK = YES;
				CLANG_WARN_BLOCK_CAPTURE_AUTORELEASING = YES;
				CLANG_WARN_BOOL_CONVERSION = YES;
				CLANG_WARN_COMMA = YES;
				CLANG_WARN_CONSTANT_CONVERSION = YES;
				CLANG_WARN_DEPRECATED_OBJC_IMPLEMENTATIONS = YES;
				CLANG_WARN_DIRECT_OBJC_ISA_USAGE = YES_ERROR;
				CLANG_WARN_DOCUMENTATION_COMMENTS = YES;
				CLANG_WARN_EMPTY_BODY = YES;
				CLANG_WARN_ENUM_CONVERSION = YES;
				CLANG_WARN_INFINITE_RECURSION = YES;
				CLANG_WARN_INT_CONVERSION = YES;
				CLANG_WARN_NON_LITERAL_NULL_CONVERSION = YES;
				CLANG_WARN_OBJC_IMPLICIT_RETAIN_SELF = YES;
				CLANG_WARN_OBJC_LITERAL_CONVERSION = YES;
				CLANG_WARN_OBJC_ROOT_CLASS = YES_ERROR;
				CLANG_WARN_QUOTED_INCLUDE_IN_FRAMEWORK_HEADER = YES;
				CLANG_WARN_RANGE_LOOP_ANALYSIS = YES;
				CLANG_WARN_STRICT_PROTOTYPES = YES;
				CLANG_WARN_SUSPICIOUS_MOVE = YES;
				CLANG_WARN_UNGUARDED_AVAILABILITY = YES_AGGRESSIVE;
				CLANG_WARN_UNREACHABLE_CODE = YES;
				CLANG_WARN__DUPLICATE_METHOD_MATCH = YES;
				COPY_PHASE_STRIP = NO;
				DEBUG_INFORMATION_FORMAT = dwarf;
				ENABLE_STRICT_OBJC_MSGSEND = YES;
				ENABLE_TESTABILITY = YES;
				ENABLE_USER_SCRIPT_SANDBOXING = YES;
				GCC_C_LANGUAGE_STANDARD = gnu17;
				GCC_DYNAMIC_NO_PIC = NO;
				GCC_NO_COMMON_BLOCKS = YES;
				GCC_OPTIMIZATION_LEVEL = 0;
				GCC_PREPROCESSOR_DEFINITIONS = (
					"DEBUG=1",
					"$(inherited)",
				);
				GCC_WARN_64_TO_32_BIT_CONVERSION = YES;
				GCC_WARN_ABOUT_RETURN_TYPE = YES_ERROR;
				GCC_WARN_UNDECLARED_SELECTOR = YES;
				GCC_WARN_UNINITIALIZED_AUTOS = YES_AGGRESSIVE;
				GCC_WARN_UNUSED_FUNCTION = YES;
				GCC_WARN_UNUSED_VARIABLE = YES;
				IPHONEOS_DEPLOYMENT_TARGET = 17.2;
				LOCALIZATION_PREFERS_STRING_CATALOGS = YES;
				MTL_ENABLE_DEBUG_INFO = INCLUDE_SOURCE;
				MTL_FAST_MATH = YES;
				ONLY_ACTIVE_ARCH = YES;
				SDKROOT = iphoneos;
				SWIFT_ACTIVE_COMPILATION_CONDITIONS = "DEBUG $(inherited)";
				SWIFT_OPTIMIZATION_LEVEL = "-Onone";
			};
			name = Debug;
		};
		9339C6802BF18C46003E3DCB /* Release */ = {
			isa = XCBuildConfiguration;
			buildSettings = {
				ALWAYS_SEARCH_USER_PATHS = NO;
				ASSETCATALOG_COMPILER_GENERATE_SWIFT_ASSET_SYMBOL_EXTENSIONS = YES;
				CLANG_ANALYZER_NONNULL = YES;
				CLANG_ANALYZER_NUMBER_OBJECT_CONVERSION = YES_AGGRESSIVE;
				CLANG_CXX_LANGUAGE_STANDARD = "gnu++20";
				CLANG_ENABLE_MODULES = YES;
				CLANG_ENABLE_OBJC_ARC = YES;
				CLANG_ENABLE_OBJC_WEAK = YES;
				CLANG_WARN_BLOCK_CAPTURE_AUTORELEASING = YES;
				CLANG_WARN_BOOL_CONVERSION = YES;
				CLANG_WARN_COMMA = YES;
				CLANG_WARN_CONSTANT_CONVERSION = YES;
				CLANG_WARN_DEPRECATED_OBJC_IMPLEMENTATIONS = YES;
				CLANG_WARN_DIRECT_OBJC_ISA_USAGE = YES_ERROR;
				CLANG_WARN_DOCUMENTATION_COMMENTS = YES;
				CLANG_WARN_EMPTY_BODY = YES;
				CLANG_WARN_ENUM_CONVERSION = YES;
				CLANG_WARN_INFINITE_RECURSION = YES;
				CLANG_WARN_INT_CONVERSION = YES;
				CLANG_WARN_NON_LITERAL_NULL_CONVERSION = YES;
				CLANG_WARN_OBJC_IMPLICIT_RETAIN_SELF = YES;
				CLANG_WARN_OBJC_LITERAL_CONVERSION = YES;
				CLANG_WARN_OBJC_ROOT_CLASS = YES_ERROR;
				CLANG_WARN_QUOTED_INCLUDE_IN_FRAMEWORK_HEADER = YES;
				CLANG_WARN_RANGE_LOOP_ANALYSIS = YES;
				CLANG_WARN_STRICT_PROTOTYPES = YES;
				CLANG_WARN_SUSPICIOUS_MOVE = YES;
				CLANG_WARN_UNGUARDED_AVAILABILITY = YES_AGGRESSIVE;
				CLANG_WARN_UNREACHABLE_CODE = YES;
				CLANG_WARN__DUPLICATE_METHOD_MATCH = YES;
				COPY_PHASE_STRIP = NO;
				DEBUG_INFORMATION_FORMAT = "dwarf-with-dsym";
				ENABLE_NS_ASSERTIONS = NO;
				ENABLE_STRICT_OBJC_MSGSEND = YES;
				ENABLE_USER_SCRIPT_SANDBOXING = YES;
				GCC_C_LANGUAGE_STANDARD = gnu17;
				GCC_NO_COMMON_BLOCKS = YES;
				GCC_WARN_64_TO_32_BIT_CONVERSION = YES;
				GCC_WARN_ABOUT_RETURN_TYPE = YES_ERROR;
				GCC_WARN_UNDECLARED_SELECTOR = YES;
				GCC_WARN_UNINITIALIZED_AUTOS = YES_AGGRESSIVE;
				GCC_WARN_UNUSED_FUNCTION = YES;
				GCC_WARN_UNUSED_VARIABLE = YES;
				IPHONEOS_DEPLOYMENT_TARGET = 17.2;
				LOCALIZATION_PREFERS_STRING_CATALOGS = YES;
				MTL_ENABLE_DEBUG_INFO = NO;
				MTL_FAST_MATH = YES;
				SDKROOT = iphoneos;
				SWIFT_COMPILATION_MODE = wholemodule;
				VALIDATE_PRODUCT = YES;
			};
			name = Release;
		};
		9339C6822BF18C46003E3DCB /* Debug */ = {
			isa = XCBuildConfiguration;
			buildSettings = {
				ASSETCATALOG_COMPILER_APPICON_NAME = AppIcon;
				ASSETCATALOG_COMPILER_GLOBAL_ACCENT_COLOR_NAME = AccentColor;
				"CODE_SIGN_IDENTITY[sdk=iphoneos*]" = "iPhone Distribution";
				CODE_SIGN_STYLE = Manual;
				CURRENT_PROJECT_VERSION = 1;
				DEVELOPMENT_TEAM = "";
				"DEVELOPMENT_TEAM[sdk=iphoneos*]" = PV8C8697QD;
				GENERATE_INFOPLIST_FILE = NO;
				INFOPLIST_FILE = EssentialApp/Info.plist;
				INFOPLIST_KEY_UIApplicationSupportsIndirectInputEvents = YES;
				INFOPLIST_KEY_UILaunchStoryboardName = LaunchScreen.storyboard;
				INFOPLIST_KEY_UIMainStoryboardFile = "";
				INFOPLIST_KEY_UISupportedInterfaceOrientations = UIInterfaceOrientationPortrait;
				LD_RUNPATH_SEARCH_PATHS = (
					"$(inherited)",
					"@executable_path/Frameworks",
				);
				MARKETING_VERSION = 1.0;
				PRODUCT_BUNDLE_IDENTIFIER = com.iosjess.EssentialApp;
				PRODUCT_NAME = "$(TARGET_NAME)";
				PROVISIONING_PROFILE_SPECIFIER = "";
				"PROVISIONING_PROFILE_SPECIFIER[sdk=iphoneos*]" = EssentialApp_Prod_Profile;
				SUPPORTED_PLATFORMS = "iphoneos iphonesimulator";
				SUPPORTS_MACCATALYST = NO;
				SWIFT_EMIT_LOC_STRINGS = YES;
				SWIFT_VERSION = 5.0;
				TARGETED_DEVICE_FAMILY = 1;
			};
			name = Debug;
		};
		9339C6832BF18C46003E3DCB /* Release */ = {
			isa = XCBuildConfiguration;
			buildSettings = {
				ASSETCATALOG_COMPILER_APPICON_NAME = AppIcon;
				ASSETCATALOG_COMPILER_GLOBAL_ACCENT_COLOR_NAME = AccentColor;
				"CODE_SIGN_IDENTITY[sdk=iphoneos*]" = "iPhone Distribution";
				CODE_SIGN_STYLE = Manual;
				CURRENT_PROJECT_VERSION = 1;
				DEVELOPMENT_TEAM = "";
				"DEVELOPMENT_TEAM[sdk=iphoneos*]" = PV8C8697QD;
				GENERATE_INFOPLIST_FILE = NO;
				INFOPLIST_FILE = EssentialApp/Info.plist;
				INFOPLIST_KEY_UIApplicationSupportsIndirectInputEvents = YES;
				INFOPLIST_KEY_UILaunchStoryboardName = LaunchScreen.storyboard;
				INFOPLIST_KEY_UIMainStoryboardFile = "";
				INFOPLIST_KEY_UISupportedInterfaceOrientations = UIInterfaceOrientationPortrait;
				LD_RUNPATH_SEARCH_PATHS = (
					"$(inherited)",
					"@executable_path/Frameworks",
				);
				MARKETING_VERSION = 1.0;
				PRODUCT_BUNDLE_IDENTIFIER = com.iosjess.EssentialApp;
				PRODUCT_NAME = "$(TARGET_NAME)";
				PROVISIONING_PROFILE_SPECIFIER = "";
				"PROVISIONING_PROFILE_SPECIFIER[sdk=iphoneos*]" = EssentialApp_Prod_Profile;
				SUPPORTED_PLATFORMS = "iphoneos iphonesimulator";
				SUPPORTS_MACCATALYST = NO;
				SWIFT_EMIT_LOC_STRINGS = YES;
				SWIFT_VERSION = 5.0;
				TARGETED_DEVICE_FAMILY = 1;
			};
			name = Release;
		};
		9339C6852BF18C46003E3DCB /* Debug */ = {
			isa = XCBuildConfiguration;
			buildSettings = {
				ALWAYS_EMBED_SWIFT_STANDARD_LIBRARIES = YES;
				BUNDLE_LOADER = "$(TEST_HOST)";
				CLANG_ENABLE_MODULES = YES;
				CODE_SIGN_STYLE = Automatic;
				CURRENT_PROJECT_VERSION = 1;
				DEVELOPMENT_TEAM = PV8C8697QD;
				GENERATE_INFOPLIST_FILE = YES;
				IPHONEOS_DEPLOYMENT_TARGET = 17.2;
				MARKETING_VERSION = 1.0;
				PRODUCT_BUNDLE_IDENTIFIER = com.iosjess.EssentialAppTests;
				PRODUCT_NAME = "$(TARGET_NAME)";
				SWIFT_EMIT_LOC_STRINGS = NO;
				SWIFT_OPTIMIZATION_LEVEL = "-Onone";
				SWIFT_VERSION = 5.0;
				TARGETED_DEVICE_FAMILY = "1,2";
				TEST_HOST = "$(BUILT_PRODUCTS_DIR)/EssentialApp.app/$(BUNDLE_EXECUTABLE_FOLDER_PATH)/EssentialApp";
			};
			name = Debug;
		};
		9339C6862BF18C46003E3DCB /* Release */ = {
			isa = XCBuildConfiguration;
			buildSettings = {
				ALWAYS_EMBED_SWIFT_STANDARD_LIBRARIES = YES;
				BUNDLE_LOADER = "$(TEST_HOST)";
				CLANG_ENABLE_MODULES = YES;
				CODE_SIGN_STYLE = Automatic;
				CURRENT_PROJECT_VERSION = 1;
				DEVELOPMENT_TEAM = PV8C8697QD;
				GENERATE_INFOPLIST_FILE = YES;
				IPHONEOS_DEPLOYMENT_TARGET = 17.2;
				MARKETING_VERSION = 1.0;
				PRODUCT_BUNDLE_IDENTIFIER = com.iosjess.EssentialAppTests;
				PRODUCT_NAME = "$(TARGET_NAME)";
				SWIFT_EMIT_LOC_STRINGS = NO;
				SWIFT_VERSION = 5.0;
				TARGETED_DEVICE_FAMILY = "1,2";
				TEST_HOST = "$(BUILT_PRODUCTS_DIR)/EssentialApp.app/$(BUNDLE_EXECUTABLE_FOLDER_PATH)/EssentialApp";
			};
			name = Release;
		};
/* End XCBuildConfiguration section */

/* Begin XCConfigurationList section */
		9339C6522BF18C43003E3DCB /* Build configuration list for PBXProject "EssentialApp" */ = {
			isa = XCConfigurationList;
			buildConfigurations = (
				9339C67F2BF18C46003E3DCB /* Debug */,
				9339C6802BF18C46003E3DCB /* Release */,
			);
			defaultConfigurationIsVisible = 0;
			defaultConfigurationName = Release;
		};
		9339C6812BF18C46003E3DCB /* Build configuration list for PBXNativeTarget "EssentialApp" */ = {
			isa = XCConfigurationList;
			buildConfigurations = (
				9339C6822BF18C46003E3DCB /* Debug */,
				9339C6832BF18C46003E3DCB /* Release */,
			);
			defaultConfigurationIsVisible = 0;
			defaultConfigurationName = Release;
		};
		9339C6842BF18C46003E3DCB /* Build configuration list for PBXNativeTarget "EssentialAppTests" */ = {
			isa = XCConfigurationList;
			buildConfigurations = (
				9339C6852BF18C46003E3DCB /* Debug */,
				9339C6862BF18C46003E3DCB /* Release */,
			);
			defaultConfigurationIsVisible = 0;
			defaultConfigurationName = Release;
		};
/* End XCConfigurationList section */
	};
	rootObject = 9339C64F2BF18C43003E3DCB /* Project object */;
}
